
Microsoft Visual Studio Solution File, Format Version 12.00
# Visual Studio 15
VisualStudioVersion = 15.0.27130.2027
MinimumVisualStudioVersion = 10.0.40219.1
Project("{D954291E-2A0B-460D-934E-DC6B0785DB48}") = "Auth0.OidcClient.Shared", "src\Auth0.OidcClient.Shared\Auth0.OidcClient.Shared.shproj", "{5D8121D2-4ED5-41B9-8B89-8A5CA8E851BA}"
EndProject
Project("{2150E333-8FDC-42A3-9474-1A3956D46DE8}") = "test", "test", "{F4F201D8-5C51-4060-8D16-D4515DB497F8}"
EndProject
Project("{FAE04EC0-301F-11D3-BF4B-00C04F79EFBC}") = "Auth0.OidcClient.UWP", "src\Auth0.OidcClient.UWP\Auth0.OidcClient.UWP.csproj", "{5FFFF5D6-D6DF-4351-B58D-3311BD0671F7}"
EndProject
Project("{FAE04EC0-301F-11D3-BF4B-00C04F79EFBC}") = "Auth0.OidcClient.WinForms", "src\Auth0.OidcClient.WinForms\Auth0.OidcClient.WinForms.csproj", "{34085D04-7E7B-4A5E-8377-D3995983919E}"
EndProject
Project("{2150E333-8FDC-42A3-9474-1A3956D46DE8}") = "nuget", "nuget", "{3D6D8AA1-DD3D-4B0D-AEDF-A588704AFE09}"
	ProjectSection(SolutionItems) = preProject
		nuget\Auth0.OidcClient.Android.nuspec = nuget\Auth0.OidcClient.Android.nuspec
		nuget\Auth0.OidcClient.Core.nuspec = nuget\Auth0.OidcClient.Core.nuspec
		nuget\Auth0.OidcClient.iOS.nuspec = nuget\Auth0.OidcClient.iOS.nuspec
		nuget\Auth0.OidcClient.UWP.nuspec = nuget\Auth0.OidcClient.UWP.nuspec
		nuget\Auth0.OidcClient.WinForms.nuspec = nuget\Auth0.OidcClient.WinForms.nuspec
		nuget\Auth0.OidcClient.WPF.nuspec = nuget\Auth0.OidcClient.WPF.nuspec
		nuget\uwp-readme.txt = nuget\uwp-readme.txt
	EndProjectSection
EndProject
Project("{FAE04EC0-301F-11D3-BF4B-00C04F79EFBC}") = "Auth0.OidcClient.WPF", "src\Auth0.OidcClient.WPF\Auth0.OidcClient.WPF.csproj", "{F5F9BBD8-0BC0-415C-9DF1-D830699B00C4}"
EndProject
Project("{FAE04EC0-301F-11D3-BF4B-00C04F79EFBC}") = "UwpTestApp", "test\UwpTestApp\UwpTestApp.csproj", "{E5110B30-EEBA-4514-9E55-EB0C2F00BA12}"
EndProject
Project("{FAE04EC0-301F-11D3-BF4B-00C04F79EFBC}") = "WindowsFormsTestApp", "test\WindowsFormsTestApp\WindowsFormsTestApp.csproj", "{A800695B-C5D8-4331-A80F-CE1CE8D842B3}"
EndProject
Project("{FAE04EC0-301F-11D3-BF4B-00C04F79EFBC}") = "WpfTestApp", "test\WpfTestApp\WpfTestApp.csproj", "{004EB46A-7001-4158-BEA4-40C21F863BBF}"
EndProject
Project("{FAE04EC0-301F-11D3-BF4B-00C04F79EFBC}") = "WpfSystemBrowserTestApp", "test\WpfSystemBrowserTestApp\WpfSystemBrowserTestApp.csproj", "{FAA15C74-E2EC-44C9-9CD9-C5204D84FCC5}"
EndProject
Project("{FAE04EC0-301F-11D3-BF4B-00C04F79EFBC}") = "Auth0.OidcClient.Android", "src\Auth0.OidcClient.Android\Auth0.OidcClient.Android.csproj", "{A18A146B-FB5A-4AB8-8F1C-501E58AA7D4D}"
EndProject
Project("{FAE04EC0-301F-11D3-BF4B-00C04F79EFBC}") = "Auth0.OidcClient.Xamarin.iOS", "src\Auth0.OidcClient.Xamarin.iOS\Auth0.OidcClient.Xamarin.iOS.csproj", "{D6CD228A-D8FA-4250-B770-CCC9CCD5698B}"
EndProject
Project("{FAE04EC0-301F-11D3-BF4B-00C04F79EFBC}") = "XamarinAndroidTestApp", "test\XamarinAndroidTestApp\XamarinAndroidTestApp.csproj", "{59F6811C-4F4F-4EFD-B46D-F1434830200C}"
EndProject
Project("{FAE04EC0-301F-11D3-BF4B-00C04F79EFBC}") = "XamariniOSTestApp", "test\XamariniOSTestApp\XamariniOSTestApp.csproj", "{A47E458A-DF25-4FAC-9B80-5AA2B1870F22}"
EndProject
Project("{9A19103F-16F7-4668-BE54-9A1E7A4F7556}") = "Auth0.OidcClient.Core", "src\Auth0.OidcClient.Core\Auth0.OidcClient.Core.csproj", "{1F79DB59-F3A8-45B7-972B-ECD15259D1C9}"
EndProject
Global
	GlobalSection(SharedMSBuildProjectFiles) = preSolution
		src\Auth0.OidcClient.Shared\Auth0.OidcClient.Shared.projitems*{34085d04-7e7b-4a5e-8377-d3995983919e}*SharedItemsImports = 4
		src\Auth0.OidcClient.Shared\Auth0.OidcClient.Shared.projitems*{5d8121d2-4ed5-41b9-8b89-8a5ca8e851ba}*SharedItemsImports = 13
		src\Auth0.OidcClient.Shared\Auth0.OidcClient.Shared.projitems*{5ffff5d6-d6df-4351-b58d-3311bd0671f7}*SharedItemsImports = 4
		src\Auth0.OidcClient.Shared\Auth0.OidcClient.Shared.projitems*{a18a146b-fb5a-4ab8-8f1c-501e58aa7d4d}*SharedItemsImports = 4
		src\Auth0.OidcClient.Shared\Auth0.OidcClient.Shared.projitems*{d6cd228a-d8fa-4250-b770-ccc9ccd5698b}*SharedItemsImports = 4
		src\Auth0.OidcClient.Shared\Auth0.OidcClient.Shared.projitems*{f5f9bbd8-0bc0-415c-9df1-d830699b00c4}*SharedItemsImports = 4
	EndGlobalSection
	GlobalSection(SolutionConfigurationPlatforms) = preSolution
		Ad-Hoc|Any CPU = Ad-Hoc|Any CPU
		Ad-Hoc|ARM = Ad-Hoc|ARM
		Ad-Hoc|iPhone = Ad-Hoc|iPhone
		Ad-Hoc|iPhoneSimulator = Ad-Hoc|iPhoneSimulator
		Ad-Hoc|x64 = Ad-Hoc|x64
		Ad-Hoc|x86 = Ad-Hoc|x86
		AppStore|Any CPU = AppStore|Any CPU
		AppStore|ARM = AppStore|ARM
		AppStore|iPhone = AppStore|iPhone
		AppStore|iPhoneSimulator = AppStore|iPhoneSimulator
		AppStore|x64 = AppStore|x64
		AppStore|x86 = AppStore|x86
		Debug|Any CPU = Debug|Any CPU
		Debug|ARM = Debug|ARM
		Debug|iPhone = Debug|iPhone
		Debug|iPhoneSimulator = Debug|iPhoneSimulator
		Debug|x64 = Debug|x64
		Debug|x86 = Debug|x86
		Release|Any CPU = Release|Any CPU
		Release|ARM = Release|ARM
		Release|iPhone = Release|iPhone
		Release|iPhoneSimulator = Release|iPhoneSimulator
		Release|x64 = Release|x64
		Release|x86 = Release|x86
	EndGlobalSection
	GlobalSection(ProjectConfigurationPlatforms) = postSolution
		{5FFFF5D6-D6DF-4351-B58D-3311BD0671F7}.Ad-Hoc|Any CPU.ActiveCfg = Release|Any CPU
		{5FFFF5D6-D6DF-4351-B58D-3311BD0671F7}.Ad-Hoc|Any CPU.Build.0 = Release|Any CPU
		{5FFFF5D6-D6DF-4351-B58D-3311BD0671F7}.Ad-Hoc|ARM.ActiveCfg = Release|ARM
		{5FFFF5D6-D6DF-4351-B58D-3311BD0671F7}.Ad-Hoc|ARM.Build.0 = Release|ARM
		{5FFFF5D6-D6DF-4351-B58D-3311BD0671F7}.Ad-Hoc|iPhone.ActiveCfg = Release|Any CPU
		{5FFFF5D6-D6DF-4351-B58D-3311BD0671F7}.Ad-Hoc|iPhone.Build.0 = Release|Any CPU
		{5FFFF5D6-D6DF-4351-B58D-3311BD0671F7}.Ad-Hoc|iPhoneSimulator.ActiveCfg = Release|Any CPU
		{5FFFF5D6-D6DF-4351-B58D-3311BD0671F7}.Ad-Hoc|iPhoneSimulator.Build.0 = Release|Any CPU
		{5FFFF5D6-D6DF-4351-B58D-3311BD0671F7}.Ad-Hoc|x64.ActiveCfg = Release|x64
		{5FFFF5D6-D6DF-4351-B58D-3311BD0671F7}.Ad-Hoc|x64.Build.0 = Release|x64
		{5FFFF5D6-D6DF-4351-B58D-3311BD0671F7}.Ad-Hoc|x86.ActiveCfg = Release|x86
		{5FFFF5D6-D6DF-4351-B58D-3311BD0671F7}.Ad-Hoc|x86.Build.0 = Release|x86
		{5FFFF5D6-D6DF-4351-B58D-3311BD0671F7}.AppStore|Any CPU.ActiveCfg = Release|Any CPU
		{5FFFF5D6-D6DF-4351-B58D-3311BD0671F7}.AppStore|Any CPU.Build.0 = Release|Any CPU
		{5FFFF5D6-D6DF-4351-B58D-3311BD0671F7}.AppStore|ARM.ActiveCfg = Release|ARM
		{5FFFF5D6-D6DF-4351-B58D-3311BD0671F7}.AppStore|ARM.Build.0 = Release|ARM
		{5FFFF5D6-D6DF-4351-B58D-3311BD0671F7}.AppStore|iPhone.ActiveCfg = Release|Any CPU
		{5FFFF5D6-D6DF-4351-B58D-3311BD0671F7}.AppStore|iPhone.Build.0 = Release|Any CPU
		{5FFFF5D6-D6DF-4351-B58D-3311BD0671F7}.AppStore|iPhoneSimulator.ActiveCfg = Release|Any CPU
		{5FFFF5D6-D6DF-4351-B58D-3311BD0671F7}.AppStore|iPhoneSimulator.Build.0 = Release|Any CPU
		{5FFFF5D6-D6DF-4351-B58D-3311BD0671F7}.AppStore|x64.ActiveCfg = Release|x64
		{5FFFF5D6-D6DF-4351-B58D-3311BD0671F7}.AppStore|x64.Build.0 = Release|x64
		{5FFFF5D6-D6DF-4351-B58D-3311BD0671F7}.AppStore|x86.ActiveCfg = Release|x86
		{5FFFF5D6-D6DF-4351-B58D-3311BD0671F7}.AppStore|x86.Build.0 = Release|x86
		{5FFFF5D6-D6DF-4351-B58D-3311BD0671F7}.Debug|Any CPU.ActiveCfg = Debug|Any CPU
		{5FFFF5D6-D6DF-4351-B58D-3311BD0671F7}.Debug|Any CPU.Build.0 = Debug|Any CPU
		{5FFFF5D6-D6DF-4351-B58D-3311BD0671F7}.Debug|ARM.ActiveCfg = Debug|ARM
		{5FFFF5D6-D6DF-4351-B58D-3311BD0671F7}.Debug|ARM.Build.0 = Debug|ARM
		{5FFFF5D6-D6DF-4351-B58D-3311BD0671F7}.Debug|iPhone.ActiveCfg = Debug|Any CPU
		{5FFFF5D6-D6DF-4351-B58D-3311BD0671F7}.Debug|iPhone.Build.0 = Debug|Any CPU
		{5FFFF5D6-D6DF-4351-B58D-3311BD0671F7}.Debug|iPhoneSimulator.ActiveCfg = Debug|Any CPU
		{5FFFF5D6-D6DF-4351-B58D-3311BD0671F7}.Debug|iPhoneSimulator.Build.0 = Debug|Any CPU
		{5FFFF5D6-D6DF-4351-B58D-3311BD0671F7}.Debug|x64.ActiveCfg = Debug|x64
		{5FFFF5D6-D6DF-4351-B58D-3311BD0671F7}.Debug|x64.Build.0 = Debug|x64
		{5FFFF5D6-D6DF-4351-B58D-3311BD0671F7}.Debug|x86.ActiveCfg = Debug|x86
		{5FFFF5D6-D6DF-4351-B58D-3311BD0671F7}.Debug|x86.Build.0 = Debug|x86
		{5FFFF5D6-D6DF-4351-B58D-3311BD0671F7}.Release|Any CPU.ActiveCfg = Release|Any CPU
		{5FFFF5D6-D6DF-4351-B58D-3311BD0671F7}.Release|Any CPU.Build.0 = Release|Any CPU
		{5FFFF5D6-D6DF-4351-B58D-3311BD0671F7}.Release|ARM.ActiveCfg = Release|ARM
		{5FFFF5D6-D6DF-4351-B58D-3311BD0671F7}.Release|ARM.Build.0 = Release|ARM
		{5FFFF5D6-D6DF-4351-B58D-3311BD0671F7}.Release|iPhone.ActiveCfg = Release|Any CPU
		{5FFFF5D6-D6DF-4351-B58D-3311BD0671F7}.Release|iPhone.Build.0 = Release|Any CPU
		{5FFFF5D6-D6DF-4351-B58D-3311BD0671F7}.Release|iPhoneSimulator.ActiveCfg = Release|Any CPU
		{5FFFF5D6-D6DF-4351-B58D-3311BD0671F7}.Release|iPhoneSimulator.Build.0 = Release|Any CPU
		{5FFFF5D6-D6DF-4351-B58D-3311BD0671F7}.Release|x64.ActiveCfg = Release|x64
		{5FFFF5D6-D6DF-4351-B58D-3311BD0671F7}.Release|x64.Build.0 = Release|x64
		{5FFFF5D6-D6DF-4351-B58D-3311BD0671F7}.Release|x86.ActiveCfg = Release|Any CPU
		{5FFFF5D6-D6DF-4351-B58D-3311BD0671F7}.Release|x86.Build.0 = Release|Any CPU
		{34085D04-7E7B-4A5E-8377-D3995983919E}.Ad-Hoc|Any CPU.ActiveCfg = Release|Any CPU
		{34085D04-7E7B-4A5E-8377-D3995983919E}.Ad-Hoc|Any CPU.Build.0 = Release|Any CPU
		{34085D04-7E7B-4A5E-8377-D3995983919E}.Ad-Hoc|ARM.ActiveCfg = Release|Any CPU
		{34085D04-7E7B-4A5E-8377-D3995983919E}.Ad-Hoc|ARM.Build.0 = Release|Any CPU
		{34085D04-7E7B-4A5E-8377-D3995983919E}.Ad-Hoc|iPhone.ActiveCfg = Release|Any CPU
		{34085D04-7E7B-4A5E-8377-D3995983919E}.Ad-Hoc|iPhone.Build.0 = Release|Any CPU
		{34085D04-7E7B-4A5E-8377-D3995983919E}.Ad-Hoc|iPhoneSimulator.ActiveCfg = Release|Any CPU
		{34085D04-7E7B-4A5E-8377-D3995983919E}.Ad-Hoc|iPhoneSimulator.Build.0 = Release|Any CPU
		{34085D04-7E7B-4A5E-8377-D3995983919E}.Ad-Hoc|x64.ActiveCfg = Release|Any CPU
		{34085D04-7E7B-4A5E-8377-D3995983919E}.Ad-Hoc|x64.Build.0 = Release|Any CPU
		{34085D04-7E7B-4A5E-8377-D3995983919E}.Ad-Hoc|x86.ActiveCfg = Release|Any CPU
		{34085D04-7E7B-4A5E-8377-D3995983919E}.Ad-Hoc|x86.Build.0 = Release|Any CPU
		{34085D04-7E7B-4A5E-8377-D3995983919E}.AppStore|Any CPU.ActiveCfg = Release|Any CPU
		{34085D04-7E7B-4A5E-8377-D3995983919E}.AppStore|Any CPU.Build.0 = Release|Any CPU
		{34085D04-7E7B-4A5E-8377-D3995983919E}.AppStore|ARM.ActiveCfg = Release|Any CPU
		{34085D04-7E7B-4A5E-8377-D3995983919E}.AppStore|ARM.Build.0 = Release|Any CPU
		{34085D04-7E7B-4A5E-8377-D3995983919E}.AppStore|iPhone.ActiveCfg = Release|Any CPU
		{34085D04-7E7B-4A5E-8377-D3995983919E}.AppStore|iPhone.Build.0 = Release|Any CPU
		{34085D04-7E7B-4A5E-8377-D3995983919E}.AppStore|iPhoneSimulator.ActiveCfg = Release|Any CPU
		{34085D04-7E7B-4A5E-8377-D3995983919E}.AppStore|iPhoneSimulator.Build.0 = Release|Any CPU
		{34085D04-7E7B-4A5E-8377-D3995983919E}.AppStore|x64.ActiveCfg = Release|Any CPU
		{34085D04-7E7B-4A5E-8377-D3995983919E}.AppStore|x64.Build.0 = Release|Any CPU
		{34085D04-7E7B-4A5E-8377-D3995983919E}.AppStore|x86.ActiveCfg = Release|Any CPU
		{34085D04-7E7B-4A5E-8377-D3995983919E}.AppStore|x86.Build.0 = Release|Any CPU
		{34085D04-7E7B-4A5E-8377-D3995983919E}.Debug|Any CPU.ActiveCfg = Debug|Any CPU
		{34085D04-7E7B-4A5E-8377-D3995983919E}.Debug|Any CPU.Build.0 = Debug|Any CPU
		{34085D04-7E7B-4A5E-8377-D3995983919E}.Debug|ARM.ActiveCfg = Debug|Any CPU
		{34085D04-7E7B-4A5E-8377-D3995983919E}.Debug|ARM.Build.0 = Debug|Any CPU
		{34085D04-7E7B-4A5E-8377-D3995983919E}.Debug|iPhone.ActiveCfg = Debug|Any CPU
		{34085D04-7E7B-4A5E-8377-D3995983919E}.Debug|iPhone.Build.0 = Debug|Any CPU
		{34085D04-7E7B-4A5E-8377-D3995983919E}.Debug|iPhoneSimulator.ActiveCfg = Debug|Any CPU
		{34085D04-7E7B-4A5E-8377-D3995983919E}.Debug|iPhoneSimulator.Build.0 = Debug|Any CPU
		{34085D04-7E7B-4A5E-8377-D3995983919E}.Debug|x64.ActiveCfg = Debug|Any CPU
		{34085D04-7E7B-4A5E-8377-D3995983919E}.Debug|x64.Build.0 = Debug|Any CPU
		{34085D04-7E7B-4A5E-8377-D3995983919E}.Debug|x86.ActiveCfg = Debug|Any CPU
		{34085D04-7E7B-4A5E-8377-D3995983919E}.Debug|x86.Build.0 = Debug|Any CPU
		{34085D04-7E7B-4A5E-8377-D3995983919E}.Release|Any CPU.ActiveCfg = Release|Any CPU
		{34085D04-7E7B-4A5E-8377-D3995983919E}.Release|Any CPU.Build.0 = Release|Any CPU
		{34085D04-7E7B-4A5E-8377-D3995983919E}.Release|ARM.ActiveCfg = Release|Any CPU
		{34085D04-7E7B-4A5E-8377-D3995983919E}.Release|ARM.Build.0 = Release|Any CPU
		{34085D04-7E7B-4A5E-8377-D3995983919E}.Release|iPhone.ActiveCfg = Release|Any CPU
		{34085D04-7E7B-4A5E-8377-D3995983919E}.Release|iPhone.Build.0 = Release|Any CPU
		{34085D04-7E7B-4A5E-8377-D3995983919E}.Release|iPhoneSimulator.ActiveCfg = Release|Any CPU
		{34085D04-7E7B-4A5E-8377-D3995983919E}.Release|iPhoneSimulator.Build.0 = Release|Any CPU
		{34085D04-7E7B-4A5E-8377-D3995983919E}.Release|x64.ActiveCfg = Release|Any CPU
		{34085D04-7E7B-4A5E-8377-D3995983919E}.Release|x64.Build.0 = Release|Any CPU
		{34085D04-7E7B-4A5E-8377-D3995983919E}.Release|x86.ActiveCfg = Release|Any CPU
		{34085D04-7E7B-4A5E-8377-D3995983919E}.Release|x86.Build.0 = Release|Any CPU
		{F5F9BBD8-0BC0-415C-9DF1-D830699B00C4}.Ad-Hoc|Any CPU.ActiveCfg = Release|Any CPU
		{F5F9BBD8-0BC0-415C-9DF1-D830699B00C4}.Ad-Hoc|Any CPU.Build.0 = Release|Any CPU
		{F5F9BBD8-0BC0-415C-9DF1-D830699B00C4}.Ad-Hoc|ARM.ActiveCfg = Release|Any CPU
		{F5F9BBD8-0BC0-415C-9DF1-D830699B00C4}.Ad-Hoc|ARM.Build.0 = Release|Any CPU
		{F5F9BBD8-0BC0-415C-9DF1-D830699B00C4}.Ad-Hoc|iPhone.ActiveCfg = Release|Any CPU
		{F5F9BBD8-0BC0-415C-9DF1-D830699B00C4}.Ad-Hoc|iPhone.Build.0 = Release|Any CPU
		{F5F9BBD8-0BC0-415C-9DF1-D830699B00C4}.Ad-Hoc|iPhoneSimulator.ActiveCfg = Release|Any CPU
		{F5F9BBD8-0BC0-415C-9DF1-D830699B00C4}.Ad-Hoc|iPhoneSimulator.Build.0 = Release|Any CPU
		{F5F9BBD8-0BC0-415C-9DF1-D830699B00C4}.Ad-Hoc|x64.ActiveCfg = Release|Any CPU
		{F5F9BBD8-0BC0-415C-9DF1-D830699B00C4}.Ad-Hoc|x64.Build.0 = Release|Any CPU
		{F5F9BBD8-0BC0-415C-9DF1-D830699B00C4}.Ad-Hoc|x86.ActiveCfg = Release|Any CPU
		{F5F9BBD8-0BC0-415C-9DF1-D830699B00C4}.Ad-Hoc|x86.Build.0 = Release|Any CPU
		{F5F9BBD8-0BC0-415C-9DF1-D830699B00C4}.AppStore|Any CPU.ActiveCfg = Release|Any CPU
		{F5F9BBD8-0BC0-415C-9DF1-D830699B00C4}.AppStore|Any CPU.Build.0 = Release|Any CPU
		{F5F9BBD8-0BC0-415C-9DF1-D830699B00C4}.AppStore|ARM.ActiveCfg = Release|Any CPU
		{F5F9BBD8-0BC0-415C-9DF1-D830699B00C4}.AppStore|ARM.Build.0 = Release|Any CPU
		{F5F9BBD8-0BC0-415C-9DF1-D830699B00C4}.AppStore|iPhone.ActiveCfg = Release|Any CPU
		{F5F9BBD8-0BC0-415C-9DF1-D830699B00C4}.AppStore|iPhone.Build.0 = Release|Any CPU
		{F5F9BBD8-0BC0-415C-9DF1-D830699B00C4}.AppStore|iPhoneSimulator.ActiveCfg = Release|Any CPU
		{F5F9BBD8-0BC0-415C-9DF1-D830699B00C4}.AppStore|iPhoneSimulator.Build.0 = Release|Any CPU
		{F5F9BBD8-0BC0-415C-9DF1-D830699B00C4}.AppStore|x64.ActiveCfg = Release|Any CPU
		{F5F9BBD8-0BC0-415C-9DF1-D830699B00C4}.AppStore|x64.Build.0 = Release|Any CPU
		{F5F9BBD8-0BC0-415C-9DF1-D830699B00C4}.AppStore|x86.ActiveCfg = Release|Any CPU
		{F5F9BBD8-0BC0-415C-9DF1-D830699B00C4}.AppStore|x86.Build.0 = Release|Any CPU
		{F5F9BBD8-0BC0-415C-9DF1-D830699B00C4}.Debug|Any CPU.ActiveCfg = Debug|Any CPU
		{F5F9BBD8-0BC0-415C-9DF1-D830699B00C4}.Debug|Any CPU.Build.0 = Debug|Any CPU
		{F5F9BBD8-0BC0-415C-9DF1-D830699B00C4}.Debug|ARM.ActiveCfg = Debug|Any CPU
		{F5F9BBD8-0BC0-415C-9DF1-D830699B00C4}.Debug|ARM.Build.0 = Debug|Any CPU
		{F5F9BBD8-0BC0-415C-9DF1-D830699B00C4}.Debug|iPhone.ActiveCfg = Debug|Any CPU
		{F5F9BBD8-0BC0-415C-9DF1-D830699B00C4}.Debug|iPhone.Build.0 = Debug|Any CPU
		{F5F9BBD8-0BC0-415C-9DF1-D830699B00C4}.Debug|iPhoneSimulator.ActiveCfg = Debug|Any CPU
		{F5F9BBD8-0BC0-415C-9DF1-D830699B00C4}.Debug|iPhoneSimulator.Build.0 = Debug|Any CPU
		{F5F9BBD8-0BC0-415C-9DF1-D830699B00C4}.Debug|x64.ActiveCfg = Debug|Any CPU
		{F5F9BBD8-0BC0-415C-9DF1-D830699B00C4}.Debug|x64.Build.0 = Debug|Any CPU
		{F5F9BBD8-0BC0-415C-9DF1-D830699B00C4}.Debug|x86.ActiveCfg = Debug|Any CPU
		{F5F9BBD8-0BC0-415C-9DF1-D830699B00C4}.Debug|x86.Build.0 = Debug|Any CPU
		{F5F9BBD8-0BC0-415C-9DF1-D830699B00C4}.Release|Any CPU.ActiveCfg = Release|Any CPU
		{F5F9BBD8-0BC0-415C-9DF1-D830699B00C4}.Release|Any CPU.Build.0 = Release|Any CPU
		{F5F9BBD8-0BC0-415C-9DF1-D830699B00C4}.Release|ARM.ActiveCfg = Release|Any CPU
		{F5F9BBD8-0BC0-415C-9DF1-D830699B00C4}.Release|ARM.Build.0 = Release|Any CPU
		{F5F9BBD8-0BC0-415C-9DF1-D830699B00C4}.Release|iPhone.ActiveCfg = Release|Any CPU
		{F5F9BBD8-0BC0-415C-9DF1-D830699B00C4}.Release|iPhone.Build.0 = Release|Any CPU
		{F5F9BBD8-0BC0-415C-9DF1-D830699B00C4}.Release|iPhoneSimulator.ActiveCfg = Release|Any CPU
		{F5F9BBD8-0BC0-415C-9DF1-D830699B00C4}.Release|iPhoneSimulator.Build.0 = Release|Any CPU
		{F5F9BBD8-0BC0-415C-9DF1-D830699B00C4}.Release|x64.ActiveCfg = Release|Any CPU
		{F5F9BBD8-0BC0-415C-9DF1-D830699B00C4}.Release|x64.Build.0 = Release|Any CPU
		{F5F9BBD8-0BC0-415C-9DF1-D830699B00C4}.Release|x86.ActiveCfg = Release|Any CPU
		{F5F9BBD8-0BC0-415C-9DF1-D830699B00C4}.Release|x86.Build.0 = Release|Any CPU
		{E5110B30-EEBA-4514-9E55-EB0C2F00BA12}.Ad-Hoc|Any CPU.ActiveCfg = Release|x64
		{E5110B30-EEBA-4514-9E55-EB0C2F00BA12}.Ad-Hoc|Any CPU.Build.0 = Release|x64
		{E5110B30-EEBA-4514-9E55-EB0C2F00BA12}.Ad-Hoc|Any CPU.Deploy.0 = Release|x64
		{E5110B30-EEBA-4514-9E55-EB0C2F00BA12}.Ad-Hoc|ARM.ActiveCfg = Release|ARM
		{E5110B30-EEBA-4514-9E55-EB0C2F00BA12}.Ad-Hoc|ARM.Build.0 = Release|ARM
		{E5110B30-EEBA-4514-9E55-EB0C2F00BA12}.Ad-Hoc|ARM.Deploy.0 = Release|ARM
		{E5110B30-EEBA-4514-9E55-EB0C2F00BA12}.Ad-Hoc|iPhone.ActiveCfg = Release|x64
		{E5110B30-EEBA-4514-9E55-EB0C2F00BA12}.Ad-Hoc|iPhone.Build.0 = Release|x64
		{E5110B30-EEBA-4514-9E55-EB0C2F00BA12}.Ad-Hoc|iPhone.Deploy.0 = Release|x64
		{E5110B30-EEBA-4514-9E55-EB0C2F00BA12}.Ad-Hoc|iPhoneSimulator.ActiveCfg = Release|x64
		{E5110B30-EEBA-4514-9E55-EB0C2F00BA12}.Ad-Hoc|iPhoneSimulator.Build.0 = Release|x64
		{E5110B30-EEBA-4514-9E55-EB0C2F00BA12}.Ad-Hoc|iPhoneSimulator.Deploy.0 = Release|x64
		{E5110B30-EEBA-4514-9E55-EB0C2F00BA12}.Ad-Hoc|x64.ActiveCfg = Release|x64
		{E5110B30-EEBA-4514-9E55-EB0C2F00BA12}.Ad-Hoc|x64.Build.0 = Release|x64
		{E5110B30-EEBA-4514-9E55-EB0C2F00BA12}.Ad-Hoc|x64.Deploy.0 = Release|x64
		{E5110B30-EEBA-4514-9E55-EB0C2F00BA12}.Ad-Hoc|x86.ActiveCfg = Release|x86
		{E5110B30-EEBA-4514-9E55-EB0C2F00BA12}.Ad-Hoc|x86.Build.0 = Release|x86
		{E5110B30-EEBA-4514-9E55-EB0C2F00BA12}.Ad-Hoc|x86.Deploy.0 = Release|x86
		{E5110B30-EEBA-4514-9E55-EB0C2F00BA12}.AppStore|Any CPU.ActiveCfg = Release|x64
		{E5110B30-EEBA-4514-9E55-EB0C2F00BA12}.AppStore|Any CPU.Build.0 = Release|x64
		{E5110B30-EEBA-4514-9E55-EB0C2F00BA12}.AppStore|Any CPU.Deploy.0 = Release|x64
		{E5110B30-EEBA-4514-9E55-EB0C2F00BA12}.AppStore|ARM.ActiveCfg = Release|ARM
		{E5110B30-EEBA-4514-9E55-EB0C2F00BA12}.AppStore|ARM.Build.0 = Release|ARM
		{E5110B30-EEBA-4514-9E55-EB0C2F00BA12}.AppStore|ARM.Deploy.0 = Release|ARM
		{E5110B30-EEBA-4514-9E55-EB0C2F00BA12}.AppStore|iPhone.ActiveCfg = Release|x64
		{E5110B30-EEBA-4514-9E55-EB0C2F00BA12}.AppStore|iPhone.Build.0 = Release|x64
		{E5110B30-EEBA-4514-9E55-EB0C2F00BA12}.AppStore|iPhone.Deploy.0 = Release|x64
		{E5110B30-EEBA-4514-9E55-EB0C2F00BA12}.AppStore|iPhoneSimulator.ActiveCfg = Release|x64
		{E5110B30-EEBA-4514-9E55-EB0C2F00BA12}.AppStore|iPhoneSimulator.Build.0 = Release|x64
		{E5110B30-EEBA-4514-9E55-EB0C2F00BA12}.AppStore|iPhoneSimulator.Deploy.0 = Release|x64
		{E5110B30-EEBA-4514-9E55-EB0C2F00BA12}.AppStore|x64.ActiveCfg = Release|x64
		{E5110B30-EEBA-4514-9E55-EB0C2F00BA12}.AppStore|x64.Build.0 = Release|x64
		{E5110B30-EEBA-4514-9E55-EB0C2F00BA12}.AppStore|x64.Deploy.0 = Release|x64
		{E5110B30-EEBA-4514-9E55-EB0C2F00BA12}.AppStore|x86.ActiveCfg = Release|x86
		{E5110B30-EEBA-4514-9E55-EB0C2F00BA12}.AppStore|x86.Build.0 = Release|x86
		{E5110B30-EEBA-4514-9E55-EB0C2F00BA12}.AppStore|x86.Deploy.0 = Release|x86
		{E5110B30-EEBA-4514-9E55-EB0C2F00BA12}.Debug|Any CPU.ActiveCfg = Debug|x86
		{E5110B30-EEBA-4514-9E55-EB0C2F00BA12}.Debug|Any CPU.Build.0 = Debug|x86
		{E5110B30-EEBA-4514-9E55-EB0C2F00BA12}.Debug|Any CPU.Deploy.0 = Debug|x86
		{E5110B30-EEBA-4514-9E55-EB0C2F00BA12}.Debug|ARM.ActiveCfg = Debug|ARM
		{E5110B30-EEBA-4514-9E55-EB0C2F00BA12}.Debug|ARM.Build.0 = Debug|ARM
		{E5110B30-EEBA-4514-9E55-EB0C2F00BA12}.Debug|ARM.Deploy.0 = Debug|ARM
		{E5110B30-EEBA-4514-9E55-EB0C2F00BA12}.Debug|iPhone.ActiveCfg = Debug|x86
		{E5110B30-EEBA-4514-9E55-EB0C2F00BA12}.Debug|iPhoneSimulator.ActiveCfg = Debug|x86
		{E5110B30-EEBA-4514-9E55-EB0C2F00BA12}.Debug|x64.ActiveCfg = Debug|x64
		{E5110B30-EEBA-4514-9E55-EB0C2F00BA12}.Debug|x64.Build.0 = Debug|x64
		{E5110B30-EEBA-4514-9E55-EB0C2F00BA12}.Debug|x64.Deploy.0 = Debug|x64
		{E5110B30-EEBA-4514-9E55-EB0C2F00BA12}.Debug|x86.ActiveCfg = Debug|x86
		{E5110B30-EEBA-4514-9E55-EB0C2F00BA12}.Debug|x86.Build.0 = Debug|x86
		{E5110B30-EEBA-4514-9E55-EB0C2F00BA12}.Debug|x86.Deploy.0 = Debug|x86
		{E5110B30-EEBA-4514-9E55-EB0C2F00BA12}.Release|Any CPU.ActiveCfg = Release|x86
		{E5110B30-EEBA-4514-9E55-EB0C2F00BA12}.Release|ARM.ActiveCfg = Release|ARM
		{E5110B30-EEBA-4514-9E55-EB0C2F00BA12}.Release|ARM.Build.0 = Release|ARM
		{E5110B30-EEBA-4514-9E55-EB0C2F00BA12}.Release|ARM.Deploy.0 = Release|ARM
		{E5110B30-EEBA-4514-9E55-EB0C2F00BA12}.Release|iPhone.ActiveCfg = Release|x86
		{E5110B30-EEBA-4514-9E55-EB0C2F00BA12}.Release|iPhoneSimulator.ActiveCfg = Release|x86
		{E5110B30-EEBA-4514-9E55-EB0C2F00BA12}.Release|x64.ActiveCfg = Release|x64
		{E5110B30-EEBA-4514-9E55-EB0C2F00BA12}.Release|x64.Build.0 = Release|x64
		{E5110B30-EEBA-4514-9E55-EB0C2F00BA12}.Release|x64.Deploy.0 = Release|x64
		{E5110B30-EEBA-4514-9E55-EB0C2F00BA12}.Release|x86.ActiveCfg = Release|x86
		{E5110B30-EEBA-4514-9E55-EB0C2F00BA12}.Release|x86.Build.0 = Release|x86
		{A800695B-C5D8-4331-A80F-CE1CE8D842B3}.Ad-Hoc|Any CPU.ActiveCfg = Release|Any CPU
		{A800695B-C5D8-4331-A80F-CE1CE8D842B3}.Ad-Hoc|Any CPU.Build.0 = Release|Any CPU
		{A800695B-C5D8-4331-A80F-CE1CE8D842B3}.Ad-Hoc|ARM.ActiveCfg = Release|Any CPU
		{A800695B-C5D8-4331-A80F-CE1CE8D842B3}.Ad-Hoc|ARM.Build.0 = Release|Any CPU
		{A800695B-C5D8-4331-A80F-CE1CE8D842B3}.Ad-Hoc|iPhone.ActiveCfg = Release|Any CPU
		{A800695B-C5D8-4331-A80F-CE1CE8D842B3}.Ad-Hoc|iPhone.Build.0 = Release|Any CPU
		{A800695B-C5D8-4331-A80F-CE1CE8D842B3}.Ad-Hoc|iPhoneSimulator.ActiveCfg = Release|Any CPU
		{A800695B-C5D8-4331-A80F-CE1CE8D842B3}.Ad-Hoc|iPhoneSimulator.Build.0 = Release|Any CPU
		{A800695B-C5D8-4331-A80F-CE1CE8D842B3}.Ad-Hoc|x64.ActiveCfg = Release|Any CPU
		{A800695B-C5D8-4331-A80F-CE1CE8D842B3}.Ad-Hoc|x64.Build.0 = Release|Any CPU
		{A800695B-C5D8-4331-A80F-CE1CE8D842B3}.Ad-Hoc|x86.ActiveCfg = Release|Any CPU
		{A800695B-C5D8-4331-A80F-CE1CE8D842B3}.Ad-Hoc|x86.Build.0 = Release|Any CPU
		{A800695B-C5D8-4331-A80F-CE1CE8D842B3}.AppStore|Any CPU.ActiveCfg = Release|Any CPU
		{A800695B-C5D8-4331-A80F-CE1CE8D842B3}.AppStore|Any CPU.Build.0 = Release|Any CPU
		{A800695B-C5D8-4331-A80F-CE1CE8D842B3}.AppStore|ARM.ActiveCfg = Release|Any CPU
		{A800695B-C5D8-4331-A80F-CE1CE8D842B3}.AppStore|ARM.Build.0 = Release|Any CPU
		{A800695B-C5D8-4331-A80F-CE1CE8D842B3}.AppStore|iPhone.ActiveCfg = Release|Any CPU
		{A800695B-C5D8-4331-A80F-CE1CE8D842B3}.AppStore|iPhone.Build.0 = Release|Any CPU
		{A800695B-C5D8-4331-A80F-CE1CE8D842B3}.AppStore|iPhoneSimulator.ActiveCfg = Release|Any CPU
		{A800695B-C5D8-4331-A80F-CE1CE8D842B3}.AppStore|iPhoneSimulator.Build.0 = Release|Any CPU
		{A800695B-C5D8-4331-A80F-CE1CE8D842B3}.AppStore|x64.ActiveCfg = Release|Any CPU
		{A800695B-C5D8-4331-A80F-CE1CE8D842B3}.AppStore|x64.Build.0 = Release|Any CPU
		{A800695B-C5D8-4331-A80F-CE1CE8D842B3}.AppStore|x86.ActiveCfg = Release|Any CPU
		{A800695B-C5D8-4331-A80F-CE1CE8D842B3}.AppStore|x86.Build.0 = Release|Any CPU
		{A800695B-C5D8-4331-A80F-CE1CE8D842B3}.Debug|Any CPU.ActiveCfg = Debug|Any CPU
		{A800695B-C5D8-4331-A80F-CE1CE8D842B3}.Debug|Any CPU.Build.0 = Debug|Any CPU
		{A800695B-C5D8-4331-A80F-CE1CE8D842B3}.Debug|ARM.ActiveCfg = Debug|Any CPU
		{A800695B-C5D8-4331-A80F-CE1CE8D842B3}.Debug|ARM.Build.0 = Debug|Any CPU
		{A800695B-C5D8-4331-A80F-CE1CE8D842B3}.Debug|iPhone.ActiveCfg = Debug|Any CPU
		{A800695B-C5D8-4331-A80F-CE1CE8D842B3}.Debug|iPhone.Build.0 = Debug|Any CPU
		{A800695B-C5D8-4331-A80F-CE1CE8D842B3}.Debug|iPhoneSimulator.ActiveCfg = Debug|Any CPU
		{A800695B-C5D8-4331-A80F-CE1CE8D842B3}.Debug|iPhoneSimulator.Build.0 = Debug|Any CPU
		{A800695B-C5D8-4331-A80F-CE1CE8D842B3}.Debug|x64.ActiveCfg = Debug|Any CPU
		{A800695B-C5D8-4331-A80F-CE1CE8D842B3}.Debug|x64.Build.0 = Debug|Any CPU
		{A800695B-C5D8-4331-A80F-CE1CE8D842B3}.Debug|x86.ActiveCfg = Debug|Any CPU
		{A800695B-C5D8-4331-A80F-CE1CE8D842B3}.Debug|x86.Build.0 = Debug|Any CPU
		{A800695B-C5D8-4331-A80F-CE1CE8D842B3}.Release|Any CPU.ActiveCfg = Release|Any CPU
		{A800695B-C5D8-4331-A80F-CE1CE8D842B3}.Release|Any CPU.Build.0 = Release|Any CPU
		{A800695B-C5D8-4331-A80F-CE1CE8D842B3}.Release|ARM.ActiveCfg = Release|Any CPU
		{A800695B-C5D8-4331-A80F-CE1CE8D842B3}.Release|ARM.Build.0 = Release|Any CPU
		{A800695B-C5D8-4331-A80F-CE1CE8D842B3}.Release|iPhone.ActiveCfg = Release|Any CPU
		{A800695B-C5D8-4331-A80F-CE1CE8D842B3}.Release|iPhone.Build.0 = Release|Any CPU
		{A800695B-C5D8-4331-A80F-CE1CE8D842B3}.Release|iPhoneSimulator.ActiveCfg = Release|Any CPU
		{A800695B-C5D8-4331-A80F-CE1CE8D842B3}.Release|iPhoneSimulator.Build.0 = Release|Any CPU
		{A800695B-C5D8-4331-A80F-CE1CE8D842B3}.Release|x64.ActiveCfg = Release|Any CPU
		{A800695B-C5D8-4331-A80F-CE1CE8D842B3}.Release|x64.Build.0 = Release|Any CPU
		{A800695B-C5D8-4331-A80F-CE1CE8D842B3}.Release|x86.ActiveCfg = Release|Any CPU
		{A800695B-C5D8-4331-A80F-CE1CE8D842B3}.Release|x86.Build.0 = Release|Any CPU
		{004EB46A-7001-4158-BEA4-40C21F863BBF}.Ad-Hoc|Any CPU.ActiveCfg = Release|Any CPU
		{004EB46A-7001-4158-BEA4-40C21F863BBF}.Ad-Hoc|Any CPU.Build.0 = Release|Any CPU
		{004EB46A-7001-4158-BEA4-40C21F863BBF}.Ad-Hoc|ARM.ActiveCfg = Release|Any CPU
		{004EB46A-7001-4158-BEA4-40C21F863BBF}.Ad-Hoc|ARM.Build.0 = Release|Any CPU
		{004EB46A-7001-4158-BEA4-40C21F863BBF}.Ad-Hoc|iPhone.ActiveCfg = Release|Any CPU
		{004EB46A-7001-4158-BEA4-40C21F863BBF}.Ad-Hoc|iPhone.Build.0 = Release|Any CPU
		{004EB46A-7001-4158-BEA4-40C21F863BBF}.Ad-Hoc|iPhoneSimulator.ActiveCfg = Release|Any CPU
		{004EB46A-7001-4158-BEA4-40C21F863BBF}.Ad-Hoc|iPhoneSimulator.Build.0 = Release|Any CPU
		{004EB46A-7001-4158-BEA4-40C21F863BBF}.Ad-Hoc|x64.ActiveCfg = Release|Any CPU
		{004EB46A-7001-4158-BEA4-40C21F863BBF}.Ad-Hoc|x64.Build.0 = Release|Any CPU
		{004EB46A-7001-4158-BEA4-40C21F863BBF}.Ad-Hoc|x86.ActiveCfg = Release|Any CPU
		{004EB46A-7001-4158-BEA4-40C21F863BBF}.Ad-Hoc|x86.Build.0 = Release|Any CPU
		{004EB46A-7001-4158-BEA4-40C21F863BBF}.AppStore|Any CPU.ActiveCfg = Release|Any CPU
		{004EB46A-7001-4158-BEA4-40C21F863BBF}.AppStore|Any CPU.Build.0 = Release|Any CPU
		{004EB46A-7001-4158-BEA4-40C21F863BBF}.AppStore|ARM.ActiveCfg = Release|Any CPU
		{004EB46A-7001-4158-BEA4-40C21F863BBF}.AppStore|ARM.Build.0 = Release|Any CPU
		{004EB46A-7001-4158-BEA4-40C21F863BBF}.AppStore|iPhone.ActiveCfg = Release|Any CPU
		{004EB46A-7001-4158-BEA4-40C21F863BBF}.AppStore|iPhone.Build.0 = Release|Any CPU
		{004EB46A-7001-4158-BEA4-40C21F863BBF}.AppStore|iPhoneSimulator.ActiveCfg = Release|Any CPU
		{004EB46A-7001-4158-BEA4-40C21F863BBF}.AppStore|iPhoneSimulator.Build.0 = Release|Any CPU
		{004EB46A-7001-4158-BEA4-40C21F863BBF}.AppStore|x64.ActiveCfg = Release|Any CPU
		{004EB46A-7001-4158-BEA4-40C21F863BBF}.AppStore|x64.Build.0 = Release|Any CPU
		{004EB46A-7001-4158-BEA4-40C21F863BBF}.AppStore|x86.ActiveCfg = Release|Any CPU
		{004EB46A-7001-4158-BEA4-40C21F863BBF}.AppStore|x86.Build.0 = Release|Any CPU
		{004EB46A-7001-4158-BEA4-40C21F863BBF}.Debug|Any CPU.ActiveCfg = Debug|Any CPU
		{004EB46A-7001-4158-BEA4-40C21F863BBF}.Debug|Any CPU.Build.0 = Debug|Any CPU
		{004EB46A-7001-4158-BEA4-40C21F863BBF}.Debug|ARM.ActiveCfg = Debug|Any CPU
		{004EB46A-7001-4158-BEA4-40C21F863BBF}.Debug|ARM.Build.0 = Debug|Any CPU
		{004EB46A-7001-4158-BEA4-40C21F863BBF}.Debug|iPhone.ActiveCfg = Debug|Any CPU
		{004EB46A-7001-4158-BEA4-40C21F863BBF}.Debug|iPhone.Build.0 = Debug|Any CPU
		{004EB46A-7001-4158-BEA4-40C21F863BBF}.Debug|iPhoneSimulator.ActiveCfg = Debug|Any CPU
		{004EB46A-7001-4158-BEA4-40C21F863BBF}.Debug|iPhoneSimulator.Build.0 = Debug|Any CPU
		{004EB46A-7001-4158-BEA4-40C21F863BBF}.Debug|x64.ActiveCfg = Debug|Any CPU
		{004EB46A-7001-4158-BEA4-40C21F863BBF}.Debug|x64.Build.0 = Debug|Any CPU
		{004EB46A-7001-4158-BEA4-40C21F863BBF}.Debug|x86.ActiveCfg = Debug|Any CPU
		{004EB46A-7001-4158-BEA4-40C21F863BBF}.Debug|x86.Build.0 = Debug|Any CPU
		{004EB46A-7001-4158-BEA4-40C21F863BBF}.Release|Any CPU.ActiveCfg = Release|Any CPU
		{004EB46A-7001-4158-BEA4-40C21F863BBF}.Release|Any CPU.Build.0 = Release|Any CPU
		{004EB46A-7001-4158-BEA4-40C21F863BBF}.Release|ARM.ActiveCfg = Release|Any CPU
		{004EB46A-7001-4158-BEA4-40C21F863BBF}.Release|ARM.Build.0 = Release|Any CPU
		{004EB46A-7001-4158-BEA4-40C21F863BBF}.Release|iPhone.ActiveCfg = Release|Any CPU
		{004EB46A-7001-4158-BEA4-40C21F863BBF}.Release|iPhone.Build.0 = Release|Any CPU
		{004EB46A-7001-4158-BEA4-40C21F863BBF}.Release|iPhoneSimulator.ActiveCfg = Release|Any CPU
		{004EB46A-7001-4158-BEA4-40C21F863BBF}.Release|iPhoneSimulator.Build.0 = Release|Any CPU
		{004EB46A-7001-4158-BEA4-40C21F863BBF}.Release|x64.ActiveCfg = Release|Any CPU
		{004EB46A-7001-4158-BEA4-40C21F863BBF}.Release|x64.Build.0 = Release|Any CPU
		{004EB46A-7001-4158-BEA4-40C21F863BBF}.Release|x86.ActiveCfg = Release|Any CPU
		{004EB46A-7001-4158-BEA4-40C21F863BBF}.Release|x86.Build.0 = Release|Any CPU
		{FAA15C74-E2EC-44C9-9CD9-C5204D84FCC5}.Ad-Hoc|Any CPU.ActiveCfg = Release|Any CPU
		{FAA15C74-E2EC-44C9-9CD9-C5204D84FCC5}.Ad-Hoc|Any CPU.Build.0 = Release|Any CPU
		{FAA15C74-E2EC-44C9-9CD9-C5204D84FCC5}.Ad-Hoc|ARM.ActiveCfg = Release|Any CPU
		{FAA15C74-E2EC-44C9-9CD9-C5204D84FCC5}.Ad-Hoc|ARM.Build.0 = Release|Any CPU
		{FAA15C74-E2EC-44C9-9CD9-C5204D84FCC5}.Ad-Hoc|iPhone.ActiveCfg = Release|Any CPU
		{FAA15C74-E2EC-44C9-9CD9-C5204D84FCC5}.Ad-Hoc|iPhone.Build.0 = Release|Any CPU
		{FAA15C74-E2EC-44C9-9CD9-C5204D84FCC5}.Ad-Hoc|iPhoneSimulator.ActiveCfg = Release|Any CPU
		{FAA15C74-E2EC-44C9-9CD9-C5204D84FCC5}.Ad-Hoc|iPhoneSimulator.Build.0 = Release|Any CPU
		{FAA15C74-E2EC-44C9-9CD9-C5204D84FCC5}.Ad-Hoc|x64.ActiveCfg = Release|Any CPU
		{FAA15C74-E2EC-44C9-9CD9-C5204D84FCC5}.Ad-Hoc|x64.Build.0 = Release|Any CPU
		{FAA15C74-E2EC-44C9-9CD9-C5204D84FCC5}.Ad-Hoc|x86.ActiveCfg = Release|Any CPU
		{FAA15C74-E2EC-44C9-9CD9-C5204D84FCC5}.Ad-Hoc|x86.Build.0 = Release|Any CPU
		{FAA15C74-E2EC-44C9-9CD9-C5204D84FCC5}.AppStore|Any CPU.ActiveCfg = Release|Any CPU
		{FAA15C74-E2EC-44C9-9CD9-C5204D84FCC5}.AppStore|Any CPU.Build.0 = Release|Any CPU
		{FAA15C74-E2EC-44C9-9CD9-C5204D84FCC5}.AppStore|ARM.ActiveCfg = Release|Any CPU
		{FAA15C74-E2EC-44C9-9CD9-C5204D84FCC5}.AppStore|ARM.Build.0 = Release|Any CPU
		{FAA15C74-E2EC-44C9-9CD9-C5204D84FCC5}.AppStore|iPhone.ActiveCfg = Release|Any CPU
		{FAA15C74-E2EC-44C9-9CD9-C5204D84FCC5}.AppStore|iPhone.Build.0 = Release|Any CPU
		{FAA15C74-E2EC-44C9-9CD9-C5204D84FCC5}.AppStore|iPhoneSimulator.ActiveCfg = Release|Any CPU
		{FAA15C74-E2EC-44C9-9CD9-C5204D84FCC5}.AppStore|iPhoneSimulator.Build.0 = Release|Any CPU
		{FAA15C74-E2EC-44C9-9CD9-C5204D84FCC5}.AppStore|x64.ActiveCfg = Release|Any CPU
		{FAA15C74-E2EC-44C9-9CD9-C5204D84FCC5}.AppStore|x64.Build.0 = Release|Any CPU
		{FAA15C74-E2EC-44C9-9CD9-C5204D84FCC5}.AppStore|x86.ActiveCfg = Release|Any CPU
		{FAA15C74-E2EC-44C9-9CD9-C5204D84FCC5}.AppStore|x86.Build.0 = Release|Any CPU
		{FAA15C74-E2EC-44C9-9CD9-C5204D84FCC5}.Debug|Any CPU.ActiveCfg = Debug|Any CPU
		{FAA15C74-E2EC-44C9-9CD9-C5204D84FCC5}.Debug|Any CPU.Build.0 = Debug|Any CPU
		{FAA15C74-E2EC-44C9-9CD9-C5204D84FCC5}.Debug|ARM.ActiveCfg = Debug|Any CPU
		{FAA15C74-E2EC-44C9-9CD9-C5204D84FCC5}.Debug|ARM.Build.0 = Debug|Any CPU
		{FAA15C74-E2EC-44C9-9CD9-C5204D84FCC5}.Debug|iPhone.ActiveCfg = Debug|Any CPU
		{FAA15C74-E2EC-44C9-9CD9-C5204D84FCC5}.Debug|iPhone.Build.0 = Debug|Any CPU
		{FAA15C74-E2EC-44C9-9CD9-C5204D84FCC5}.Debug|iPhoneSimulator.ActiveCfg = Debug|Any CPU
		{FAA15C74-E2EC-44C9-9CD9-C5204D84FCC5}.Debug|iPhoneSimulator.Build.0 = Debug|Any CPU
		{FAA15C74-E2EC-44C9-9CD9-C5204D84FCC5}.Debug|x64.ActiveCfg = Debug|Any CPU
		{FAA15C74-E2EC-44C9-9CD9-C5204D84FCC5}.Debug|x64.Build.0 = Debug|Any CPU
		{FAA15C74-E2EC-44C9-9CD9-C5204D84FCC5}.Debug|x86.ActiveCfg = Debug|Any CPU
		{FAA15C74-E2EC-44C9-9CD9-C5204D84FCC5}.Debug|x86.Build.0 = Debug|Any CPU
		{FAA15C74-E2EC-44C9-9CD9-C5204D84FCC5}.Release|Any CPU.ActiveCfg = Release|Any CPU
		{FAA15C74-E2EC-44C9-9CD9-C5204D84FCC5}.Release|Any CPU.Build.0 = Release|Any CPU
		{FAA15C74-E2EC-44C9-9CD9-C5204D84FCC5}.Release|ARM.ActiveCfg = Release|Any CPU
		{FAA15C74-E2EC-44C9-9CD9-C5204D84FCC5}.Release|ARM.Build.0 = Release|Any CPU
		{FAA15C74-E2EC-44C9-9CD9-C5204D84FCC5}.Release|iPhone.ActiveCfg = Release|Any CPU
		{FAA15C74-E2EC-44C9-9CD9-C5204D84FCC5}.Release|iPhone.Build.0 = Release|Any CPU
		{FAA15C74-E2EC-44C9-9CD9-C5204D84FCC5}.Release|iPhoneSimulator.ActiveCfg = Release|Any CPU
		{FAA15C74-E2EC-44C9-9CD9-C5204D84FCC5}.Release|iPhoneSimulator.Build.0 = Release|Any CPU
		{FAA15C74-E2EC-44C9-9CD9-C5204D84FCC5}.Release|x64.ActiveCfg = Release|Any CPU
		{FAA15C74-E2EC-44C9-9CD9-C5204D84FCC5}.Release|x64.Build.0 = Release|Any CPU
		{FAA15C74-E2EC-44C9-9CD9-C5204D84FCC5}.Release|x86.ActiveCfg = Release|Any CPU
		{FAA15C74-E2EC-44C9-9CD9-C5204D84FCC5}.Release|x86.Build.0 = Release|Any CPU
		{A18A146B-FB5A-4AB8-8F1C-501E58AA7D4D}.Ad-Hoc|Any CPU.ActiveCfg = Release|Any CPU
		{A18A146B-FB5A-4AB8-8F1C-501E58AA7D4D}.Ad-Hoc|Any CPU.Build.0 = Release|Any CPU
		{A18A146B-FB5A-4AB8-8F1C-501E58AA7D4D}.Ad-Hoc|ARM.ActiveCfg = Release|Any CPU
		{A18A146B-FB5A-4AB8-8F1C-501E58AA7D4D}.Ad-Hoc|ARM.Build.0 = Release|Any CPU
		{A18A146B-FB5A-4AB8-8F1C-501E58AA7D4D}.Ad-Hoc|iPhone.ActiveCfg = Release|Any CPU
		{A18A146B-FB5A-4AB8-8F1C-501E58AA7D4D}.Ad-Hoc|iPhone.Build.0 = Release|Any CPU
		{A18A146B-FB5A-4AB8-8F1C-501E58AA7D4D}.Ad-Hoc|iPhoneSimulator.ActiveCfg = Release|Any CPU
		{A18A146B-FB5A-4AB8-8F1C-501E58AA7D4D}.Ad-Hoc|iPhoneSimulator.Build.0 = Release|Any CPU
		{A18A146B-FB5A-4AB8-8F1C-501E58AA7D4D}.Ad-Hoc|x64.ActiveCfg = Release|Any CPU
		{A18A146B-FB5A-4AB8-8F1C-501E58AA7D4D}.Ad-Hoc|x64.Build.0 = Release|Any CPU
		{A18A146B-FB5A-4AB8-8F1C-501E58AA7D4D}.Ad-Hoc|x86.ActiveCfg = Release|Any CPU
		{A18A146B-FB5A-4AB8-8F1C-501E58AA7D4D}.Ad-Hoc|x86.Build.0 = Release|Any CPU
		{A18A146B-FB5A-4AB8-8F1C-501E58AA7D4D}.AppStore|Any CPU.ActiveCfg = Release|Any CPU
		{A18A146B-FB5A-4AB8-8F1C-501E58AA7D4D}.AppStore|Any CPU.Build.0 = Release|Any CPU
		{A18A146B-FB5A-4AB8-8F1C-501E58AA7D4D}.AppStore|ARM.ActiveCfg = Release|Any CPU
		{A18A146B-FB5A-4AB8-8F1C-501E58AA7D4D}.AppStore|ARM.Build.0 = Release|Any CPU
		{A18A146B-FB5A-4AB8-8F1C-501E58AA7D4D}.AppStore|iPhone.ActiveCfg = Release|Any CPU
		{A18A146B-FB5A-4AB8-8F1C-501E58AA7D4D}.AppStore|iPhone.Build.0 = Release|Any CPU
		{A18A146B-FB5A-4AB8-8F1C-501E58AA7D4D}.AppStore|iPhoneSimulator.ActiveCfg = Release|Any CPU
		{A18A146B-FB5A-4AB8-8F1C-501E58AA7D4D}.AppStore|iPhoneSimulator.Build.0 = Release|Any CPU
		{A18A146B-FB5A-4AB8-8F1C-501E58AA7D4D}.AppStore|x64.ActiveCfg = Release|Any CPU
		{A18A146B-FB5A-4AB8-8F1C-501E58AA7D4D}.AppStore|x64.Build.0 = Release|Any CPU
		{A18A146B-FB5A-4AB8-8F1C-501E58AA7D4D}.AppStore|x86.ActiveCfg = Release|Any CPU
		{A18A146B-FB5A-4AB8-8F1C-501E58AA7D4D}.AppStore|x86.Build.0 = Release|Any CPU
		{A18A146B-FB5A-4AB8-8F1C-501E58AA7D4D}.Debug|Any CPU.ActiveCfg = Debug|Any CPU
		{A18A146B-FB5A-4AB8-8F1C-501E58AA7D4D}.Debug|Any CPU.Build.0 = Debug|Any CPU
		{A18A146B-FB5A-4AB8-8F1C-501E58AA7D4D}.Debug|ARM.ActiveCfg = Debug|Any CPU
		{A18A146B-FB5A-4AB8-8F1C-501E58AA7D4D}.Debug|ARM.Build.0 = Debug|Any CPU
		{A18A146B-FB5A-4AB8-8F1C-501E58AA7D4D}.Debug|iPhone.ActiveCfg = Debug|Any CPU
		{A18A146B-FB5A-4AB8-8F1C-501E58AA7D4D}.Debug|iPhone.Build.0 = Debug|Any CPU
		{A18A146B-FB5A-4AB8-8F1C-501E58AA7D4D}.Debug|iPhoneSimulator.ActiveCfg = Debug|Any CPU
		{A18A146B-FB5A-4AB8-8F1C-501E58AA7D4D}.Debug|iPhoneSimulator.Build.0 = Debug|Any CPU
		{A18A146B-FB5A-4AB8-8F1C-501E58AA7D4D}.Debug|x64.ActiveCfg = Debug|Any CPU
		{A18A146B-FB5A-4AB8-8F1C-501E58AA7D4D}.Debug|x64.Build.0 = Debug|Any CPU
		{A18A146B-FB5A-4AB8-8F1C-501E58AA7D4D}.Debug|x86.ActiveCfg = Debug|Any CPU
		{A18A146B-FB5A-4AB8-8F1C-501E58AA7D4D}.Debug|x86.Build.0 = Debug|Any CPU
		{A18A146B-FB5A-4AB8-8F1C-501E58AA7D4D}.Release|Any CPU.ActiveCfg = Release|Any CPU
		{A18A146B-FB5A-4AB8-8F1C-501E58AA7D4D}.Release|Any CPU.Build.0 = Release|Any CPU
		{A18A146B-FB5A-4AB8-8F1C-501E58AA7D4D}.Release|ARM.ActiveCfg = Release|Any CPU
		{A18A146B-FB5A-4AB8-8F1C-501E58AA7D4D}.Release|ARM.Build.0 = Release|Any CPU
		{A18A146B-FB5A-4AB8-8F1C-501E58AA7D4D}.Release|iPhone.ActiveCfg = Release|Any CPU
		{A18A146B-FB5A-4AB8-8F1C-501E58AA7D4D}.Release|iPhone.Build.0 = Release|Any CPU
		{A18A146B-FB5A-4AB8-8F1C-501E58AA7D4D}.Release|iPhoneSimulator.ActiveCfg = Release|Any CPU
		{A18A146B-FB5A-4AB8-8F1C-501E58AA7D4D}.Release|iPhoneSimulator.Build.0 = Release|Any CPU
		{A18A146B-FB5A-4AB8-8F1C-501E58AA7D4D}.Release|x64.ActiveCfg = Release|Any CPU
		{A18A146B-FB5A-4AB8-8F1C-501E58AA7D4D}.Release|x64.Build.0 = Release|Any CPU
		{A18A146B-FB5A-4AB8-8F1C-501E58AA7D4D}.Release|x86.ActiveCfg = Release|Any CPU
		{A18A146B-FB5A-4AB8-8F1C-501E58AA7D4D}.Release|x86.Build.0 = Release|Any CPU
		{D6CD228A-D8FA-4250-B770-CCC9CCD5698B}.Ad-Hoc|Any CPU.ActiveCfg = Release|Any CPU
		{D6CD228A-D8FA-4250-B770-CCC9CCD5698B}.Ad-Hoc|Any CPU.Build.0 = Release|Any CPU
		{D6CD228A-D8FA-4250-B770-CCC9CCD5698B}.Ad-Hoc|ARM.ActiveCfg = Release|Any CPU
		{D6CD228A-D8FA-4250-B770-CCC9CCD5698B}.Ad-Hoc|ARM.Build.0 = Release|Any CPU
		{D6CD228A-D8FA-4250-B770-CCC9CCD5698B}.Ad-Hoc|iPhone.ActiveCfg = Release|Any CPU
		{D6CD228A-D8FA-4250-B770-CCC9CCD5698B}.Ad-Hoc|iPhone.Build.0 = Release|Any CPU
		{D6CD228A-D8FA-4250-B770-CCC9CCD5698B}.Ad-Hoc|iPhoneSimulator.ActiveCfg = Release|Any CPU
		{D6CD228A-D8FA-4250-B770-CCC9CCD5698B}.Ad-Hoc|iPhoneSimulator.Build.0 = Release|Any CPU
		{D6CD228A-D8FA-4250-B770-CCC9CCD5698B}.Ad-Hoc|x64.ActiveCfg = Release|Any CPU
		{D6CD228A-D8FA-4250-B770-CCC9CCD5698B}.Ad-Hoc|x64.Build.0 = Release|Any CPU
		{D6CD228A-D8FA-4250-B770-CCC9CCD5698B}.Ad-Hoc|x86.ActiveCfg = Release|Any CPU
		{D6CD228A-D8FA-4250-B770-CCC9CCD5698B}.Ad-Hoc|x86.Build.0 = Release|Any CPU
		{D6CD228A-D8FA-4250-B770-CCC9CCD5698B}.AppStore|Any CPU.ActiveCfg = Release|Any CPU
		{D6CD228A-D8FA-4250-B770-CCC9CCD5698B}.AppStore|Any CPU.Build.0 = Release|Any CPU
		{D6CD228A-D8FA-4250-B770-CCC9CCD5698B}.AppStore|ARM.ActiveCfg = Release|Any CPU
		{D6CD228A-D8FA-4250-B770-CCC9CCD5698B}.AppStore|ARM.Build.0 = Release|Any CPU
		{D6CD228A-D8FA-4250-B770-CCC9CCD5698B}.AppStore|iPhone.ActiveCfg = Release|Any CPU
		{D6CD228A-D8FA-4250-B770-CCC9CCD5698B}.AppStore|iPhone.Build.0 = Release|Any CPU
		{D6CD228A-D8FA-4250-B770-CCC9CCD5698B}.AppStore|iPhoneSimulator.ActiveCfg = Release|Any CPU
		{D6CD228A-D8FA-4250-B770-CCC9CCD5698B}.AppStore|iPhoneSimulator.Build.0 = Release|Any CPU
		{D6CD228A-D8FA-4250-B770-CCC9CCD5698B}.AppStore|x64.ActiveCfg = Release|Any CPU
		{D6CD228A-D8FA-4250-B770-CCC9CCD5698B}.AppStore|x64.Build.0 = Release|Any CPU
		{D6CD228A-D8FA-4250-B770-CCC9CCD5698B}.AppStore|x86.ActiveCfg = Release|Any CPU
		{D6CD228A-D8FA-4250-B770-CCC9CCD5698B}.AppStore|x86.Build.0 = Release|Any CPU
		{D6CD228A-D8FA-4250-B770-CCC9CCD5698B}.Debug|Any CPU.ActiveCfg = Debug|Any CPU
		{D6CD228A-D8FA-4250-B770-CCC9CCD5698B}.Debug|Any CPU.Build.0 = Debug|Any CPU
		{D6CD228A-D8FA-4250-B770-CCC9CCD5698B}.Debug|ARM.ActiveCfg = Debug|Any CPU
		{D6CD228A-D8FA-4250-B770-CCC9CCD5698B}.Debug|ARM.Build.0 = Debug|Any CPU
		{D6CD228A-D8FA-4250-B770-CCC9CCD5698B}.Debug|iPhone.ActiveCfg = Debug|Any CPU
		{D6CD228A-D8FA-4250-B770-CCC9CCD5698B}.Debug|iPhone.Build.0 = Debug|Any CPU
		{D6CD228A-D8FA-4250-B770-CCC9CCD5698B}.Debug|iPhoneSimulator.ActiveCfg = Debug|Any CPU
		{D6CD228A-D8FA-4250-B770-CCC9CCD5698B}.Debug|iPhoneSimulator.Build.0 = Debug|Any CPU
		{D6CD228A-D8FA-4250-B770-CCC9CCD5698B}.Debug|x64.ActiveCfg = Debug|Any CPU
		{D6CD228A-D8FA-4250-B770-CCC9CCD5698B}.Debug|x64.Build.0 = Debug|Any CPU
		{D6CD228A-D8FA-4250-B770-CCC9CCD5698B}.Debug|x86.ActiveCfg = Debug|Any CPU
		{D6CD228A-D8FA-4250-B770-CCC9CCD5698B}.Debug|x86.Build.0 = Debug|Any CPU
		{D6CD228A-D8FA-4250-B770-CCC9CCD5698B}.Release|Any CPU.ActiveCfg = Release|Any CPU
		{D6CD228A-D8FA-4250-B770-CCC9CCD5698B}.Release|Any CPU.Build.0 = Release|Any CPU
		{D6CD228A-D8FA-4250-B770-CCC9CCD5698B}.Release|ARM.ActiveCfg = Release|Any CPU
		{D6CD228A-D8FA-4250-B770-CCC9CCD5698B}.Release|ARM.Build.0 = Release|Any CPU
		{D6CD228A-D8FA-4250-B770-CCC9CCD5698B}.Release|iPhone.ActiveCfg = Release|Any CPU
		{D6CD228A-D8FA-4250-B770-CCC9CCD5698B}.Release|iPhone.Build.0 = Release|Any CPU
		{D6CD228A-D8FA-4250-B770-CCC9CCD5698B}.Release|iPhoneSimulator.ActiveCfg = Release|Any CPU
		{D6CD228A-D8FA-4250-B770-CCC9CCD5698B}.Release|iPhoneSimulator.Build.0 = Release|Any CPU
		{D6CD228A-D8FA-4250-B770-CCC9CCD5698B}.Release|x64.ActiveCfg = Release|Any CPU
		{D6CD228A-D8FA-4250-B770-CCC9CCD5698B}.Release|x64.Build.0 = Release|Any CPU
		{D6CD228A-D8FA-4250-B770-CCC9CCD5698B}.Release|x86.ActiveCfg = Release|Any CPU
		{D6CD228A-D8FA-4250-B770-CCC9CCD5698B}.Release|x86.Build.0 = Release|Any CPU
		{59F6811C-4F4F-4EFD-B46D-F1434830200C}.Ad-Hoc|Any CPU.ActiveCfg = Release|Any CPU
		{59F6811C-4F4F-4EFD-B46D-F1434830200C}.Ad-Hoc|Any CPU.Build.0 = Release|Any CPU
		{59F6811C-4F4F-4EFD-B46D-F1434830200C}.Ad-Hoc|Any CPU.Deploy.0 = Release|Any CPU
		{59F6811C-4F4F-4EFD-B46D-F1434830200C}.Ad-Hoc|ARM.ActiveCfg = Release|Any CPU
		{59F6811C-4F4F-4EFD-B46D-F1434830200C}.Ad-Hoc|ARM.Build.0 = Release|Any CPU
		{59F6811C-4F4F-4EFD-B46D-F1434830200C}.Ad-Hoc|ARM.Deploy.0 = Release|Any CPU
		{59F6811C-4F4F-4EFD-B46D-F1434830200C}.Ad-Hoc|iPhone.ActiveCfg = Release|Any CPU
		{59F6811C-4F4F-4EFD-B46D-F1434830200C}.Ad-Hoc|iPhone.Build.0 = Release|Any CPU
		{59F6811C-4F4F-4EFD-B46D-F1434830200C}.Ad-Hoc|iPhone.Deploy.0 = Release|Any CPU
		{59F6811C-4F4F-4EFD-B46D-F1434830200C}.Ad-Hoc|iPhoneSimulator.ActiveCfg = Release|Any CPU
		{59F6811C-4F4F-4EFD-B46D-F1434830200C}.Ad-Hoc|iPhoneSimulator.Build.0 = Release|Any CPU
		{59F6811C-4F4F-4EFD-B46D-F1434830200C}.Ad-Hoc|iPhoneSimulator.Deploy.0 = Release|Any CPU
		{59F6811C-4F4F-4EFD-B46D-F1434830200C}.Ad-Hoc|x64.ActiveCfg = Release|Any CPU
		{59F6811C-4F4F-4EFD-B46D-F1434830200C}.Ad-Hoc|x64.Build.0 = Release|Any CPU
		{59F6811C-4F4F-4EFD-B46D-F1434830200C}.Ad-Hoc|x64.Deploy.0 = Release|Any CPU
		{59F6811C-4F4F-4EFD-B46D-F1434830200C}.Ad-Hoc|x86.ActiveCfg = Release|Any CPU
		{59F6811C-4F4F-4EFD-B46D-F1434830200C}.Ad-Hoc|x86.Build.0 = Release|Any CPU
		{59F6811C-4F4F-4EFD-B46D-F1434830200C}.Ad-Hoc|x86.Deploy.0 = Release|Any CPU
		{59F6811C-4F4F-4EFD-B46D-F1434830200C}.AppStore|Any CPU.ActiveCfg = Release|Any CPU
		{59F6811C-4F4F-4EFD-B46D-F1434830200C}.AppStore|Any CPU.Build.0 = Release|Any CPU
		{59F6811C-4F4F-4EFD-B46D-F1434830200C}.AppStore|Any CPU.Deploy.0 = Release|Any CPU
		{59F6811C-4F4F-4EFD-B46D-F1434830200C}.AppStore|ARM.ActiveCfg = Release|Any CPU
		{59F6811C-4F4F-4EFD-B46D-F1434830200C}.AppStore|ARM.Build.0 = Release|Any CPU
		{59F6811C-4F4F-4EFD-B46D-F1434830200C}.AppStore|ARM.Deploy.0 = Release|Any CPU
		{59F6811C-4F4F-4EFD-B46D-F1434830200C}.AppStore|iPhone.ActiveCfg = Release|Any CPU
		{59F6811C-4F4F-4EFD-B46D-F1434830200C}.AppStore|iPhone.Build.0 = Release|Any CPU
		{59F6811C-4F4F-4EFD-B46D-F1434830200C}.AppStore|iPhone.Deploy.0 = Release|Any CPU
		{59F6811C-4F4F-4EFD-B46D-F1434830200C}.AppStore|iPhoneSimulator.ActiveCfg = Release|Any CPU
		{59F6811C-4F4F-4EFD-B46D-F1434830200C}.AppStore|iPhoneSimulator.Build.0 = Release|Any CPU
		{59F6811C-4F4F-4EFD-B46D-F1434830200C}.AppStore|iPhoneSimulator.Deploy.0 = Release|Any CPU
		{59F6811C-4F4F-4EFD-B46D-F1434830200C}.AppStore|x64.ActiveCfg = Release|Any CPU
		{59F6811C-4F4F-4EFD-B46D-F1434830200C}.AppStore|x64.Build.0 = Release|Any CPU
		{59F6811C-4F4F-4EFD-B46D-F1434830200C}.AppStore|x64.Deploy.0 = Release|Any CPU
		{59F6811C-4F4F-4EFD-B46D-F1434830200C}.AppStore|x86.ActiveCfg = Release|Any CPU
		{59F6811C-4F4F-4EFD-B46D-F1434830200C}.AppStore|x86.Build.0 = Release|Any CPU
		{59F6811C-4F4F-4EFD-B46D-F1434830200C}.AppStore|x86.Deploy.0 = Release|Any CPU
		{59F6811C-4F4F-4EFD-B46D-F1434830200C}.Debug|Any CPU.ActiveCfg = Debug|Any CPU
		{59F6811C-4F4F-4EFD-B46D-F1434830200C}.Debug|Any CPU.Build.0 = Debug|Any CPU
		{59F6811C-4F4F-4EFD-B46D-F1434830200C}.Debug|Any CPU.Deploy.0 = Debug|Any CPU
		{59F6811C-4F4F-4EFD-B46D-F1434830200C}.Debug|ARM.ActiveCfg = Debug|Any CPU
		{59F6811C-4F4F-4EFD-B46D-F1434830200C}.Debug|ARM.Build.0 = Debug|Any CPU
		{59F6811C-4F4F-4EFD-B46D-F1434830200C}.Debug|ARM.Deploy.0 = Debug|Any CPU
		{59F6811C-4F4F-4EFD-B46D-F1434830200C}.Debug|iPhone.ActiveCfg = Debug|Any CPU
		{59F6811C-4F4F-4EFD-B46D-F1434830200C}.Debug|iPhone.Build.0 = Debug|Any CPU
		{59F6811C-4F4F-4EFD-B46D-F1434830200C}.Debug|iPhone.Deploy.0 = Debug|Any CPU
		{59F6811C-4F4F-4EFD-B46D-F1434830200C}.Debug|iPhoneSimulator.ActiveCfg = Debug|Any CPU
		{59F6811C-4F4F-4EFD-B46D-F1434830200C}.Debug|iPhoneSimulator.Build.0 = Debug|Any CPU
		{59F6811C-4F4F-4EFD-B46D-F1434830200C}.Debug|iPhoneSimulator.Deploy.0 = Debug|Any CPU
		{59F6811C-4F4F-4EFD-B46D-F1434830200C}.Debug|x64.ActiveCfg = Debug|Any CPU
		{59F6811C-4F4F-4EFD-B46D-F1434830200C}.Debug|x64.Build.0 = Debug|Any CPU
		{59F6811C-4F4F-4EFD-B46D-F1434830200C}.Debug|x64.Deploy.0 = Debug|Any CPU
		{59F6811C-4F4F-4EFD-B46D-F1434830200C}.Debug|x86.ActiveCfg = Debug|Any CPU
		{59F6811C-4F4F-4EFD-B46D-F1434830200C}.Debug|x86.Build.0 = Debug|Any CPU
		{59F6811C-4F4F-4EFD-B46D-F1434830200C}.Release|Any CPU.ActiveCfg = Release|Any CPU
		{59F6811C-4F4F-4EFD-B46D-F1434830200C}.Release|Any CPU.Build.0 = Release|Any CPU
		{59F6811C-4F4F-4EFD-B46D-F1434830200C}.Release|Any CPU.Deploy.0 = Release|Any CPU
		{59F6811C-4F4F-4EFD-B46D-F1434830200C}.Release|ARM.ActiveCfg = Release|Any CPU
		{59F6811C-4F4F-4EFD-B46D-F1434830200C}.Release|ARM.Build.0 = Release|Any CPU
		{59F6811C-4F4F-4EFD-B46D-F1434830200C}.Release|ARM.Deploy.0 = Release|Any CPU
		{59F6811C-4F4F-4EFD-B46D-F1434830200C}.Release|iPhone.ActiveCfg = Release|Any CPU
		{59F6811C-4F4F-4EFD-B46D-F1434830200C}.Release|iPhone.Build.0 = Release|Any CPU
		{59F6811C-4F4F-4EFD-B46D-F1434830200C}.Release|iPhone.Deploy.0 = Release|Any CPU
		{59F6811C-4F4F-4EFD-B46D-F1434830200C}.Release|iPhoneSimulator.ActiveCfg = Release|Any CPU
		{59F6811C-4F4F-4EFD-B46D-F1434830200C}.Release|iPhoneSimulator.Build.0 = Release|Any CPU
		{59F6811C-4F4F-4EFD-B46D-F1434830200C}.Release|iPhoneSimulator.Deploy.0 = Release|Any CPU
		{59F6811C-4F4F-4EFD-B46D-F1434830200C}.Release|x64.ActiveCfg = Release|Any CPU
		{59F6811C-4F4F-4EFD-B46D-F1434830200C}.Release|x64.Build.0 = Release|Any CPU
		{59F6811C-4F4F-4EFD-B46D-F1434830200C}.Release|x64.Deploy.0 = Release|Any CPU
		{59F6811C-4F4F-4EFD-B46D-F1434830200C}.Release|x86.ActiveCfg = Release|Any CPU
		{59F6811C-4F4F-4EFD-B46D-F1434830200C}.Release|x86.Build.0 = Release|Any CPU
		{A47E458A-DF25-4FAC-9B80-5AA2B1870F22}.Ad-Hoc|Any CPU.ActiveCfg = Ad-Hoc|iPhone
		{A47E458A-DF25-4FAC-9B80-5AA2B1870F22}.Ad-Hoc|ARM.ActiveCfg = Ad-Hoc|iPhone
		{A47E458A-DF25-4FAC-9B80-5AA2B1870F22}.Ad-Hoc|iPhone.ActiveCfg = Ad-Hoc|iPhone
		{A47E458A-DF25-4FAC-9B80-5AA2B1870F22}.Ad-Hoc|iPhone.Build.0 = Ad-Hoc|iPhone
		{A47E458A-DF25-4FAC-9B80-5AA2B1870F22}.Ad-Hoc|iPhoneSimulator.ActiveCfg = Ad-Hoc|iPhoneSimulator
		{A47E458A-DF25-4FAC-9B80-5AA2B1870F22}.Ad-Hoc|iPhoneSimulator.Build.0 = Ad-Hoc|iPhoneSimulator
		{A47E458A-DF25-4FAC-9B80-5AA2B1870F22}.Ad-Hoc|x64.ActiveCfg = Ad-Hoc|iPhone
		{A47E458A-DF25-4FAC-9B80-5AA2B1870F22}.Ad-Hoc|x86.ActiveCfg = Ad-Hoc|iPhone
		{A47E458A-DF25-4FAC-9B80-5AA2B1870F22}.AppStore|Any CPU.ActiveCfg = AppStore|iPhone
		{A47E458A-DF25-4FAC-9B80-5AA2B1870F22}.AppStore|ARM.ActiveCfg = AppStore|iPhone
		{A47E458A-DF25-4FAC-9B80-5AA2B1870F22}.AppStore|iPhone.ActiveCfg = AppStore|iPhone
		{A47E458A-DF25-4FAC-9B80-5AA2B1870F22}.AppStore|iPhone.Build.0 = AppStore|iPhone
		{A47E458A-DF25-4FAC-9B80-5AA2B1870F22}.AppStore|iPhoneSimulator.ActiveCfg = AppStore|iPhoneSimulator
		{A47E458A-DF25-4FAC-9B80-5AA2B1870F22}.AppStore|iPhoneSimulator.Build.0 = AppStore|iPhoneSimulator
		{A47E458A-DF25-4FAC-9B80-5AA2B1870F22}.AppStore|x64.ActiveCfg = AppStore|iPhone
		{A47E458A-DF25-4FAC-9B80-5AA2B1870F22}.AppStore|x86.ActiveCfg = AppStore|iPhone
		{A47E458A-DF25-4FAC-9B80-5AA2B1870F22}.Debug|Any CPU.ActiveCfg = Debug|iPhone
		{A47E458A-DF25-4FAC-9B80-5AA2B1870F22}.Debug|ARM.ActiveCfg = Debug|iPhone
		{A47E458A-DF25-4FAC-9B80-5AA2B1870F22}.Debug|iPhone.ActiveCfg = Debug|iPhone
		{A47E458A-DF25-4FAC-9B80-5AA2B1870F22}.Debug|iPhone.Build.0 = Debug|iPhone
		{A47E458A-DF25-4FAC-9B80-5AA2B1870F22}.Debug|iPhoneSimulator.ActiveCfg = Debug|iPhoneSimulator
		{A47E458A-DF25-4FAC-9B80-5AA2B1870F22}.Debug|iPhoneSimulator.Build.0 = Debug|iPhoneSimulator
		{A47E458A-DF25-4FAC-9B80-5AA2B1870F22}.Debug|x64.ActiveCfg = Debug|iPhone
		{A47E458A-DF25-4FAC-9B80-5AA2B1870F22}.Debug|x86.ActiveCfg = Debug|iPhone
		{A47E458A-DF25-4FAC-9B80-5AA2B1870F22}.Debug|x86.Build.0 = Debug|iPhone
		{A47E458A-DF25-4FAC-9B80-5AA2B1870F22}.Release|Any CPU.ActiveCfg = Release|iPhone
		{A47E458A-DF25-4FAC-9B80-5AA2B1870F22}.Release|ARM.ActiveCfg = Release|iPhone
		{A47E458A-DF25-4FAC-9B80-5AA2B1870F22}.Release|iPhone.ActiveCfg = Release|iPhone
		{A47E458A-DF25-4FAC-9B80-5AA2B1870F22}.Release|iPhone.Build.0 = Release|iPhone
		{A47E458A-DF25-4FAC-9B80-5AA2B1870F22}.Release|iPhoneSimulator.ActiveCfg = Release|iPhoneSimulator
		{A47E458A-DF25-4FAC-9B80-5AA2B1870F22}.Release|iPhoneSimulator.Build.0 = Release|iPhoneSimulator
		{A47E458A-DF25-4FAC-9B80-5AA2B1870F22}.Release|x64.ActiveCfg = Release|iPhone
		{A47E458A-DF25-4FAC-9B80-5AA2B1870F22}.Release|x86.ActiveCfg = Release|iPhone
		{1F79DB59-F3A8-45B7-972B-ECD15259D1C9}.Ad-Hoc|Any CPU.ActiveCfg = Debug|Any CPU
		{1F79DB59-F3A8-45B7-972B-ECD15259D1C9}.Ad-Hoc|Any CPU.Build.0 = Debug|Any CPU
		{1F79DB59-F3A8-45B7-972B-ECD15259D1C9}.Ad-Hoc|ARM.ActiveCfg = Debug|Any CPU
		{1F79DB59-F3A8-45B7-972B-ECD15259D1C9}.Ad-Hoc|ARM.Build.0 = Debug|Any CPU
		{1F79DB59-F3A8-45B7-972B-ECD15259D1C9}.Ad-Hoc|iPhone.ActiveCfg = Debug|Any CPU
		{1F79DB59-F3A8-45B7-972B-ECD15259D1C9}.Ad-Hoc|iPhone.Build.0 = Debug|Any CPU
		{1F79DB59-F3A8-45B7-972B-ECD15259D1C9}.Ad-Hoc|iPhoneSimulator.ActiveCfg = Debug|Any CPU
		{1F79DB59-F3A8-45B7-972B-ECD15259D1C9}.Ad-Hoc|iPhoneSimulator.Build.0 = Debug|Any CPU
		{1F79DB59-F3A8-45B7-972B-ECD15259D1C9}.Ad-Hoc|x64.ActiveCfg = Debug|Any CPU
		{1F79DB59-F3A8-45B7-972B-ECD15259D1C9}.Ad-Hoc|x64.Build.0 = Debug|Any CPU
		{1F79DB59-F3A8-45B7-972B-ECD15259D1C9}.Ad-Hoc|x86.ActiveCfg = Debug|Any CPU
		{1F79DB59-F3A8-45B7-972B-ECD15259D1C9}.Ad-Hoc|x86.Build.0 = Debug|Any CPU
		{1F79DB59-F3A8-45B7-972B-ECD15259D1C9}.AppStore|Any CPU.ActiveCfg = Debug|Any CPU
		{1F79DB59-F3A8-45B7-972B-ECD15259D1C9}.AppStore|Any CPU.Build.0 = Debug|Any CPU
		{1F79DB59-F3A8-45B7-972B-ECD15259D1C9}.AppStore|ARM.ActiveCfg = Debug|Any CPU
		{1F79DB59-F3A8-45B7-972B-ECD15259D1C9}.AppStore|ARM.Build.0 = Debug|Any CPU
		{1F79DB59-F3A8-45B7-972B-ECD15259D1C9}.AppStore|iPhone.ActiveCfg = Debug|Any CPU
		{1F79DB59-F3A8-45B7-972B-ECD15259D1C9}.AppStore|iPhone.Build.0 = Debug|Any CPU
		{1F79DB59-F3A8-45B7-972B-ECD15259D1C9}.AppStore|iPhoneSimulator.ActiveCfg = Debug|Any CPU
		{1F79DB59-F3A8-45B7-972B-ECD15259D1C9}.AppStore|iPhoneSimulator.Build.0 = Debug|Any CPU
		{1F79DB59-F3A8-45B7-972B-ECD15259D1C9}.AppStore|x64.ActiveCfg = Debug|Any CPU
		{1F79DB59-F3A8-45B7-972B-ECD15259D1C9}.AppStore|x64.Build.0 = Debug|Any CPU
		{1F79DB59-F3A8-45B7-972B-ECD15259D1C9}.AppStore|x86.ActiveCfg = Debug|Any CPU
		{1F79DB59-F3A8-45B7-972B-ECD15259D1C9}.AppStore|x86.Build.0 = Debug|Any CPU
		{1F79DB59-F3A8-45B7-972B-ECD15259D1C9}.Debug|Any CPU.ActiveCfg = Debug|Any CPU
		{1F79DB59-F3A8-45B7-972B-ECD15259D1C9}.Debug|Any CPU.Build.0 = Debug|Any CPU
		{1F79DB59-F3A8-45B7-972B-ECD15259D1C9}.Debug|ARM.ActiveCfg = Debug|Any CPU
		{1F79DB59-F3A8-45B7-972B-ECD15259D1C9}.Debug|ARM.Build.0 = Debug|Any CPU
		{1F79DB59-F3A8-45B7-972B-ECD15259D1C9}.Debug|iPhone.ActiveCfg = Debug|Any CPU
		{1F79DB59-F3A8-45B7-972B-ECD15259D1C9}.Debug|iPhone.Build.0 = Debug|Any CPU
		{1F79DB59-F3A8-45B7-972B-ECD15259D1C9}.Debug|iPhoneSimulator.ActiveCfg = Debug|Any CPU
		{1F79DB59-F3A8-45B7-972B-ECD15259D1C9}.Debug|iPhoneSimulator.Build.0 = Debug|Any CPU
		{1F79DB59-F3A8-45B7-972B-ECD15259D1C9}.Debug|x64.ActiveCfg = Debug|Any CPU
		{1F79DB59-F3A8-45B7-972B-ECD15259D1C9}.Debug|x64.Build.0 = Debug|Any CPU
		{1F79DB59-F3A8-45B7-972B-ECD15259D1C9}.Debug|x86.ActiveCfg = Debug|Any CPU
		{1F79DB59-F3A8-45B7-972B-ECD15259D1C9}.Debug|x86.Build.0 = Debug|Any CPU
		{1F79DB59-F3A8-45B7-972B-ECD15259D1C9}.Release|Any CPU.ActiveCfg = Release|Any CPU
		{1F79DB59-F3A8-45B7-972B-ECD15259D1C9}.Release|Any CPU.Build.0 = Release|Any CPU
		{1F79DB59-F3A8-45B7-972B-ECD15259D1C9}.Release|ARM.ActiveCfg = Release|Any CPU
		{1F79DB59-F3A8-45B7-972B-ECD15259D1C9}.Release|ARM.Build.0 = Release|Any CPU
		{1F79DB59-F3A8-45B7-972B-ECD15259D1C9}.Release|iPhone.ActiveCfg = Release|Any CPU
		{1F79DB59-F3A8-45B7-972B-ECD15259D1C9}.Release|iPhone.Build.0 = Release|Any CPU
		{1F79DB59-F3A8-45B7-972B-ECD15259D1C9}.Release|iPhoneSimulator.ActiveCfg = Release|Any CPU
		{1F79DB59-F3A8-45B7-972B-ECD15259D1C9}.Release|iPhoneSimulator.Build.0 = Release|Any CPU
		{1F79DB59-F3A8-45B7-972B-ECD15259D1C9}.Release|x64.ActiveCfg = Release|Any CPU
		{1F79DB59-F3A8-45B7-972B-ECD15259D1C9}.Release|x64.Build.0 = Release|Any CPU
		{1F79DB59-F3A8-45B7-972B-ECD15259D1C9}.Release|x86.ActiveCfg = Release|Any CPU
		{1F79DB59-F3A8-45B7-972B-ECD15259D1C9}.Release|x86.Build.0 = Release|Any CPU
	EndGlobalSection
	GlobalSection(SolutionProperties) = preSolution
		HideSolutionNode = FALSE
	EndGlobalSection
	GlobalSection(NestedProjects) = preSolution
		{E5110B30-EEBA-4514-9E55-EB0C2F00BA12} = {F4F201D8-5C51-4060-8D16-D4515DB497F8}
		{A800695B-C5D8-4331-A80F-CE1CE8D842B3} = {F4F201D8-5C51-4060-8D16-D4515DB497F8}
		{004EB46A-7001-4158-BEA4-40C21F863BBF} = {F4F201D8-5C51-4060-8D16-D4515DB497F8}
		{FAA15C74-E2EC-44C9-9CD9-C5204D84FCC5} = {F4F201D8-5C51-4060-8D16-D4515DB497F8}
		{59F6811C-4F4F-4EFD-B46D-F1434830200C} = {F4F201D8-5C51-4060-8D16-D4515DB497F8}
		{A47E458A-DF25-4FAC-9B80-5AA2B1870F22} = {F4F201D8-5C51-4060-8D16-D4515DB497F8}
	EndGlobalSection
	GlobalSection(ExtensibilityGlobals) = postSolution
		SolutionGuid = {12B26EAA-80AA-4E1B-8C76-A4747C72C804}
	EndGlobalSection
EndGlobal
