
Microsoft Visual Studio Solution File, Format Version 12.00
# Visual Studio 14
VisualStudioVersion = 14.0.25420.1
MinimumVisualStudioVersion = 10.0.40219.1
Project("{D954291E-2A0B-460D-934E-DC6B0785DB48}") = "Auth0.OidcClient.Shared", "src\Auth0.OidcClient.Shared\Auth0.OidcClient.Shared.shproj", "{5D8121D2-4ED5-41B9-8B89-8A5CA8E851BA}"
EndProject
Project("{2150E333-8FDC-42A3-9474-1A3956D46DE8}") = "test", "test", "{F4F201D8-5C51-4060-8D16-D4515DB497F8}"
EndProject
Project("{FAE04EC0-301F-11D3-BF4B-00C04F79EFBC}") = "Auth0.OidcClient.UWP", "src\Auth0.OidcClient.UWP\Auth0.OidcClient.UWP.csproj", "{5FFFF5D6-D6DF-4351-B58D-3311BD0671F7}"
EndProject
Project("{FAE04EC0-301F-11D3-BF4B-00C04F79EFBC}") = "Auth0.OidcClient.WinForms", "src\Auth0.OidcClient.WinForms\Auth0.OidcClient.WinForms.csproj", "{34085D04-7E7B-4A5E-8377-D3995983919E}"
EndProject
Project("{2150E333-8FDC-42A3-9474-1A3956D46DE8}") = "nuget", "nuget", "{3D6D8AA1-DD3D-4B0D-AEDF-A588704AFE09}"
	ProjectSection(SolutionItems) = preProject
		nuget\Auth0.OidcClient.UWP.nuspec = nuget\Auth0.OidcClient.UWP.nuspec
		nuget\Auth0.OidcClient.WinForms.nuspec = nuget\Auth0.OidcClient.WinForms.nuspec
		nuget\Auth0.OidcClient.WPF.nuspec = nuget\Auth0.OidcClient.WPF.nuspec
	EndProjectSection
EndProject
Project("{FAE04EC0-301F-11D3-BF4B-00C04F79EFBC}") = "Auth0.OidcClient.WPF", "src\Auth0.OidcClient.WPF\Auth0.OidcClient.WPF.csproj", "{F5F9BBD8-0BC0-415C-9DF1-D830699B00C4}"
EndProject
Project("{FAE04EC0-301F-11D3-BF4B-00C04F79EFBC}") = "UwpTestApp", "test\UwpTestApp\UwpTestApp.csproj", "{E5110B30-EEBA-4514-9E55-EB0C2F00BA12}"
EndProject
Project("{FAE04EC0-301F-11D3-BF4B-00C04F79EFBC}") = "WindowsFormsTestApp", "test\WindowsFormsTestApp\WindowsFormsTestApp.csproj", "{A800695B-C5D8-4331-A80F-CE1CE8D842B3}"
EndProject
Project("{FAE04EC0-301F-11D3-BF4B-00C04F79EFBC}") = "WpfTestApp", "test\WpfTestApp\WpfTestApp.csproj", "{004EB46A-7001-4158-BEA4-40C21F863BBF}"
EndProject
Global
	GlobalSection(SharedMSBuildProjectFiles) = preSolution
		src\Auth0.OidcClient.Shared\Auth0.OidcClient.Shared.projitems*{34085d04-7e7b-4a5e-8377-d3995983919e}*SharedItemsImports = 4
		src\Auth0.OidcClient.Shared\Auth0.OidcClient.Shared.projitems*{5d8121d2-4ed5-41b9-8b89-8a5ca8e851ba}*SharedItemsImports = 13
		src\Auth0.OidcClient.Shared\Auth0.OidcClient.Shared.projitems*{5ffff5d6-d6df-4351-b58d-3311bd0671f7}*SharedItemsImports = 4
		src\Auth0.OidcClient.Shared\Auth0.OidcClient.Shared.projitems*{f5f9bbd8-0bc0-415c-9df1-d830699b00c4}*SharedItemsImports = 4
	EndGlobalSection
	GlobalSection(SolutionConfigurationPlatforms) = preSolution
		Debug|Any CPU = Debug|Any CPU
		Debug|ARM = Debug|ARM
		Debug|x64 = Debug|x64
		Debug|x86 = Debug|x86
		Release|Any CPU = Release|Any CPU
		Release|ARM = Release|ARM
		Release|x64 = Release|x64
		Release|x86 = Release|x86
	EndGlobalSection
	GlobalSection(ProjectConfigurationPlatforms) = postSolution
		{5FFFF5D6-D6DF-4351-B58D-3311BD0671F7}.Debug|Any CPU.ActiveCfg = Debug|Any CPU
		{5FFFF5D6-D6DF-4351-B58D-3311BD0671F7}.Debug|Any CPU.Build.0 = Debug|Any CPU
		{5FFFF5D6-D6DF-4351-B58D-3311BD0671F7}.Debug|ARM.ActiveCfg = Debug|ARM
		{5FFFF5D6-D6DF-4351-B58D-3311BD0671F7}.Debug|ARM.Build.0 = Debug|ARM
		{5FFFF5D6-D6DF-4351-B58D-3311BD0671F7}.Debug|x64.ActiveCfg = Debug|x64
		{5FFFF5D6-D6DF-4351-B58D-3311BD0671F7}.Debug|x64.Build.0 = Debug|x64
		{5FFFF5D6-D6DF-4351-B58D-3311BD0671F7}.Debug|x86.ActiveCfg = Debug|x86
		{5FFFF5D6-D6DF-4351-B58D-3311BD0671F7}.Debug|x86.Build.0 = Debug|x86
		{5FFFF5D6-D6DF-4351-B58D-3311BD0671F7}.Release|Any CPU.ActiveCfg = Release|Any CPU
		{5FFFF5D6-D6DF-4351-B58D-3311BD0671F7}.Release|Any CPU.Build.0 = Release|Any CPU
		{5FFFF5D6-D6DF-4351-B58D-3311BD0671F7}.Release|ARM.ActiveCfg = Release|ARM
		{5FFFF5D6-D6DF-4351-B58D-3311BD0671F7}.Release|ARM.Build.0 = Release|ARM
		{5FFFF5D6-D6DF-4351-B58D-3311BD0671F7}.Release|x64.ActiveCfg = Release|x64
		{5FFFF5D6-D6DF-4351-B58D-3311BD0671F7}.Release|x64.Build.0 = Release|x64
		{5FFFF5D6-D6DF-4351-B58D-3311BD0671F7}.Release|x86.ActiveCfg = Release|x86
		{5FFFF5D6-D6DF-4351-B58D-3311BD0671F7}.Release|x86.Build.0 = Release|x86
		{34085D04-7E7B-4A5E-8377-D3995983919E}.Debug|Any CPU.ActiveCfg = Debug|Any CPU
		{34085D04-7E7B-4A5E-8377-D3995983919E}.Debug|Any CPU.Build.0 = Debug|Any CPU
		{34085D04-7E7B-4A5E-8377-D3995983919E}.Debug|ARM.ActiveCfg = Debug|Any CPU
		{34085D04-7E7B-4A5E-8377-D3995983919E}.Debug|ARM.Build.0 = Debug|Any CPU
		{34085D04-7E7B-4A5E-8377-D3995983919E}.Debug|x64.ActiveCfg = Debug|Any CPU
		{34085D04-7E7B-4A5E-8377-D3995983919E}.Debug|x64.Build.0 = Debug|Any CPU
		{34085D04-7E7B-4A5E-8377-D3995983919E}.Debug|x86.ActiveCfg = Debug|Any CPU
		{34085D04-7E7B-4A5E-8377-D3995983919E}.Debug|x86.Build.0 = Debug|Any CPU
		{34085D04-7E7B-4A5E-8377-D3995983919E}.Release|Any CPU.ActiveCfg = Release|Any CPU
		{34085D04-7E7B-4A5E-8377-D3995983919E}.Release|Any CPU.Build.0 = Release|Any CPU
		{34085D04-7E7B-4A5E-8377-D3995983919E}.Release|ARM.ActiveCfg = Release|Any CPU
		{34085D04-7E7B-4A5E-8377-D3995983919E}.Release|ARM.Build.0 = Release|Any CPU
		{34085D04-7E7B-4A5E-8377-D3995983919E}.Release|x64.ActiveCfg = Release|Any CPU
		{34085D04-7E7B-4A5E-8377-D3995983919E}.Release|x64.Build.0 = Release|Any CPU
		{34085D04-7E7B-4A5E-8377-D3995983919E}.Release|x86.ActiveCfg = Release|Any CPU
		{34085D04-7E7B-4A5E-8377-D3995983919E}.Release|x86.Build.0 = Release|Any CPU
		{F5F9BBD8-0BC0-415C-9DF1-D830699B00C4}.Debug|Any CPU.ActiveCfg = Debug|Any CPU
		{F5F9BBD8-0BC0-415C-9DF1-D830699B00C4}.Debug|Any CPU.Build.0 = Debug|Any CPU
		{F5F9BBD8-0BC0-415C-9DF1-D830699B00C4}.Debug|ARM.ActiveCfg = Debug|Any CPU
		{F5F9BBD8-0BC0-415C-9DF1-D830699B00C4}.Debug|ARM.Build.0 = Debug|Any CPU
		{F5F9BBD8-0BC0-415C-9DF1-D830699B00C4}.Debug|x64.ActiveCfg = Debug|Any CPU
		{F5F9BBD8-0BC0-415C-9DF1-D830699B00C4}.Debug|x64.Build.0 = Debug|Any CPU
		{F5F9BBD8-0BC0-415C-9DF1-D830699B00C4}.Debug|x86.ActiveCfg = Debug|Any CPU
		{F5F9BBD8-0BC0-415C-9DF1-D830699B00C4}.Debug|x86.Build.0 = Debug|Any CPU
		{F5F9BBD8-0BC0-415C-9DF1-D830699B00C4}.Release|Any CPU.ActiveCfg = Release|Any CPU
		{F5F9BBD8-0BC0-415C-9DF1-D830699B00C4}.Release|Any CPU.Build.0 = Release|Any CPU
		{F5F9BBD8-0BC0-415C-9DF1-D830699B00C4}.Release|ARM.ActiveCfg = Release|Any CPU
		{F5F9BBD8-0BC0-415C-9DF1-D830699B00C4}.Release|ARM.Build.0 = Release|Any CPU
		{F5F9BBD8-0BC0-415C-9DF1-D830699B00C4}.Release|x64.ActiveCfg = Release|Any CPU
		{F5F9BBD8-0BC0-415C-9DF1-D830699B00C4}.Release|x64.Build.0 = Release|Any CPU
		{F5F9BBD8-0BC0-415C-9DF1-D830699B00C4}.Release|x86.ActiveCfg = Release|Any CPU
		{F5F9BBD8-0BC0-415C-9DF1-D830699B00C4}.Release|x86.Build.0 = Release|Any CPU
		{E5110B30-EEBA-4514-9E55-EB0C2F00BA12}.Debug|Any CPU.ActiveCfg = Debug|x86
		{E5110B30-EEBA-4514-9E55-EB0C2F00BA12}.Debug|Any CPU.Build.0 = Debug|x86
		{E5110B30-EEBA-4514-9E55-EB0C2F00BA12}.Debug|Any CPU.Deploy.0 = Debug|x86
		{E5110B30-EEBA-4514-9E55-EB0C2F00BA12}.Debug|ARM.ActiveCfg = Debug|ARM
		{E5110B30-EEBA-4514-9E55-EB0C2F00BA12}.Debug|ARM.Build.0 = Debug|ARM
		{E5110B30-EEBA-4514-9E55-EB0C2F00BA12}.Debug|ARM.Deploy.0 = Debug|ARM
		{E5110B30-EEBA-4514-9E55-EB0C2F00BA12}.Debug|x64.ActiveCfg = Debug|x64
		{E5110B30-EEBA-4514-9E55-EB0C2F00BA12}.Debug|x64.Build.0 = Debug|x64
		{E5110B30-EEBA-4514-9E55-EB0C2F00BA12}.Debug|x64.Deploy.0 = Debug|x64
		{E5110B30-EEBA-4514-9E55-EB0C2F00BA12}.Debug|x86.ActiveCfg = Debug|x86
		{E5110B30-EEBA-4514-9E55-EB0C2F00BA12}.Debug|x86.Build.0 = Debug|x86
		{E5110B30-EEBA-4514-9E55-EB0C2F00BA12}.Debug|x86.Deploy.0 = Debug|x86
		{E5110B30-EEBA-4514-9E55-EB0C2F00BA12}.Release|Any CPU.ActiveCfg = Release|x86
		{E5110B30-EEBA-4514-9E55-EB0C2F00BA12}.Release|ARM.ActiveCfg = Release|ARM
		{E5110B30-EEBA-4514-9E55-EB0C2F00BA12}.Release|ARM.Build.0 = Release|ARM
		{E5110B30-EEBA-4514-9E55-EB0C2F00BA12}.Release|ARM.Deploy.0 = Release|ARM
		{E5110B30-EEBA-4514-9E55-EB0C2F00BA12}.Release|x64.ActiveCfg = Release|x64
		{E5110B30-EEBA-4514-9E55-EB0C2F00BA12}.Release|x64.Build.0 = Release|x64
		{E5110B30-EEBA-4514-9E55-EB0C2F00BA12}.Release|x64.Deploy.0 = Release|x64
		{E5110B30-EEBA-4514-9E55-EB0C2F00BA12}.Release|x86.ActiveCfg = Release|x86
		{E5110B30-EEBA-4514-9E55-EB0C2F00BA12}.Release|x86.Build.0 = Release|x86
		{E5110B30-EEBA-4514-9E55-EB0C2F00BA12}.Release|x86.Deploy.0 = Release|x86
		{A800695B-C5D8-4331-A80F-CE1CE8D842B3}.Debug|Any CPU.ActiveCfg = Debug|Any CPU
		{A800695B-C5D8-4331-A80F-CE1CE8D842B3}.Debug|Any CPU.Build.0 = Debug|Any CPU
		{A800695B-C5D8-4331-A80F-CE1CE8D842B3}.Debug|ARM.ActiveCfg = Debug|Any CPU
		{A800695B-C5D8-4331-A80F-CE1CE8D842B3}.Debug|ARM.Build.0 = Debug|Any CPU
		{A800695B-C5D8-4331-A80F-CE1CE8D842B3}.Debug|x64.ActiveCfg = Debug|Any CPU
		{A800695B-C5D8-4331-A80F-CE1CE8D842B3}.Debug|x64.Build.0 = Debug|Any CPU
		{A800695B-C5D8-4331-A80F-CE1CE8D842B3}.Debug|x86.ActiveCfg = Debug|Any CPU
		{A800695B-C5D8-4331-A80F-CE1CE8D842B3}.Debug|x86.Build.0 = Debug|Any CPU
		{A800695B-C5D8-4331-A80F-CE1CE8D842B3}.Release|Any CPU.ActiveCfg = Release|Any CPU
		{A800695B-C5D8-4331-A80F-CE1CE8D842B3}.Release|Any CPU.Build.0 = Release|Any CPU
		{A800695B-C5D8-4331-A80F-CE1CE8D842B3}.Release|ARM.ActiveCfg = Release|Any CPU
		{A800695B-C5D8-4331-A80F-CE1CE8D842B3}.Release|ARM.Build.0 = Release|Any CPU
		{A800695B-C5D8-4331-A80F-CE1CE8D842B3}.Release|x64.ActiveCfg = Release|Any CPU
		{A800695B-C5D8-4331-A80F-CE1CE8D842B3}.Release|x64.Build.0 = Release|Any CPU
		{A800695B-C5D8-4331-A80F-CE1CE8D842B3}.Release|x86.ActiveCfg = Release|Any CPU
		{A800695B-C5D8-4331-A80F-CE1CE8D842B3}.Release|x86.Build.0 = Release|Any CPU
		{004EB46A-7001-4158-BEA4-40C21F863BBF}.Debug|Any CPU.ActiveCfg = Debug|Any CPU
		{004EB46A-7001-4158-BEA4-40C21F863BBF}.Debug|Any CPU.Build.0 = Debug|Any CPU
		{004EB46A-7001-4158-BEA4-40C21F863BBF}.Debug|ARM.ActiveCfg = Debug|Any CPU
		{004EB46A-7001-4158-BEA4-40C21F863BBF}.Debug|ARM.Build.0 = Debug|Any CPU
		{004EB46A-7001-4158-BEA4-40C21F863BBF}.Debug|x64.ActiveCfg = Debug|Any CPU
		{004EB46A-7001-4158-BEA4-40C21F863BBF}.Debug|x64.Build.0 = Debug|Any CPU
		{004EB46A-7001-4158-BEA4-40C21F863BBF}.Debug|x86.ActiveCfg = Debug|Any CPU
		{004EB46A-7001-4158-BEA4-40C21F863BBF}.Debug|x86.Build.0 = Debug|Any CPU
		{004EB46A-7001-4158-BEA4-40C21F863BBF}.Release|Any CPU.ActiveCfg = Release|Any CPU
		{004EB46A-7001-4158-BEA4-40C21F863BBF}.Release|Any CPU.Build.0 = Release|Any CPU
		{004EB46A-7001-4158-BEA4-40C21F863BBF}.Release|ARM.ActiveCfg = Release|Any CPU
		{004EB46A-7001-4158-BEA4-40C21F863BBF}.Release|ARM.Build.0 = Release|Any CPU
		{004EB46A-7001-4158-BEA4-40C21F863BBF}.Release|x64.ActiveCfg = Release|Any CPU
		{004EB46A-7001-4158-BEA4-40C21F863BBF}.Release|x64.Build.0 = Release|Any CPU
		{004EB46A-7001-4158-BEA4-40C21F863BBF}.Release|x86.ActiveCfg = Release|Any CPU
		{004EB46A-7001-4158-BEA4-40C21F863BBF}.Release|x86.Build.0 = Release|Any CPU
	EndGlobalSection
	GlobalSection(SolutionProperties) = preSolution
		HideSolutionNode = FALSE
	EndGlobalSection
	GlobalSection(NestedProjects) = preSolution
		{E5110B30-EEBA-4514-9E55-EB0C2F00BA12} = {F4F201D8-5C51-4060-8D16-D4515DB497F8}
		{A800695B-C5D8-4331-A80F-CE1CE8D842B3} = {F4F201D8-5C51-4060-8D16-D4515DB497F8}
		{004EB46A-7001-4158-BEA4-40C21F863BBF} = {F4F201D8-5C51-4060-8D16-D4515DB497F8}
	EndGlobalSection
EndGlobal
