
Microsoft Visual Studio Solution File, Format Version 12.00
# Visual Studio Version 17
VisualStudioVersion = 17.7.34031.279
MinimumVisualStudioVersion = 10.0.40219.1
Project("{2150E333-8FDC-42A3-9474-1A3956D46DE8}") = "Interactive Test Apps", "Interactive Test Apps", "{F4F201D8-5C51-4060-8D16-D4515DB497F8}"
EndProject
Project("{2150E333-8FDC-42A3-9474-1A3956D46DE8}") = "NuGet Packaging", "NuGet Packaging", "{3D6D8AA1-DD3D-4B0D-AEDF-A588704AFE09}"
	ProjectSection(SolutionItems) = preProject
		nuget\Auth0.OidcClient.Android.nuspec = nuget\Auth0.OidcClient.Android.nuspec
		nuget\Auth0.OidcClient.AndroidX.nuspec = nuget\Auth0.OidcClient.AndroidX.nuspec
		nuget\Auth0.OidcClient.Core.nuspec = nuget\Auth0.OidcClient.Core.nuspec
		nuget\Auth0.OidcClient.iOS.nuspec = nuget\Auth0.OidcClient.iOS.nuspec
		nuget\Auth0.OidcClient.UWP.nuspec = nuget\Auth0.OidcClient.UWP.nuspec
		nuget\Auth0.OidcClient.WinForms.nuspec = nuget\Auth0.OidcClient.WinForms.nuspec
		nuget\Auth0.OidcClient.WPF.nuspec = nuget\Auth0.OidcClient.WPF.nuspec
	EndProjectSection
EndProject
Project("{9A19103F-16F7-4668-BE54-9A1E7A4F7556}") = "Auth0.OidcClient.Android", "src\Auth0.OidcClient.Android\Auth0.OidcClient.Android.csproj", "{A18A146B-FB5A-4AB8-8F1C-501E58AA7D4D}"
EndProject
Project("{9A19103F-16F7-4668-BE54-9A1E7A4F7556}") = "Auth0.OidcClient.iOS", "src\Auth0.OidcClient.iOS\Auth0.OidcClient.iOS.csproj", "{D6CD228A-D8FA-4250-B770-CCC9CCD5698B}"
EndProject
Project("{FAE04EC0-301F-11D3-BF4B-00C04F79EFBC}") = "Android", "test\Android\Android.csproj", "{59F6811C-4F4F-4EFD-B46D-F1434830200C}"
EndProject
Project("{9A19103F-16F7-4668-BE54-9A1E7A4F7556}") = "Auth0.OidcClient.Core", "src\Auth0.OidcClient.Core\Auth0.OidcClient.Core.csproj", "{1F79DB59-F3A8-45B7-972B-ECD15259D1C9}"
EndProject
Project("{2150E333-8FDC-42A3-9474-1A3956D46DE8}") = "Unit Tests", "Unit Tests", "{2C45E37C-F5A4-4A65-A3C9-BC03AAE66527}"
EndProject
Project("{9A19103F-16F7-4668-BE54-9A1E7A4F7556}") = "Auth0.OidcClient.Core.UnitTests", "test\Auth0.OidcClient.Core.UnitTests\Auth0.OidcClient.Core.UnitTests.csproj", "{4AC8498B-95D0-45AD-96E9-EB4388FA7582}"
EndProject
Project("{9A19103F-16F7-4668-BE54-9A1E7A4F7556}") = "Auth0.OidcClient.AndroidX", "src\Auth0.OidcClient.AndroidX\Auth0.OidcClient.AndroidX.csproj", "{AD54C508-C0A1-4BF7-BA63-D21F078665F6}"
EndProject
Project("{9A19103F-16F7-4668-BE54-9A1E7A4F7556}") = "Auth0.OidcClient.MAUI", "src\Auth0.OidcClient.MAUI\Auth0.OidcClient.MAUI.csproj", "{18757108-68F4-4B5E-B153-4F3E02D33572}"
EndProject
Project("{FAE04EC0-301F-11D3-BF4B-00C04F79EFBC}") = "iOS", "test\iOS\iOS.csproj", "{A47E458A-DF25-4FAC-9B80-5AA2B1870F22}"
EndProject
Project("{FAE04EC0-301F-11D3-BF4B-00C04F79EFBC}") = "UWP", "test\UWP\UWP.csproj", "{E5110B30-EEBA-4514-9E55-EB0C2F00BA12}"
EndProject
Project("{FAE04EC0-301F-11D3-BF4B-00C04F79EFBC}") = "WinForms", "test\WinForms\WinForms.csproj", "{A800695B-C5D8-4331-A80F-CE1CE8D842B3}"
EndProject
Project("{FAE04EC0-301F-11D3-BF4B-00C04F79EFBC}") = "WPF", "test\WPF\WPF.csproj", "{004EB46A-7001-4158-BEA4-40C21F863BBF}"
EndProject
Project("{9A19103F-16F7-4668-BE54-9A1E7A4F7556}") = "Auth0.OidcClient.UWP", "src\Auth0.OidcClient.UWP\Auth0.OidcClient.UWP.csproj", "{B5885356-0EA1-4E6F-864F-1625E29A658F}"
EndProject
Project("{9A19103F-16F7-4668-BE54-9A1E7A4F7556}") = "Auth0.OidcClient.WinForms", "src\Auth0.OidcClient.WinForms\Auth0.OidcClient.WinForms.csproj", "{C3EB229E-14FB-4004-AD7C-480EDFAFD843}"
EndProject
Project("{9A19103F-16F7-4668-BE54-9A1E7A4F7556}") = "Auth0.OidcClient.WPF", "src\Auth0.OidcClient.WPF\Auth0.OidcClient.WPF.csproj", "{C3030559-6BD9-408C-BB21-6637D9883188}"
EndProject
Project("{FAE04EC0-301F-11D3-BF4B-00C04F79EFBC}") = "Auth0.OidcClient.MAUI.Platforms.Windows.UnitTests", "test\Auth0.OidcClient.MAUI.Platforms.Windows.UnitTests\Auth0.OidcClient.MAUI.Platforms.Windows.UnitTests.csproj", "{5DB6D1AB-3252-4833-B97F-1194502F01BF}"
EndProject
Project("{FAE04EC0-301F-11D3-BF4B-00C04F79EFBC}") = "Auth0.OidcClient.MAUI.Platforms.Windows", "src\Auth0.OidcClient.MAUI.Platforms.Windows\Auth0.OidcClient.MAUI.Platforms.Windows.csproj", "{5B9F23A7-E4B7-4FB7-B7DC-F208176799D1}"
EndProject
Global
	GlobalSection(SolutionConfigurationPlatforms) = preSolution
		Ad-Hoc|Any CPU = Ad-Hoc|Any CPU
		Ad-Hoc|ARM = Ad-Hoc|ARM
		Ad-Hoc|iPhone = Ad-Hoc|iPhone
		Ad-Hoc|iPhoneSimulator = Ad-Hoc|iPhoneSimulator
		Ad-Hoc|x64 = Ad-Hoc|x64
		Ad-Hoc|x86 = Ad-Hoc|x86
		AppStore|Any CPU = AppStore|Any CPU
		AppStore|ARM = AppStore|ARM
		AppStore|iPhone = AppStore|iPhone
		AppStore|iPhoneSimulator = AppStore|iPhoneSimulator
		AppStore|x64 = AppStore|x64
		AppStore|x86 = AppStore|x86
		Debug|Any CPU = Debug|Any CPU
		Debug|ARM = Debug|ARM
		Debug|iPhone = Debug|iPhone
		Debug|iPhoneSimulator = Debug|iPhoneSimulator
		Debug|x64 = Debug|x64
		Debug|x86 = Debug|x86
		Release|Any CPU = Release|Any CPU
		Release|ARM = Release|ARM
		Release|iPhone = Release|iPhone
		Release|iPhoneSimulator = Release|iPhoneSimulator
		Release|x64 = Release|x64
		Release|x86 = Release|x86
	EndGlobalSection
	GlobalSection(ProjectConfigurationPlatforms) = postSolution
		{A18A146B-FB5A-4AB8-8F1C-501E58AA7D4D}.Ad-Hoc|Any CPU.ActiveCfg = Release|Any CPU
		{A18A146B-FB5A-4AB8-8F1C-501E58AA7D4D}.Ad-Hoc|Any CPU.Build.0 = Release|Any CPU
		{A18A146B-FB5A-4AB8-8F1C-501E58AA7D4D}.Ad-Hoc|ARM.ActiveCfg = Release|Any CPU
		{A18A146B-FB5A-4AB8-8F1C-501E58AA7D4D}.Ad-Hoc|ARM.Build.0 = Release|Any CPU
		{A18A146B-FB5A-4AB8-8F1C-501E58AA7D4D}.Ad-Hoc|iPhone.ActiveCfg = Release|Any CPU
		{A18A146B-FB5A-4AB8-8F1C-501E58AA7D4D}.Ad-Hoc|iPhone.Build.0 = Release|Any CPU
		{A18A146B-FB5A-4AB8-8F1C-501E58AA7D4D}.Ad-Hoc|iPhoneSimulator.ActiveCfg = Release|Any CPU
		{A18A146B-FB5A-4AB8-8F1C-501E58AA7D4D}.Ad-Hoc|iPhoneSimulator.Build.0 = Release|Any CPU
		{A18A146B-FB5A-4AB8-8F1C-501E58AA7D4D}.Ad-Hoc|x64.ActiveCfg = Release|Any CPU
		{A18A146B-FB5A-4AB8-8F1C-501E58AA7D4D}.Ad-Hoc|x64.Build.0 = Release|Any CPU
		{A18A146B-FB5A-4AB8-8F1C-501E58AA7D4D}.Ad-Hoc|x86.ActiveCfg = Release|Any CPU
		{A18A146B-FB5A-4AB8-8F1C-501E58AA7D4D}.Ad-Hoc|x86.Build.0 = Release|Any CPU
		{A18A146B-FB5A-4AB8-8F1C-501E58AA7D4D}.AppStore|Any CPU.ActiveCfg = Release|Any CPU
		{A18A146B-FB5A-4AB8-8F1C-501E58AA7D4D}.AppStore|Any CPU.Build.0 = Release|Any CPU
		{A18A146B-FB5A-4AB8-8F1C-501E58AA7D4D}.AppStore|ARM.ActiveCfg = Release|Any CPU
		{A18A146B-FB5A-4AB8-8F1C-501E58AA7D4D}.AppStore|ARM.Build.0 = Release|Any CPU
		{A18A146B-FB5A-4AB8-8F1C-501E58AA7D4D}.AppStore|iPhone.ActiveCfg = Release|Any CPU
		{A18A146B-FB5A-4AB8-8F1C-501E58AA7D4D}.AppStore|iPhone.Build.0 = Release|Any CPU
		{A18A146B-FB5A-4AB8-8F1C-501E58AA7D4D}.AppStore|iPhoneSimulator.ActiveCfg = Release|Any CPU
		{A18A146B-FB5A-4AB8-8F1C-501E58AA7D4D}.AppStore|iPhoneSimulator.Build.0 = Release|Any CPU
		{A18A146B-FB5A-4AB8-8F1C-501E58AA7D4D}.AppStore|x64.ActiveCfg = Release|Any CPU
		{A18A146B-FB5A-4AB8-8F1C-501E58AA7D4D}.AppStore|x64.Build.0 = Release|Any CPU
		{A18A146B-FB5A-4AB8-8F1C-501E58AA7D4D}.AppStore|x86.ActiveCfg = Release|Any CPU
		{A18A146B-FB5A-4AB8-8F1C-501E58AA7D4D}.AppStore|x86.Build.0 = Release|Any CPU
		{A18A146B-FB5A-4AB8-8F1C-501E58AA7D4D}.Debug|Any CPU.ActiveCfg = Debug|Any CPU
		{A18A146B-FB5A-4AB8-8F1C-501E58AA7D4D}.Debug|Any CPU.Build.0 = Debug|Any CPU
		{A18A146B-FB5A-4AB8-8F1C-501E58AA7D4D}.Debug|ARM.ActiveCfg = Debug|Any CPU
		{A18A146B-FB5A-4AB8-8F1C-501E58AA7D4D}.Debug|ARM.Build.0 = Debug|Any CPU
		{A18A146B-FB5A-4AB8-8F1C-501E58AA7D4D}.Debug|iPhone.ActiveCfg = Debug|Any CPU
		{A18A146B-FB5A-4AB8-8F1C-501E58AA7D4D}.Debug|iPhone.Build.0 = Debug|Any CPU
		{A18A146B-FB5A-4AB8-8F1C-501E58AA7D4D}.Debug|iPhoneSimulator.ActiveCfg = Debug|Any CPU
		{A18A146B-FB5A-4AB8-8F1C-501E58AA7D4D}.Debug|iPhoneSimulator.Build.0 = Debug|Any CPU
		{A18A146B-FB5A-4AB8-8F1C-501E58AA7D4D}.Debug|x64.ActiveCfg = Debug|Any CPU
		{A18A146B-FB5A-4AB8-8F1C-501E58AA7D4D}.Debug|x64.Build.0 = Debug|Any CPU
		{A18A146B-FB5A-4AB8-8F1C-501E58AA7D4D}.Debug|x86.ActiveCfg = Debug|Any CPU
		{A18A146B-FB5A-4AB8-8F1C-501E58AA7D4D}.Debug|x86.Build.0 = Debug|Any CPU
		{A18A146B-FB5A-4AB8-8F1C-501E58AA7D4D}.Release|Any CPU.ActiveCfg = Release|Any CPU
		{A18A146B-FB5A-4AB8-8F1C-501E58AA7D4D}.Release|Any CPU.Build.0 = Release|Any CPU
		{A18A146B-FB5A-4AB8-8F1C-501E58AA7D4D}.Release|ARM.ActiveCfg = Release|Any CPU
		{A18A146B-FB5A-4AB8-8F1C-501E58AA7D4D}.Release|ARM.Build.0 = Release|Any CPU
		{A18A146B-FB5A-4AB8-8F1C-501E58AA7D4D}.Release|iPhone.ActiveCfg = Release|Any CPU
		{A18A146B-FB5A-4AB8-8F1C-501E58AA7D4D}.Release|iPhone.Build.0 = Release|Any CPU
		{A18A146B-FB5A-4AB8-8F1C-501E58AA7D4D}.Release|iPhoneSimulator.ActiveCfg = Release|Any CPU
		{A18A146B-FB5A-4AB8-8F1C-501E58AA7D4D}.Release|iPhoneSimulator.Build.0 = Release|Any CPU
		{A18A146B-FB5A-4AB8-8F1C-501E58AA7D4D}.Release|x64.ActiveCfg = Release|Any CPU
		{A18A146B-FB5A-4AB8-8F1C-501E58AA7D4D}.Release|x64.Build.0 = Release|Any CPU
		{A18A146B-FB5A-4AB8-8F1C-501E58AA7D4D}.Release|x86.ActiveCfg = Release|Any CPU
		{A18A146B-FB5A-4AB8-8F1C-501E58AA7D4D}.Release|x86.Build.0 = Release|Any CPU
		{D6CD228A-D8FA-4250-B770-CCC9CCD5698B}.Ad-Hoc|Any CPU.ActiveCfg = Release|Any CPU
		{D6CD228A-D8FA-4250-B770-CCC9CCD5698B}.Ad-Hoc|Any CPU.Build.0 = Release|Any CPU
		{D6CD228A-D8FA-4250-B770-CCC9CCD5698B}.Ad-Hoc|ARM.ActiveCfg = Release|Any CPU
		{D6CD228A-D8FA-4250-B770-CCC9CCD5698B}.Ad-Hoc|ARM.Build.0 = Release|Any CPU
		{D6CD228A-D8FA-4250-B770-CCC9CCD5698B}.Ad-Hoc|iPhone.ActiveCfg = Release|Any CPU
		{D6CD228A-D8FA-4250-B770-CCC9CCD5698B}.Ad-Hoc|iPhone.Build.0 = Release|Any CPU
		{D6CD228A-D8FA-4250-B770-CCC9CCD5698B}.Ad-Hoc|iPhoneSimulator.ActiveCfg = Release|Any CPU
		{D6CD228A-D8FA-4250-B770-CCC9CCD5698B}.Ad-Hoc|iPhoneSimulator.Build.0 = Release|Any CPU
		{D6CD228A-D8FA-4250-B770-CCC9CCD5698B}.Ad-Hoc|x64.ActiveCfg = Release|Any CPU
		{D6CD228A-D8FA-4250-B770-CCC9CCD5698B}.Ad-Hoc|x64.Build.0 = Release|Any CPU
		{D6CD228A-D8FA-4250-B770-CCC9CCD5698B}.Ad-Hoc|x86.ActiveCfg = Release|Any CPU
		{D6CD228A-D8FA-4250-B770-CCC9CCD5698B}.Ad-Hoc|x86.Build.0 = Release|Any CPU
		{D6CD228A-D8FA-4250-B770-CCC9CCD5698B}.AppStore|Any CPU.ActiveCfg = Release|Any CPU
		{D6CD228A-D8FA-4250-B770-CCC9CCD5698B}.AppStore|Any CPU.Build.0 = Release|Any CPU
		{D6CD228A-D8FA-4250-B770-CCC9CCD5698B}.AppStore|ARM.ActiveCfg = Release|Any CPU
		{D6CD228A-D8FA-4250-B770-CCC9CCD5698B}.AppStore|ARM.Build.0 = Release|Any CPU
		{D6CD228A-D8FA-4250-B770-CCC9CCD5698B}.AppStore|iPhone.ActiveCfg = Release|Any CPU
		{D6CD228A-D8FA-4250-B770-CCC9CCD5698B}.AppStore|iPhone.Build.0 = Release|Any CPU
		{D6CD228A-D8FA-4250-B770-CCC9CCD5698B}.AppStore|iPhoneSimulator.ActiveCfg = Release|Any CPU
		{D6CD228A-D8FA-4250-B770-CCC9CCD5698B}.AppStore|iPhoneSimulator.Build.0 = Release|Any CPU
		{D6CD228A-D8FA-4250-B770-CCC9CCD5698B}.AppStore|x64.ActiveCfg = Release|Any CPU
		{D6CD228A-D8FA-4250-B770-CCC9CCD5698B}.AppStore|x64.Build.0 = Release|Any CPU
		{D6CD228A-D8FA-4250-B770-CCC9CCD5698B}.AppStore|x86.ActiveCfg = Release|Any CPU
		{D6CD228A-D8FA-4250-B770-CCC9CCD5698B}.AppStore|x86.Build.0 = Release|Any CPU
		{D6CD228A-D8FA-4250-B770-CCC9CCD5698B}.Debug|Any CPU.ActiveCfg = Debug|Any CPU
		{D6CD228A-D8FA-4250-B770-CCC9CCD5698B}.Debug|Any CPU.Build.0 = Debug|Any CPU
		{D6CD228A-D8FA-4250-B770-CCC9CCD5698B}.Debug|ARM.ActiveCfg = Debug|Any CPU
		{D6CD228A-D8FA-4250-B770-CCC9CCD5698B}.Debug|ARM.Build.0 = Debug|Any CPU
		{D6CD228A-D8FA-4250-B770-CCC9CCD5698B}.Debug|iPhone.ActiveCfg = Debug|Any CPU
		{D6CD228A-D8FA-4250-B770-CCC9CCD5698B}.Debug|iPhone.Build.0 = Debug|Any CPU
		{D6CD228A-D8FA-4250-B770-CCC9CCD5698B}.Debug|iPhoneSimulator.ActiveCfg = Debug|Any CPU
		{D6CD228A-D8FA-4250-B770-CCC9CCD5698B}.Debug|iPhoneSimulator.Build.0 = Debug|Any CPU
		{D6CD228A-D8FA-4250-B770-CCC9CCD5698B}.Debug|x64.ActiveCfg = Debug|Any CPU
		{D6CD228A-D8FA-4250-B770-CCC9CCD5698B}.Debug|x64.Build.0 = Debug|Any CPU
		{D6CD228A-D8FA-4250-B770-CCC9CCD5698B}.Debug|x86.ActiveCfg = Debug|Any CPU
		{D6CD228A-D8FA-4250-B770-CCC9CCD5698B}.Debug|x86.Build.0 = Debug|Any CPU
		{D6CD228A-D8FA-4250-B770-CCC9CCD5698B}.Release|Any CPU.ActiveCfg = Release|Any CPU
		{D6CD228A-D8FA-4250-B770-CCC9CCD5698B}.Release|Any CPU.Build.0 = Release|Any CPU
		{D6CD228A-D8FA-4250-B770-CCC9CCD5698B}.Release|ARM.ActiveCfg = Release|Any CPU
		{D6CD228A-D8FA-4250-B770-CCC9CCD5698B}.Release|ARM.Build.0 = Release|Any CPU
		{D6CD228A-D8FA-4250-B770-CCC9CCD5698B}.Release|iPhone.ActiveCfg = Release|Any CPU
		{D6CD228A-D8FA-4250-B770-CCC9CCD5698B}.Release|iPhone.Build.0 = Release|Any CPU
		{D6CD228A-D8FA-4250-B770-CCC9CCD5698B}.Release|iPhoneSimulator.ActiveCfg = Release|Any CPU
		{D6CD228A-D8FA-4250-B770-CCC9CCD5698B}.Release|iPhoneSimulator.Build.0 = Release|Any CPU
		{D6CD228A-D8FA-4250-B770-CCC9CCD5698B}.Release|x64.ActiveCfg = Release|Any CPU
		{D6CD228A-D8FA-4250-B770-CCC9CCD5698B}.Release|x64.Build.0 = Release|Any CPU
		{D6CD228A-D8FA-4250-B770-CCC9CCD5698B}.Release|x86.ActiveCfg = Release|Any CPU
		{D6CD228A-D8FA-4250-B770-CCC9CCD5698B}.Release|x86.Build.0 = Release|Any CPU
		{59F6811C-4F4F-4EFD-B46D-F1434830200C}.Ad-Hoc|Any CPU.ActiveCfg = Release|Any CPU
		{59F6811C-4F4F-4EFD-B46D-F1434830200C}.Ad-Hoc|Any CPU.Build.0 = Release|Any CPU
		{59F6811C-4F4F-4EFD-B46D-F1434830200C}.Ad-Hoc|Any CPU.Deploy.0 = Release|Any CPU
		{59F6811C-4F4F-4EFD-B46D-F1434830200C}.Ad-Hoc|ARM.ActiveCfg = Release|Any CPU
		{59F6811C-4F4F-4EFD-B46D-F1434830200C}.Ad-Hoc|ARM.Build.0 = Release|Any CPU
		{59F6811C-4F4F-4EFD-B46D-F1434830200C}.Ad-Hoc|ARM.Deploy.0 = Release|Any CPU
		{59F6811C-4F4F-4EFD-B46D-F1434830200C}.Ad-Hoc|iPhone.ActiveCfg = Release|Any CPU
		{59F6811C-4F4F-4EFD-B46D-F1434830200C}.Ad-Hoc|iPhone.Build.0 = Release|Any CPU
		{59F6811C-4F4F-4EFD-B46D-F1434830200C}.Ad-Hoc|iPhone.Deploy.0 = Release|Any CPU
		{59F6811C-4F4F-4EFD-B46D-F1434830200C}.Ad-Hoc|iPhoneSimulator.ActiveCfg = Release|Any CPU
		{59F6811C-4F4F-4EFD-B46D-F1434830200C}.Ad-Hoc|iPhoneSimulator.Build.0 = Release|Any CPU
		{59F6811C-4F4F-4EFD-B46D-F1434830200C}.Ad-Hoc|iPhoneSimulator.Deploy.0 = Release|Any CPU
		{59F6811C-4F4F-4EFD-B46D-F1434830200C}.Ad-Hoc|x64.ActiveCfg = Release|Any CPU
		{59F6811C-4F4F-4EFD-B46D-F1434830200C}.Ad-Hoc|x64.Build.0 = Release|Any CPU
		{59F6811C-4F4F-4EFD-B46D-F1434830200C}.Ad-Hoc|x64.Deploy.0 = Release|Any CPU
		{59F6811C-4F4F-4EFD-B46D-F1434830200C}.Ad-Hoc|x86.ActiveCfg = Release|Any CPU
		{59F6811C-4F4F-4EFD-B46D-F1434830200C}.Ad-Hoc|x86.Build.0 = Release|Any CPU
		{59F6811C-4F4F-4EFD-B46D-F1434830200C}.Ad-Hoc|x86.Deploy.0 = Release|Any CPU
		{59F6811C-4F4F-4EFD-B46D-F1434830200C}.AppStore|Any CPU.ActiveCfg = Release|Any CPU
		{59F6811C-4F4F-4EFD-B46D-F1434830200C}.AppStore|Any CPU.Build.0 = Release|Any CPU
		{59F6811C-4F4F-4EFD-B46D-F1434830200C}.AppStore|Any CPU.Deploy.0 = Release|Any CPU
		{59F6811C-4F4F-4EFD-B46D-F1434830200C}.AppStore|ARM.ActiveCfg = Release|Any CPU
		{59F6811C-4F4F-4EFD-B46D-F1434830200C}.AppStore|ARM.Build.0 = Release|Any CPU
		{59F6811C-4F4F-4EFD-B46D-F1434830200C}.AppStore|ARM.Deploy.0 = Release|Any CPU
		{59F6811C-4F4F-4EFD-B46D-F1434830200C}.AppStore|iPhone.ActiveCfg = Release|Any CPU
		{59F6811C-4F4F-4EFD-B46D-F1434830200C}.AppStore|iPhone.Build.0 = Release|Any CPU
		{59F6811C-4F4F-4EFD-B46D-F1434830200C}.AppStore|iPhone.Deploy.0 = Release|Any CPU
		{59F6811C-4F4F-4EFD-B46D-F1434830200C}.AppStore|iPhoneSimulator.ActiveCfg = Release|Any CPU
		{59F6811C-4F4F-4EFD-B46D-F1434830200C}.AppStore|iPhoneSimulator.Build.0 = Release|Any CPU
		{59F6811C-4F4F-4EFD-B46D-F1434830200C}.AppStore|iPhoneSimulator.Deploy.0 = Release|Any CPU
		{59F6811C-4F4F-4EFD-B46D-F1434830200C}.AppStore|x64.ActiveCfg = Release|Any CPU
		{59F6811C-4F4F-4EFD-B46D-F1434830200C}.AppStore|x64.Build.0 = Release|Any CPU
		{59F6811C-4F4F-4EFD-B46D-F1434830200C}.AppStore|x64.Deploy.0 = Release|Any CPU
		{59F6811C-4F4F-4EFD-B46D-F1434830200C}.AppStore|x86.ActiveCfg = Release|Any CPU
		{59F6811C-4F4F-4EFD-B46D-F1434830200C}.AppStore|x86.Build.0 = Release|Any CPU
		{59F6811C-4F4F-4EFD-B46D-F1434830200C}.AppStore|x86.Deploy.0 = Release|Any CPU
		{59F6811C-4F4F-4EFD-B46D-F1434830200C}.Debug|Any CPU.ActiveCfg = Debug|Any CPU
		{59F6811C-4F4F-4EFD-B46D-F1434830200C}.Debug|Any CPU.Build.0 = Debug|Any CPU
		{59F6811C-4F4F-4EFD-B46D-F1434830200C}.Debug|Any CPU.Deploy.0 = Debug|Any CPU
		{59F6811C-4F4F-4EFD-B46D-F1434830200C}.Debug|ARM.ActiveCfg = Debug|Any CPU
		{59F6811C-4F4F-4EFD-B46D-F1434830200C}.Debug|ARM.Build.0 = Debug|Any CPU
		{59F6811C-4F4F-4EFD-B46D-F1434830200C}.Debug|ARM.Deploy.0 = Debug|Any CPU
		{59F6811C-4F4F-4EFD-B46D-F1434830200C}.Debug|iPhone.ActiveCfg = Debug|Any CPU
		{59F6811C-4F4F-4EFD-B46D-F1434830200C}.Debug|iPhone.Build.0 = Debug|Any CPU
		{59F6811C-4F4F-4EFD-B46D-F1434830200C}.Debug|iPhone.Deploy.0 = Debug|Any CPU
		{59F6811C-4F4F-4EFD-B46D-F1434830200C}.Debug|iPhoneSimulator.ActiveCfg = Debug|Any CPU
		{59F6811C-4F4F-4EFD-B46D-F1434830200C}.Debug|iPhoneSimulator.Build.0 = Debug|Any CPU
		{59F6811C-4F4F-4EFD-B46D-F1434830200C}.Debug|iPhoneSimulator.Deploy.0 = Debug|Any CPU
		{59F6811C-4F4F-4EFD-B46D-F1434830200C}.Debug|x64.ActiveCfg = Debug|Any CPU
		{59F6811C-4F4F-4EFD-B46D-F1434830200C}.Debug|x64.Build.0 = Debug|Any CPU
		{59F6811C-4F4F-4EFD-B46D-F1434830200C}.Debug|x64.Deploy.0 = Debug|Any CPU
		{59F6811C-4F4F-4EFD-B46D-F1434830200C}.Debug|x86.ActiveCfg = Debug|Any CPU
		{59F6811C-4F4F-4EFD-B46D-F1434830200C}.Debug|x86.Build.0 = Debug|Any CPU
		{59F6811C-4F4F-4EFD-B46D-F1434830200C}.Release|Any CPU.ActiveCfg = Release|Any CPU
		{59F6811C-4F4F-4EFD-B46D-F1434830200C}.Release|Any CPU.Build.0 = Release|Any CPU
		{59F6811C-4F4F-4EFD-B46D-F1434830200C}.Release|Any CPU.Deploy.0 = Release|Any CPU
		{59F6811C-4F4F-4EFD-B46D-F1434830200C}.Release|ARM.ActiveCfg = Release|Any CPU
		{59F6811C-4F4F-4EFD-B46D-F1434830200C}.Release|ARM.Build.0 = Release|Any CPU
		{59F6811C-4F4F-4EFD-B46D-F1434830200C}.Release|ARM.Deploy.0 = Release|Any CPU
		{59F6811C-4F4F-4EFD-B46D-F1434830200C}.Release|iPhone.ActiveCfg = Release|Any CPU
		{59F6811C-4F4F-4EFD-B46D-F1434830200C}.Release|iPhone.Build.0 = Release|Any CPU
		{59F6811C-4F4F-4EFD-B46D-F1434830200C}.Release|iPhone.Deploy.0 = Release|Any CPU
		{59F6811C-4F4F-4EFD-B46D-F1434830200C}.Release|iPhoneSimulator.ActiveCfg = Release|Any CPU
		{59F6811C-4F4F-4EFD-B46D-F1434830200C}.Release|iPhoneSimulator.Build.0 = Release|Any CPU
		{59F6811C-4F4F-4EFD-B46D-F1434830200C}.Release|iPhoneSimulator.Deploy.0 = Release|Any CPU
		{59F6811C-4F4F-4EFD-B46D-F1434830200C}.Release|x64.ActiveCfg = Release|Any CPU
		{59F6811C-4F4F-4EFD-B46D-F1434830200C}.Release|x64.Build.0 = Release|Any CPU
		{59F6811C-4F4F-4EFD-B46D-F1434830200C}.Release|x64.Deploy.0 = Release|Any CPU
		{59F6811C-4F4F-4EFD-B46D-F1434830200C}.Release|x86.ActiveCfg = Release|Any CPU
		{59F6811C-4F4F-4EFD-B46D-F1434830200C}.Release|x86.Build.0 = Release|Any CPU
		{1F79DB59-F3A8-45B7-972B-ECD15259D1C9}.Ad-Hoc|Any CPU.ActiveCfg = Debug|Any CPU
		{1F79DB59-F3A8-45B7-972B-ECD15259D1C9}.Ad-Hoc|Any CPU.Build.0 = Debug|Any CPU
		{1F79DB59-F3A8-45B7-972B-ECD15259D1C9}.Ad-Hoc|ARM.ActiveCfg = Debug|Any CPU
		{1F79DB59-F3A8-45B7-972B-ECD15259D1C9}.Ad-Hoc|ARM.Build.0 = Debug|Any CPU
		{1F79DB59-F3A8-45B7-972B-ECD15259D1C9}.Ad-Hoc|iPhone.ActiveCfg = Debug|Any CPU
		{1F79DB59-F3A8-45B7-972B-ECD15259D1C9}.Ad-Hoc|iPhone.Build.0 = Debug|Any CPU
		{1F79DB59-F3A8-45B7-972B-ECD15259D1C9}.Ad-Hoc|iPhoneSimulator.ActiveCfg = Debug|Any CPU
		{1F79DB59-F3A8-45B7-972B-ECD15259D1C9}.Ad-Hoc|iPhoneSimulator.Build.0 = Debug|Any CPU
		{1F79DB59-F3A8-45B7-972B-ECD15259D1C9}.Ad-Hoc|x64.ActiveCfg = Debug|Any CPU
		{1F79DB59-F3A8-45B7-972B-ECD15259D1C9}.Ad-Hoc|x64.Build.0 = Debug|Any CPU
		{1F79DB59-F3A8-45B7-972B-ECD15259D1C9}.Ad-Hoc|x86.ActiveCfg = Debug|Any CPU
		{1F79DB59-F3A8-45B7-972B-ECD15259D1C9}.Ad-Hoc|x86.Build.0 = Debug|Any CPU
		{1F79DB59-F3A8-45B7-972B-ECD15259D1C9}.AppStore|Any CPU.ActiveCfg = Debug|Any CPU
		{1F79DB59-F3A8-45B7-972B-ECD15259D1C9}.AppStore|Any CPU.Build.0 = Debug|Any CPU
		{1F79DB59-F3A8-45B7-972B-ECD15259D1C9}.AppStore|ARM.ActiveCfg = Debug|Any CPU
		{1F79DB59-F3A8-45B7-972B-ECD15259D1C9}.AppStore|ARM.Build.0 = Debug|Any CPU
		{1F79DB59-F3A8-45B7-972B-ECD15259D1C9}.AppStore|iPhone.ActiveCfg = Debug|Any CPU
		{1F79DB59-F3A8-45B7-972B-ECD15259D1C9}.AppStore|iPhone.Build.0 = Debug|Any CPU
		{1F79DB59-F3A8-45B7-972B-ECD15259D1C9}.AppStore|iPhoneSimulator.ActiveCfg = Debug|Any CPU
		{1F79DB59-F3A8-45B7-972B-ECD15259D1C9}.AppStore|iPhoneSimulator.Build.0 = Debug|Any CPU
		{1F79DB59-F3A8-45B7-972B-ECD15259D1C9}.AppStore|x64.ActiveCfg = Debug|Any CPU
		{1F79DB59-F3A8-45B7-972B-ECD15259D1C9}.AppStore|x64.Build.0 = Debug|Any CPU
		{1F79DB59-F3A8-45B7-972B-ECD15259D1C9}.AppStore|x86.ActiveCfg = Debug|Any CPU
		{1F79DB59-F3A8-45B7-972B-ECD15259D1C9}.AppStore|x86.Build.0 = Debug|Any CPU
		{1F79DB59-F3A8-45B7-972B-ECD15259D1C9}.Debug|Any CPU.ActiveCfg = Debug|Any CPU
		{1F79DB59-F3A8-45B7-972B-ECD15259D1C9}.Debug|Any CPU.Build.0 = Debug|Any CPU
		{1F79DB59-F3A8-45B7-972B-ECD15259D1C9}.Debug|ARM.ActiveCfg = Debug|Any CPU
		{1F79DB59-F3A8-45B7-972B-ECD15259D1C9}.Debug|ARM.Build.0 = Debug|Any CPU
		{1F79DB59-F3A8-45B7-972B-ECD15259D1C9}.Debug|iPhone.ActiveCfg = Debug|Any CPU
		{1F79DB59-F3A8-45B7-972B-ECD15259D1C9}.Debug|iPhone.Build.0 = Debug|Any CPU
		{1F79DB59-F3A8-45B7-972B-ECD15259D1C9}.Debug|iPhoneSimulator.ActiveCfg = Debug|Any CPU
		{1F79DB59-F3A8-45B7-972B-ECD15259D1C9}.Debug|iPhoneSimulator.Build.0 = Debug|Any CPU
		{1F79DB59-F3A8-45B7-972B-ECD15259D1C9}.Debug|x64.ActiveCfg = Debug|Any CPU
		{1F79DB59-F3A8-45B7-972B-ECD15259D1C9}.Debug|x64.Build.0 = Debug|Any CPU
		{1F79DB59-F3A8-45B7-972B-ECD15259D1C9}.Debug|x86.ActiveCfg = Debug|Any CPU
		{1F79DB59-F3A8-45B7-972B-ECD15259D1C9}.Debug|x86.Build.0 = Debug|Any CPU
		{1F79DB59-F3A8-45B7-972B-ECD15259D1C9}.Release|Any CPU.ActiveCfg = Release|Any CPU
		{1F79DB59-F3A8-45B7-972B-ECD15259D1C9}.Release|Any CPU.Build.0 = Release|Any CPU
		{1F79DB59-F3A8-45B7-972B-ECD15259D1C9}.Release|ARM.ActiveCfg = Release|Any CPU
		{1F79DB59-F3A8-45B7-972B-ECD15259D1C9}.Release|ARM.Build.0 = Release|Any CPU
		{1F79DB59-F3A8-45B7-972B-ECD15259D1C9}.Release|iPhone.ActiveCfg = Release|Any CPU
		{1F79DB59-F3A8-45B7-972B-ECD15259D1C9}.Release|iPhone.Build.0 = Release|Any CPU
		{1F79DB59-F3A8-45B7-972B-ECD15259D1C9}.Release|iPhoneSimulator.ActiveCfg = Release|Any CPU
		{1F79DB59-F3A8-45B7-972B-ECD15259D1C9}.Release|iPhoneSimulator.Build.0 = Release|Any CPU
		{1F79DB59-F3A8-45B7-972B-ECD15259D1C9}.Release|x64.ActiveCfg = Release|Any CPU
		{1F79DB59-F3A8-45B7-972B-ECD15259D1C9}.Release|x64.Build.0 = Release|Any CPU
		{1F79DB59-F3A8-45B7-972B-ECD15259D1C9}.Release|x86.ActiveCfg = Release|Any CPU
		{1F79DB59-F3A8-45B7-972B-ECD15259D1C9}.Release|x86.Build.0 = Release|Any CPU
		{4AC8498B-95D0-45AD-96E9-EB4388FA7582}.Ad-Hoc|Any CPU.ActiveCfg = Debug|Any CPU
		{4AC8498B-95D0-45AD-96E9-EB4388FA7582}.Ad-Hoc|Any CPU.Build.0 = Debug|Any CPU
		{4AC8498B-95D0-45AD-96E9-EB4388FA7582}.Ad-Hoc|ARM.ActiveCfg = Debug|Any CPU
		{4AC8498B-95D0-45AD-96E9-EB4388FA7582}.Ad-Hoc|ARM.Build.0 = Debug|Any CPU
		{4AC8498B-95D0-45AD-96E9-EB4388FA7582}.Ad-Hoc|iPhone.ActiveCfg = Debug|Any CPU
		{4AC8498B-95D0-45AD-96E9-EB4388FA7582}.Ad-Hoc|iPhone.Build.0 = Debug|Any CPU
		{4AC8498B-95D0-45AD-96E9-EB4388FA7582}.Ad-Hoc|iPhoneSimulator.ActiveCfg = Debug|Any CPU
		{4AC8498B-95D0-45AD-96E9-EB4388FA7582}.Ad-Hoc|iPhoneSimulator.Build.0 = Debug|Any CPU
		{4AC8498B-95D0-45AD-96E9-EB4388FA7582}.Ad-Hoc|x64.ActiveCfg = Debug|Any CPU
		{4AC8498B-95D0-45AD-96E9-EB4388FA7582}.Ad-Hoc|x64.Build.0 = Debug|Any CPU
		{4AC8498B-95D0-45AD-96E9-EB4388FA7582}.Ad-Hoc|x86.ActiveCfg = Debug|Any CPU
		{4AC8498B-95D0-45AD-96E9-EB4388FA7582}.Ad-Hoc|x86.Build.0 = Debug|Any CPU
		{4AC8498B-95D0-45AD-96E9-EB4388FA7582}.AppStore|Any CPU.ActiveCfg = Debug|Any CPU
		{4AC8498B-95D0-45AD-96E9-EB4388FA7582}.AppStore|Any CPU.Build.0 = Debug|Any CPU
		{4AC8498B-95D0-45AD-96E9-EB4388FA7582}.AppStore|ARM.ActiveCfg = Debug|Any CPU
		{4AC8498B-95D0-45AD-96E9-EB4388FA7582}.AppStore|ARM.Build.0 = Debug|Any CPU
		{4AC8498B-95D0-45AD-96E9-EB4388FA7582}.AppStore|iPhone.ActiveCfg = Debug|Any CPU
		{4AC8498B-95D0-45AD-96E9-EB4388FA7582}.AppStore|iPhone.Build.0 = Debug|Any CPU
		{4AC8498B-95D0-45AD-96E9-EB4388FA7582}.AppStore|iPhoneSimulator.ActiveCfg = Debug|Any CPU
		{4AC8498B-95D0-45AD-96E9-EB4388FA7582}.AppStore|iPhoneSimulator.Build.0 = Debug|Any CPU
		{4AC8498B-95D0-45AD-96E9-EB4388FA7582}.AppStore|x64.ActiveCfg = Debug|Any CPU
		{4AC8498B-95D0-45AD-96E9-EB4388FA7582}.AppStore|x64.Build.0 = Debug|Any CPU
		{4AC8498B-95D0-45AD-96E9-EB4388FA7582}.AppStore|x86.ActiveCfg = Debug|Any CPU
		{4AC8498B-95D0-45AD-96E9-EB4388FA7582}.AppStore|x86.Build.0 = Debug|Any CPU
		{4AC8498B-95D0-45AD-96E9-EB4388FA7582}.Debug|Any CPU.ActiveCfg = Debug|Any CPU
		{4AC8498B-95D0-45AD-96E9-EB4388FA7582}.Debug|Any CPU.Build.0 = Debug|Any CPU
		{4AC8498B-95D0-45AD-96E9-EB4388FA7582}.Debug|ARM.ActiveCfg = Debug|Any CPU
		{4AC8498B-95D0-45AD-96E9-EB4388FA7582}.Debug|ARM.Build.0 = Debug|Any CPU
		{4AC8498B-95D0-45AD-96E9-EB4388FA7582}.Debug|iPhone.ActiveCfg = Debug|Any CPU
		{4AC8498B-95D0-45AD-96E9-EB4388FA7582}.Debug|iPhone.Build.0 = Debug|Any CPU
		{4AC8498B-95D0-45AD-96E9-EB4388FA7582}.Debug|iPhoneSimulator.ActiveCfg = Debug|Any CPU
		{4AC8498B-95D0-45AD-96E9-EB4388FA7582}.Debug|iPhoneSimulator.Build.0 = Debug|Any CPU
		{4AC8498B-95D0-45AD-96E9-EB4388FA7582}.Debug|x64.ActiveCfg = Debug|Any CPU
		{4AC8498B-95D0-45AD-96E9-EB4388FA7582}.Debug|x64.Build.0 = Debug|Any CPU
		{4AC8498B-95D0-45AD-96E9-EB4388FA7582}.Debug|x86.ActiveCfg = Debug|Any CPU
		{4AC8498B-95D0-45AD-96E9-EB4388FA7582}.Debug|x86.Build.0 = Debug|Any CPU
		{4AC8498B-95D0-45AD-96E9-EB4388FA7582}.Release|Any CPU.ActiveCfg = Release|Any CPU
		{4AC8498B-95D0-45AD-96E9-EB4388FA7582}.Release|Any CPU.Build.0 = Release|Any CPU
		{4AC8498B-95D0-45AD-96E9-EB4388FA7582}.Release|ARM.ActiveCfg = Release|Any CPU
		{4AC8498B-95D0-45AD-96E9-EB4388FA7582}.Release|ARM.Build.0 = Release|Any CPU
		{4AC8498B-95D0-45AD-96E9-EB4388FA7582}.Release|iPhone.ActiveCfg = Release|Any CPU
		{4AC8498B-95D0-45AD-96E9-EB4388FA7582}.Release|iPhone.Build.0 = Release|Any CPU
		{4AC8498B-95D0-45AD-96E9-EB4388FA7582}.Release|iPhoneSimulator.ActiveCfg = Release|Any CPU
		{4AC8498B-95D0-45AD-96E9-EB4388FA7582}.Release|iPhoneSimulator.Build.0 = Release|Any CPU
		{4AC8498B-95D0-45AD-96E9-EB4388FA7582}.Release|x64.ActiveCfg = Release|Any CPU
		{4AC8498B-95D0-45AD-96E9-EB4388FA7582}.Release|x64.Build.0 = Release|Any CPU
		{4AC8498B-95D0-45AD-96E9-EB4388FA7582}.Release|x86.ActiveCfg = Release|Any CPU
		{4AC8498B-95D0-45AD-96E9-EB4388FA7582}.Release|x86.Build.0 = Release|Any CPU
		{AD54C508-C0A1-4BF7-BA63-D21F078665F6}.Ad-Hoc|Any CPU.ActiveCfg = Release|Any CPU
		{AD54C508-C0A1-4BF7-BA63-D21F078665F6}.Ad-Hoc|Any CPU.Build.0 = Release|Any CPU
		{AD54C508-C0A1-4BF7-BA63-D21F078665F6}.Ad-Hoc|ARM.ActiveCfg = Release|Any CPU
		{AD54C508-C0A1-4BF7-BA63-D21F078665F6}.Ad-Hoc|ARM.Build.0 = Release|Any CPU
		{AD54C508-C0A1-4BF7-BA63-D21F078665F6}.Ad-Hoc|iPhone.ActiveCfg = Release|Any CPU
		{AD54C508-C0A1-4BF7-BA63-D21F078665F6}.Ad-Hoc|iPhone.Build.0 = Release|Any CPU
		{AD54C508-C0A1-4BF7-BA63-D21F078665F6}.Ad-Hoc|iPhoneSimulator.ActiveCfg = Release|Any CPU
		{AD54C508-C0A1-4BF7-BA63-D21F078665F6}.Ad-Hoc|iPhoneSimulator.Build.0 = Release|Any CPU
		{AD54C508-C0A1-4BF7-BA63-D21F078665F6}.Ad-Hoc|x64.ActiveCfg = Release|Any CPU
		{AD54C508-C0A1-4BF7-BA63-D21F078665F6}.Ad-Hoc|x64.Build.0 = Release|Any CPU
		{AD54C508-C0A1-4BF7-BA63-D21F078665F6}.Ad-Hoc|x86.ActiveCfg = Release|Any CPU
		{AD54C508-C0A1-4BF7-BA63-D21F078665F6}.Ad-Hoc|x86.Build.0 = Release|Any CPU
		{AD54C508-C0A1-4BF7-BA63-D21F078665F6}.AppStore|Any CPU.ActiveCfg = Release|Any CPU
		{AD54C508-C0A1-4BF7-BA63-D21F078665F6}.AppStore|Any CPU.Build.0 = Release|Any CPU
		{AD54C508-C0A1-4BF7-BA63-D21F078665F6}.AppStore|ARM.ActiveCfg = Release|Any CPU
		{AD54C508-C0A1-4BF7-BA63-D21F078665F6}.AppStore|ARM.Build.0 = Release|Any CPU
		{AD54C508-C0A1-4BF7-BA63-D21F078665F6}.AppStore|iPhone.ActiveCfg = Release|Any CPU
		{AD54C508-C0A1-4BF7-BA63-D21F078665F6}.AppStore|iPhone.Build.0 = Release|Any CPU
		{AD54C508-C0A1-4BF7-BA63-D21F078665F6}.AppStore|iPhoneSimulator.ActiveCfg = Release|Any CPU
		{AD54C508-C0A1-4BF7-BA63-D21F078665F6}.AppStore|iPhoneSimulator.Build.0 = Release|Any CPU
		{AD54C508-C0A1-4BF7-BA63-D21F078665F6}.AppStore|x64.ActiveCfg = Release|Any CPU
		{AD54C508-C0A1-4BF7-BA63-D21F078665F6}.AppStore|x64.Build.0 = Release|Any CPU
		{AD54C508-C0A1-4BF7-BA63-D21F078665F6}.AppStore|x86.ActiveCfg = Release|Any CPU
		{AD54C508-C0A1-4BF7-BA63-D21F078665F6}.AppStore|x86.Build.0 = Release|Any CPU
		{AD54C508-C0A1-4BF7-BA63-D21F078665F6}.Debug|Any CPU.ActiveCfg = Debug|Any CPU
		{AD54C508-C0A1-4BF7-BA63-D21F078665F6}.Debug|Any CPU.Build.0 = Debug|Any CPU
		{AD54C508-C0A1-4BF7-BA63-D21F078665F6}.Debug|ARM.ActiveCfg = Debug|Any CPU
		{AD54C508-C0A1-4BF7-BA63-D21F078665F6}.Debug|ARM.Build.0 = Debug|Any CPU
		{AD54C508-C0A1-4BF7-BA63-D21F078665F6}.Debug|iPhone.ActiveCfg = Debug|Any CPU
		{AD54C508-C0A1-4BF7-BA63-D21F078665F6}.Debug|iPhone.Build.0 = Debug|Any CPU
		{AD54C508-C0A1-4BF7-BA63-D21F078665F6}.Debug|iPhoneSimulator.ActiveCfg = Debug|Any CPU
		{AD54C508-C0A1-4BF7-BA63-D21F078665F6}.Debug|iPhoneSimulator.Build.0 = Debug|Any CPU
		{AD54C508-C0A1-4BF7-BA63-D21F078665F6}.Debug|x64.ActiveCfg = Debug|Any CPU
		{AD54C508-C0A1-4BF7-BA63-D21F078665F6}.Debug|x64.Build.0 = Debug|Any CPU
		{AD54C508-C0A1-4BF7-BA63-D21F078665F6}.Debug|x86.ActiveCfg = Debug|Any CPU
		{AD54C508-C0A1-4BF7-BA63-D21F078665F6}.Debug|x86.Build.0 = Debug|Any CPU
		{AD54C508-C0A1-4BF7-BA63-D21F078665F6}.Release|Any CPU.ActiveCfg = Release|Any CPU
		{AD54C508-C0A1-4BF7-BA63-D21F078665F6}.Release|Any CPU.Build.0 = Release|Any CPU
		{AD54C508-C0A1-4BF7-BA63-D21F078665F6}.Release|ARM.ActiveCfg = Release|Any CPU
		{AD54C508-C0A1-4BF7-BA63-D21F078665F6}.Release|ARM.Build.0 = Release|Any CPU
		{AD54C508-C0A1-4BF7-BA63-D21F078665F6}.Release|iPhone.ActiveCfg = Release|Any CPU
		{AD54C508-C0A1-4BF7-BA63-D21F078665F6}.Release|iPhone.Build.0 = Release|Any CPU
		{AD54C508-C0A1-4BF7-BA63-D21F078665F6}.Release|iPhoneSimulator.ActiveCfg = Release|Any CPU
		{AD54C508-C0A1-4BF7-BA63-D21F078665F6}.Release|iPhoneSimulator.Build.0 = Release|Any CPU
		{AD54C508-C0A1-4BF7-BA63-D21F078665F6}.Release|x64.ActiveCfg = Release|Any CPU
		{AD54C508-C0A1-4BF7-BA63-D21F078665F6}.Release|x64.Build.0 = Release|Any CPU
		{AD54C508-C0A1-4BF7-BA63-D21F078665F6}.Release|x86.ActiveCfg = Release|Any CPU
		{AD54C508-C0A1-4BF7-BA63-D21F078665F6}.Release|x86.Build.0 = Release|Any CPU
		{18757108-68F4-4B5E-B153-4F3E02D33572}.Ad-Hoc|Any CPU.ActiveCfg = Release|Any CPU
		{18757108-68F4-4B5E-B153-4F3E02D33572}.Ad-Hoc|Any CPU.Build.0 = Release|Any CPU
		{18757108-68F4-4B5E-B153-4F3E02D33572}.Ad-Hoc|ARM.ActiveCfg = Release|Any CPU
		{18757108-68F4-4B5E-B153-4F3E02D33572}.Ad-Hoc|ARM.Build.0 = Release|Any CPU
		{18757108-68F4-4B5E-B153-4F3E02D33572}.Ad-Hoc|iPhone.ActiveCfg = Release|Any CPU
		{18757108-68F4-4B5E-B153-4F3E02D33572}.Ad-Hoc|iPhone.Build.0 = Release|Any CPU
		{18757108-68F4-4B5E-B153-4F3E02D33572}.Ad-Hoc|iPhoneSimulator.ActiveCfg = Release|Any CPU
		{18757108-68F4-4B5E-B153-4F3E02D33572}.Ad-Hoc|iPhoneSimulator.Build.0 = Release|Any CPU
		{18757108-68F4-4B5E-B153-4F3E02D33572}.Ad-Hoc|x64.ActiveCfg = Release|Any CPU
		{18757108-68F4-4B5E-B153-4F3E02D33572}.Ad-Hoc|x64.Build.0 = Release|Any CPU
		{18757108-68F4-4B5E-B153-4F3E02D33572}.Ad-Hoc|x86.ActiveCfg = Release|Any CPU
		{18757108-68F4-4B5E-B153-4F3E02D33572}.Ad-Hoc|x86.Build.0 = Release|Any CPU
		{18757108-68F4-4B5E-B153-4F3E02D33572}.AppStore|Any CPU.ActiveCfg = Release|Any CPU
		{18757108-68F4-4B5E-B153-4F3E02D33572}.AppStore|Any CPU.Build.0 = Release|Any CPU
		{18757108-68F4-4B5E-B153-4F3E02D33572}.AppStore|ARM.ActiveCfg = Release|Any CPU
		{18757108-68F4-4B5E-B153-4F3E02D33572}.AppStore|ARM.Build.0 = Release|Any CPU
		{18757108-68F4-4B5E-B153-4F3E02D33572}.AppStore|iPhone.ActiveCfg = Release|Any CPU
		{18757108-68F4-4B5E-B153-4F3E02D33572}.AppStore|iPhone.Build.0 = Release|Any CPU
		{18757108-68F4-4B5E-B153-4F3E02D33572}.AppStore|iPhoneSimulator.ActiveCfg = Release|Any CPU
		{18757108-68F4-4B5E-B153-4F3E02D33572}.AppStore|iPhoneSimulator.Build.0 = Release|Any CPU
		{18757108-68F4-4B5E-B153-4F3E02D33572}.AppStore|x64.ActiveCfg = Release|Any CPU
		{18757108-68F4-4B5E-B153-4F3E02D33572}.AppStore|x64.Build.0 = Release|Any CPU
		{18757108-68F4-4B5E-B153-4F3E02D33572}.AppStore|x86.ActiveCfg = Release|Any CPU
		{18757108-68F4-4B5E-B153-4F3E02D33572}.AppStore|x86.Build.0 = Release|Any CPU
		{18757108-68F4-4B5E-B153-4F3E02D33572}.Debug|Any CPU.ActiveCfg = Debug|Any CPU
		{18757108-68F4-4B5E-B153-4F3E02D33572}.Debug|Any CPU.Build.0 = Debug|Any CPU
		{18757108-68F4-4B5E-B153-4F3E02D33572}.Debug|ARM.ActiveCfg = Debug|Any CPU
		{18757108-68F4-4B5E-B153-4F3E02D33572}.Debug|ARM.Build.0 = Debug|Any CPU
		{18757108-68F4-4B5E-B153-4F3E02D33572}.Debug|iPhone.ActiveCfg = Debug|Any CPU
		{18757108-68F4-4B5E-B153-4F3E02D33572}.Debug|iPhone.Build.0 = Debug|Any CPU
		{18757108-68F4-4B5E-B153-4F3E02D33572}.Debug|iPhoneSimulator.ActiveCfg = Debug|Any CPU
		{18757108-68F4-4B5E-B153-4F3E02D33572}.Debug|iPhoneSimulator.Build.0 = Debug|Any CPU
		{18757108-68F4-4B5E-B153-4F3E02D33572}.Debug|x64.ActiveCfg = Debug|Any CPU
		{18757108-68F4-4B5E-B153-4F3E02D33572}.Debug|x64.Build.0 = Debug|Any CPU
		{18757108-68F4-4B5E-B153-4F3E02D33572}.Debug|x86.ActiveCfg = Debug|Any CPU
		{18757108-68F4-4B5E-B153-4F3E02D33572}.Debug|x86.Build.0 = Debug|Any CPU
		{18757108-68F4-4B5E-B153-4F3E02D33572}.Release|Any CPU.ActiveCfg = Release|Any CPU
		{18757108-68F4-4B5E-B153-4F3E02D33572}.Release|Any CPU.Build.0 = Release|Any CPU
		{18757108-68F4-4B5E-B153-4F3E02D33572}.Release|ARM.ActiveCfg = Release|Any CPU
		{18757108-68F4-4B5E-B153-4F3E02D33572}.Release|ARM.Build.0 = Release|Any CPU
		{18757108-68F4-4B5E-B153-4F3E02D33572}.Release|iPhone.ActiveCfg = Release|Any CPU
		{18757108-68F4-4B5E-B153-4F3E02D33572}.Release|iPhone.Build.0 = Release|Any CPU
		{18757108-68F4-4B5E-B153-4F3E02D33572}.Release|iPhoneSimulator.ActiveCfg = Release|Any CPU
		{18757108-68F4-4B5E-B153-4F3E02D33572}.Release|iPhoneSimulator.Build.0 = Release|Any CPU
		{18757108-68F4-4B5E-B153-4F3E02D33572}.Release|x64.ActiveCfg = Release|Any CPU
		{18757108-68F4-4B5E-B153-4F3E02D33572}.Release|x64.Build.0 = Release|Any CPU
		{18757108-68F4-4B5E-B153-4F3E02D33572}.Release|x86.ActiveCfg = Release|Any CPU
		{18757108-68F4-4B5E-B153-4F3E02D33572}.Release|x86.Build.0 = Release|Any CPU
		{A47E458A-DF25-4FAC-9B80-5AA2B1870F22}.Ad-Hoc|Any CPU.ActiveCfg = Ad-Hoc|iPhone
		{A47E458A-DF25-4FAC-9B80-5AA2B1870F22}.Ad-Hoc|ARM.ActiveCfg = Ad-Hoc|iPhone
		{A47E458A-DF25-4FAC-9B80-5AA2B1870F22}.Ad-Hoc|iPhone.ActiveCfg = Ad-Hoc|iPhone
		{A47E458A-DF25-4FAC-9B80-5AA2B1870F22}.Ad-Hoc|iPhone.Build.0 = Ad-Hoc|iPhone
		{A47E458A-DF25-4FAC-9B80-5AA2B1870F22}.Ad-Hoc|iPhoneSimulator.ActiveCfg = Ad-Hoc|iPhoneSimulator
		{A47E458A-DF25-4FAC-9B80-5AA2B1870F22}.Ad-Hoc|iPhoneSimulator.Build.0 = Ad-Hoc|iPhoneSimulator
		{A47E458A-DF25-4FAC-9B80-5AA2B1870F22}.Ad-Hoc|x64.ActiveCfg = Ad-Hoc|iPhone
		{A47E458A-DF25-4FAC-9B80-5AA2B1870F22}.Ad-Hoc|x86.ActiveCfg = Ad-Hoc|iPhone
		{A47E458A-DF25-4FAC-9B80-5AA2B1870F22}.AppStore|Any CPU.ActiveCfg = AppStore|iPhone
		{A47E458A-DF25-4FAC-9B80-5AA2B1870F22}.AppStore|ARM.ActiveCfg = AppStore|iPhone
		{A47E458A-DF25-4FAC-9B80-5AA2B1870F22}.AppStore|iPhone.ActiveCfg = AppStore|iPhone
		{A47E458A-DF25-4FAC-9B80-5AA2B1870F22}.AppStore|iPhone.Build.0 = AppStore|iPhone
		{A47E458A-DF25-4FAC-9B80-5AA2B1870F22}.AppStore|iPhoneSimulator.ActiveCfg = AppStore|iPhoneSimulator
		{A47E458A-DF25-4FAC-9B80-5AA2B1870F22}.AppStore|iPhoneSimulator.Build.0 = AppStore|iPhoneSimulator
		{A47E458A-DF25-4FAC-9B80-5AA2B1870F22}.AppStore|x64.ActiveCfg = AppStore|iPhone
		{A47E458A-DF25-4FAC-9B80-5AA2B1870F22}.AppStore|x86.ActiveCfg = AppStore|iPhone
		{A47E458A-DF25-4FAC-9B80-5AA2B1870F22}.Debug|Any CPU.ActiveCfg = Debug|iPhoneSimulator
		{A47E458A-DF25-4FAC-9B80-5AA2B1870F22}.Debug|Any CPU.Build.0 = Debug|iPhoneSimulator
		{A47E458A-DF25-4FAC-9B80-5AA2B1870F22}.Debug|ARM.ActiveCfg = Debug|iPhone
		{A47E458A-DF25-4FAC-9B80-5AA2B1870F22}.Debug|iPhone.ActiveCfg = Debug|iPhone
		{A47E458A-DF25-4FAC-9B80-5AA2B1870F22}.Debug|iPhone.Build.0 = Debug|iPhone
		{A47E458A-DF25-4FAC-9B80-5AA2B1870F22}.Debug|iPhoneSimulator.ActiveCfg = Debug|iPhoneSimulator
		{A47E458A-DF25-4FAC-9B80-5AA2B1870F22}.Debug|iPhoneSimulator.Build.0 = Debug|iPhoneSimulator
		{A47E458A-DF25-4FAC-9B80-5AA2B1870F22}.Debug|x64.ActiveCfg = Debug|iPhone
		{A47E458A-DF25-4FAC-9B80-5AA2B1870F22}.Debug|x86.ActiveCfg = Debug|iPhoneSimulator
		{A47E458A-DF25-4FAC-9B80-5AA2B1870F22}.Debug|x86.Build.0 = Debug|iPhoneSimulator
		{A47E458A-DF25-4FAC-9B80-5AA2B1870F22}.Release|Any CPU.ActiveCfg = Release|iPhone
		{A47E458A-DF25-4FAC-9B80-5AA2B1870F22}.Release|ARM.ActiveCfg = Release|iPhone
		{A47E458A-DF25-4FAC-9B80-5AA2B1870F22}.Release|iPhone.ActiveCfg = Release|iPhone
		{A47E458A-DF25-4FAC-9B80-5AA2B1870F22}.Release|iPhone.Build.0 = Release|iPhone
		{A47E458A-DF25-4FAC-9B80-5AA2B1870F22}.Release|iPhoneSimulator.ActiveCfg = Release|iPhoneSimulator
		{A47E458A-DF25-4FAC-9B80-5AA2B1870F22}.Release|iPhoneSimulator.Build.0 = Release|iPhoneSimulator
		{A47E458A-DF25-4FAC-9B80-5AA2B1870F22}.Release|x64.ActiveCfg = Release|iPhone
		{A47E458A-DF25-4FAC-9B80-5AA2B1870F22}.Release|x86.ActiveCfg = Release|iPhone
		{E5110B30-EEBA-4514-9E55-EB0C2F00BA12}.Ad-Hoc|Any CPU.ActiveCfg = Release|x64
		{E5110B30-EEBA-4514-9E55-EB0C2F00BA12}.Ad-Hoc|Any CPU.Build.0 = Release|x64
		{E5110B30-EEBA-4514-9E55-EB0C2F00BA12}.Ad-Hoc|Any CPU.Deploy.0 = Release|x64
		{E5110B30-EEBA-4514-9E55-EB0C2F00BA12}.Ad-Hoc|ARM.ActiveCfg = Release|ARM
		{E5110B30-EEBA-4514-9E55-EB0C2F00BA12}.Ad-Hoc|ARM.Build.0 = Release|ARM
		{E5110B30-EEBA-4514-9E55-EB0C2F00BA12}.Ad-Hoc|ARM.Deploy.0 = Release|ARM
		{E5110B30-EEBA-4514-9E55-EB0C2F00BA12}.Ad-Hoc|iPhone.ActiveCfg = Release|x64
		{E5110B30-EEBA-4514-9E55-EB0C2F00BA12}.Ad-Hoc|iPhone.Build.0 = Release|x64
		{E5110B30-EEBA-4514-9E55-EB0C2F00BA12}.Ad-Hoc|iPhone.Deploy.0 = Release|x64
		{E5110B30-EEBA-4514-9E55-EB0C2F00BA12}.Ad-Hoc|iPhoneSimulator.ActiveCfg = Release|x64
		{E5110B30-EEBA-4514-9E55-EB0C2F00BA12}.Ad-Hoc|iPhoneSimulator.Build.0 = Release|x64
		{E5110B30-EEBA-4514-9E55-EB0C2F00BA12}.Ad-Hoc|iPhoneSimulator.Deploy.0 = Release|x64
		{E5110B30-EEBA-4514-9E55-EB0C2F00BA12}.Ad-Hoc|x64.ActiveCfg = Release|x64
		{E5110B30-EEBA-4514-9E55-EB0C2F00BA12}.Ad-Hoc|x64.Build.0 = Release|x64
		{E5110B30-EEBA-4514-9E55-EB0C2F00BA12}.Ad-Hoc|x64.Deploy.0 = Release|x64
		{E5110B30-EEBA-4514-9E55-EB0C2F00BA12}.Ad-Hoc|x86.ActiveCfg = Release|x86
		{E5110B30-EEBA-4514-9E55-EB0C2F00BA12}.Ad-Hoc|x86.Build.0 = Release|x86
		{E5110B30-EEBA-4514-9E55-EB0C2F00BA12}.Ad-Hoc|x86.Deploy.0 = Release|x86
		{E5110B30-EEBA-4514-9E55-EB0C2F00BA12}.AppStore|Any CPU.ActiveCfg = Release|x64
		{E5110B30-EEBA-4514-9E55-EB0C2F00BA12}.AppStore|Any CPU.Build.0 = Release|x64
		{E5110B30-EEBA-4514-9E55-EB0C2F00BA12}.AppStore|Any CPU.Deploy.0 = Release|x64
		{E5110B30-EEBA-4514-9E55-EB0C2F00BA12}.AppStore|ARM.ActiveCfg = Release|ARM
		{E5110B30-EEBA-4514-9E55-EB0C2F00BA12}.AppStore|ARM.Build.0 = Release|ARM
		{E5110B30-EEBA-4514-9E55-EB0C2F00BA12}.AppStore|ARM.Deploy.0 = Release|ARM
		{E5110B30-EEBA-4514-9E55-EB0C2F00BA12}.AppStore|iPhone.ActiveCfg = Release|x64
		{E5110B30-EEBA-4514-9E55-EB0C2F00BA12}.AppStore|iPhone.Build.0 = Release|x64
		{E5110B30-EEBA-4514-9E55-EB0C2F00BA12}.AppStore|iPhone.Deploy.0 = Release|x64
		{E5110B30-EEBA-4514-9E55-EB0C2F00BA12}.AppStore|iPhoneSimulator.ActiveCfg = Release|x64
		{E5110B30-EEBA-4514-9E55-EB0C2F00BA12}.AppStore|iPhoneSimulator.Build.0 = Release|x64
		{E5110B30-EEBA-4514-9E55-EB0C2F00BA12}.AppStore|iPhoneSimulator.Deploy.0 = Release|x64
		{E5110B30-EEBA-4514-9E55-EB0C2F00BA12}.AppStore|x64.ActiveCfg = Release|x64
		{E5110B30-EEBA-4514-9E55-EB0C2F00BA12}.AppStore|x64.Build.0 = Release|x64
		{E5110B30-EEBA-4514-9E55-EB0C2F00BA12}.AppStore|x64.Deploy.0 = Release|x64
		{E5110B30-EEBA-4514-9E55-EB0C2F00BA12}.AppStore|x86.ActiveCfg = Release|x86
		{E5110B30-EEBA-4514-9E55-EB0C2F00BA12}.AppStore|x86.Build.0 = Release|x86
		{E5110B30-EEBA-4514-9E55-EB0C2F00BA12}.AppStore|x86.Deploy.0 = Release|x86
		{E5110B30-EEBA-4514-9E55-EB0C2F00BA12}.Debug|Any CPU.ActiveCfg = Debug|x86
		{E5110B30-EEBA-4514-9E55-EB0C2F00BA12}.Debug|Any CPU.Build.0 = Debug|x86
		{E5110B30-EEBA-4514-9E55-EB0C2F00BA12}.Debug|Any CPU.Deploy.0 = Debug|x86
		{E5110B30-EEBA-4514-9E55-EB0C2F00BA12}.Debug|ARM.ActiveCfg = Debug|ARM
		{E5110B30-EEBA-4514-9E55-EB0C2F00BA12}.Debug|ARM.Build.0 = Debug|ARM
		{E5110B30-EEBA-4514-9E55-EB0C2F00BA12}.Debug|ARM.Deploy.0 = Debug|ARM
		{E5110B30-EEBA-4514-9E55-EB0C2F00BA12}.Debug|iPhone.ActiveCfg = Debug|x86
		{E5110B30-EEBA-4514-9E55-EB0C2F00BA12}.Debug|iPhoneSimulator.ActiveCfg = Debug|x86
		{E5110B30-EEBA-4514-9E55-EB0C2F00BA12}.Debug|x64.ActiveCfg = Debug|x64
		{E5110B30-EEBA-4514-9E55-EB0C2F00BA12}.Debug|x64.Build.0 = Debug|x64
		{E5110B30-EEBA-4514-9E55-EB0C2F00BA12}.Debug|x64.Deploy.0 = Debug|x64
		{E5110B30-EEBA-4514-9E55-EB0C2F00BA12}.Debug|x86.ActiveCfg = Debug|x86
		{E5110B30-EEBA-4514-9E55-EB0C2F00BA12}.Debug|x86.Build.0 = Debug|x86
		{E5110B30-EEBA-4514-9E55-EB0C2F00BA12}.Debug|x86.Deploy.0 = Debug|x86
		{E5110B30-EEBA-4514-9E55-EB0C2F00BA12}.Release|Any CPU.ActiveCfg = Release|x86
		{E5110B30-EEBA-4514-9E55-EB0C2F00BA12}.Release|ARM.ActiveCfg = Release|ARM
		{E5110B30-EEBA-4514-9E55-EB0C2F00BA12}.Release|ARM.Build.0 = Release|ARM
		{E5110B30-EEBA-4514-9E55-EB0C2F00BA12}.Release|ARM.Deploy.0 = Release|ARM
		{E5110B30-EEBA-4514-9E55-EB0C2F00BA12}.Release|iPhone.ActiveCfg = Release|x86
		{E5110B30-EEBA-4514-9E55-EB0C2F00BA12}.Release|iPhoneSimulator.ActiveCfg = Release|x86
		{E5110B30-EEBA-4514-9E55-EB0C2F00BA12}.Release|x64.ActiveCfg = Release|x64
		{E5110B30-EEBA-4514-9E55-EB0C2F00BA12}.Release|x64.Build.0 = Release|x64
		{E5110B30-EEBA-4514-9E55-EB0C2F00BA12}.Release|x64.Deploy.0 = Release|x64
		{E5110B30-EEBA-4514-9E55-EB0C2F00BA12}.Release|x86.ActiveCfg = Release|x86
		{E5110B30-EEBA-4514-9E55-EB0C2F00BA12}.Release|x86.Build.0 = Release|x86
		{A800695B-C5D8-4331-A80F-CE1CE8D842B3}.Ad-Hoc|Any CPU.ActiveCfg = Release|Any CPU
		{A800695B-C5D8-4331-A80F-CE1CE8D842B3}.Ad-Hoc|Any CPU.Build.0 = Release|Any CPU
		{A800695B-C5D8-4331-A80F-CE1CE8D842B3}.Ad-Hoc|ARM.ActiveCfg = Release|Any CPU
		{A800695B-C5D8-4331-A80F-CE1CE8D842B3}.Ad-Hoc|ARM.Build.0 = Release|Any CPU
		{A800695B-C5D8-4331-A80F-CE1CE8D842B3}.Ad-Hoc|iPhone.ActiveCfg = Release|Any CPU
		{A800695B-C5D8-4331-A80F-CE1CE8D842B3}.Ad-Hoc|iPhone.Build.0 = Release|Any CPU
		{A800695B-C5D8-4331-A80F-CE1CE8D842B3}.Ad-Hoc|iPhoneSimulator.ActiveCfg = Release|Any CPU
		{A800695B-C5D8-4331-A80F-CE1CE8D842B3}.Ad-Hoc|iPhoneSimulator.Build.0 = Release|Any CPU
		{A800695B-C5D8-4331-A80F-CE1CE8D842B3}.Ad-Hoc|x64.ActiveCfg = Release|Any CPU
		{A800695B-C5D8-4331-A80F-CE1CE8D842B3}.Ad-Hoc|x64.Build.0 = Release|Any CPU
		{A800695B-C5D8-4331-A80F-CE1CE8D842B3}.Ad-Hoc|x86.ActiveCfg = Release|Any CPU
		{A800695B-C5D8-4331-A80F-CE1CE8D842B3}.Ad-Hoc|x86.Build.0 = Release|Any CPU
		{A800695B-C5D8-4331-A80F-CE1CE8D842B3}.AppStore|Any CPU.ActiveCfg = Release|Any CPU
		{A800695B-C5D8-4331-A80F-CE1CE8D842B3}.AppStore|Any CPU.Build.0 = Release|Any CPU
		{A800695B-C5D8-4331-A80F-CE1CE8D842B3}.AppStore|ARM.ActiveCfg = Release|Any CPU
		{A800695B-C5D8-4331-A80F-CE1CE8D842B3}.AppStore|ARM.Build.0 = Release|Any CPU
		{A800695B-C5D8-4331-A80F-CE1CE8D842B3}.AppStore|iPhone.ActiveCfg = Release|Any CPU
		{A800695B-C5D8-4331-A80F-CE1CE8D842B3}.AppStore|iPhone.Build.0 = Release|Any CPU
		{A800695B-C5D8-4331-A80F-CE1CE8D842B3}.AppStore|iPhoneSimulator.ActiveCfg = Release|Any CPU
		{A800695B-C5D8-4331-A80F-CE1CE8D842B3}.AppStore|iPhoneSimulator.Build.0 = Release|Any CPU
		{A800695B-C5D8-4331-A80F-CE1CE8D842B3}.AppStore|x64.ActiveCfg = Release|Any CPU
		{A800695B-C5D8-4331-A80F-CE1CE8D842B3}.AppStore|x64.Build.0 = Release|Any CPU
		{A800695B-C5D8-4331-A80F-CE1CE8D842B3}.AppStore|x86.ActiveCfg = Release|Any CPU
		{A800695B-C5D8-4331-A80F-CE1CE8D842B3}.AppStore|x86.Build.0 = Release|Any CPU
		{A800695B-C5D8-4331-A80F-CE1CE8D842B3}.Debug|Any CPU.ActiveCfg = Debug|Any CPU
		{A800695B-C5D8-4331-A80F-CE1CE8D842B3}.Debug|Any CPU.Build.0 = Debug|Any CPU
		{A800695B-C5D8-4331-A80F-CE1CE8D842B3}.Debug|ARM.ActiveCfg = Debug|Any CPU
		{A800695B-C5D8-4331-A80F-CE1CE8D842B3}.Debug|ARM.Build.0 = Debug|Any CPU
		{A800695B-C5D8-4331-A80F-CE1CE8D842B3}.Debug|iPhone.ActiveCfg = Debug|Any CPU
		{A800695B-C5D8-4331-A80F-CE1CE8D842B3}.Debug|iPhone.Build.0 = Debug|Any CPU
		{A800695B-C5D8-4331-A80F-CE1CE8D842B3}.Debug|iPhoneSimulator.ActiveCfg = Debug|Any CPU
		{A800695B-C5D8-4331-A80F-CE1CE8D842B3}.Debug|iPhoneSimulator.Build.0 = Debug|Any CPU
		{A800695B-C5D8-4331-A80F-CE1CE8D842B3}.Debug|x64.ActiveCfg = Debug|Any CPU
		{A800695B-C5D8-4331-A80F-CE1CE8D842B3}.Debug|x64.Build.0 = Debug|Any CPU
		{A800695B-C5D8-4331-A80F-CE1CE8D842B3}.Debug|x86.ActiveCfg = Debug|Any CPU
		{A800695B-C5D8-4331-A80F-CE1CE8D842B3}.Debug|x86.Build.0 = Debug|Any CPU
		{A800695B-C5D8-4331-A80F-CE1CE8D842B3}.Release|Any CPU.ActiveCfg = Release|Any CPU
		{A800695B-C5D8-4331-A80F-CE1CE8D842B3}.Release|Any CPU.Build.0 = Release|Any CPU
		{A800695B-C5D8-4331-A80F-CE1CE8D842B3}.Release|ARM.ActiveCfg = Release|Any CPU
		{A800695B-C5D8-4331-A80F-CE1CE8D842B3}.Release|ARM.Build.0 = Release|Any CPU
		{A800695B-C5D8-4331-A80F-CE1CE8D842B3}.Release|iPhone.ActiveCfg = Release|Any CPU
		{A800695B-C5D8-4331-A80F-CE1CE8D842B3}.Release|iPhone.Build.0 = Release|Any CPU
		{A800695B-C5D8-4331-A80F-CE1CE8D842B3}.Release|iPhoneSimulator.ActiveCfg = Release|Any CPU
		{A800695B-C5D8-4331-A80F-CE1CE8D842B3}.Release|iPhoneSimulator.Build.0 = Release|Any CPU
		{A800695B-C5D8-4331-A80F-CE1CE8D842B3}.Release|x64.ActiveCfg = Release|Any CPU
		{A800695B-C5D8-4331-A80F-CE1CE8D842B3}.Release|x64.Build.0 = Release|Any CPU
		{A800695B-C5D8-4331-A80F-CE1CE8D842B3}.Release|x86.ActiveCfg = Release|Any CPU
		{A800695B-C5D8-4331-A80F-CE1CE8D842B3}.Release|x86.Build.0 = Release|Any CPU
		{004EB46A-7001-4158-BEA4-40C21F863BBF}.Ad-Hoc|Any CPU.ActiveCfg = Release|Any CPU
		{004EB46A-7001-4158-BEA4-40C21F863BBF}.Ad-Hoc|Any CPU.Build.0 = Release|Any CPU
		{004EB46A-7001-4158-BEA4-40C21F863BBF}.Ad-Hoc|ARM.ActiveCfg = Release|Any CPU
		{004EB46A-7001-4158-BEA4-40C21F863BBF}.Ad-Hoc|ARM.Build.0 = Release|Any CPU
		{004EB46A-7001-4158-BEA4-40C21F863BBF}.Ad-Hoc|iPhone.ActiveCfg = Release|Any CPU
		{004EB46A-7001-4158-BEA4-40C21F863BBF}.Ad-Hoc|iPhone.Build.0 = Release|Any CPU
		{004EB46A-7001-4158-BEA4-40C21F863BBF}.Ad-Hoc|iPhoneSimulator.ActiveCfg = Release|Any CPU
		{004EB46A-7001-4158-BEA4-40C21F863BBF}.Ad-Hoc|iPhoneSimulator.Build.0 = Release|Any CPU
		{004EB46A-7001-4158-BEA4-40C21F863BBF}.Ad-Hoc|x64.ActiveCfg = Release|Any CPU
		{004EB46A-7001-4158-BEA4-40C21F863BBF}.Ad-Hoc|x64.Build.0 = Release|Any CPU
		{004EB46A-7001-4158-BEA4-40C21F863BBF}.Ad-Hoc|x86.ActiveCfg = Release|Any CPU
		{004EB46A-7001-4158-BEA4-40C21F863BBF}.Ad-Hoc|x86.Build.0 = Release|Any CPU
		{004EB46A-7001-4158-BEA4-40C21F863BBF}.AppStore|Any CPU.ActiveCfg = Release|Any CPU
		{004EB46A-7001-4158-BEA4-40C21F863BBF}.AppStore|Any CPU.Build.0 = Release|Any CPU
		{004EB46A-7001-4158-BEA4-40C21F863BBF}.AppStore|ARM.ActiveCfg = Release|Any CPU
		{004EB46A-7001-4158-BEA4-40C21F863BBF}.AppStore|ARM.Build.0 = Release|Any CPU
		{004EB46A-7001-4158-BEA4-40C21F863BBF}.AppStore|iPhone.ActiveCfg = Release|Any CPU
		{004EB46A-7001-4158-BEA4-40C21F863BBF}.AppStore|iPhone.Build.0 = Release|Any CPU
		{004EB46A-7001-4158-BEA4-40C21F863BBF}.AppStore|iPhoneSimulator.ActiveCfg = Release|Any CPU
		{004EB46A-7001-4158-BEA4-40C21F863BBF}.AppStore|iPhoneSimulator.Build.0 = Release|Any CPU
		{004EB46A-7001-4158-BEA4-40C21F863BBF}.AppStore|x64.ActiveCfg = Release|Any CPU
		{004EB46A-7001-4158-BEA4-40C21F863BBF}.AppStore|x64.Build.0 = Release|Any CPU
		{004EB46A-7001-4158-BEA4-40C21F863BBF}.AppStore|x86.ActiveCfg = Release|Any CPU
		{004EB46A-7001-4158-BEA4-40C21F863BBF}.AppStore|x86.Build.0 = Release|Any CPU
		{004EB46A-7001-4158-BEA4-40C21F863BBF}.Debug|Any CPU.ActiveCfg = Debug|Any CPU
		{004EB46A-7001-4158-BEA4-40C21F863BBF}.Debug|Any CPU.Build.0 = Debug|Any CPU
		{004EB46A-7001-4158-BEA4-40C21F863BBF}.Debug|ARM.ActiveCfg = Debug|Any CPU
		{004EB46A-7001-4158-BEA4-40C21F863BBF}.Debug|ARM.Build.0 = Debug|Any CPU
		{004EB46A-7001-4158-BEA4-40C21F863BBF}.Debug|iPhone.ActiveCfg = Debug|Any CPU
		{004EB46A-7001-4158-BEA4-40C21F863BBF}.Debug|iPhone.Build.0 = Debug|Any CPU
		{004EB46A-7001-4158-BEA4-40C21F863BBF}.Debug|iPhoneSimulator.ActiveCfg = Debug|Any CPU
		{004EB46A-7001-4158-BEA4-40C21F863BBF}.Debug|iPhoneSimulator.Build.0 = Debug|Any CPU
		{004EB46A-7001-4158-BEA4-40C21F863BBF}.Debug|x64.ActiveCfg = Debug|Any CPU
		{004EB46A-7001-4158-BEA4-40C21F863BBF}.Debug|x64.Build.0 = Debug|Any CPU
		{004EB46A-7001-4158-BEA4-40C21F863BBF}.Debug|x86.ActiveCfg = Debug|Any CPU
		{004EB46A-7001-4158-BEA4-40C21F863BBF}.Debug|x86.Build.0 = Debug|Any CPU
		{004EB46A-7001-4158-BEA4-40C21F863BBF}.Release|Any CPU.ActiveCfg = Release|Any CPU
		{004EB46A-7001-4158-BEA4-40C21F863BBF}.Release|Any CPU.Build.0 = Release|Any CPU
		{004EB46A-7001-4158-BEA4-40C21F863BBF}.Release|ARM.ActiveCfg = Release|Any CPU
		{004EB46A-7001-4158-BEA4-40C21F863BBF}.Release|ARM.Build.0 = Release|Any CPU
		{004EB46A-7001-4158-BEA4-40C21F863BBF}.Release|iPhone.ActiveCfg = Release|Any CPU
		{004EB46A-7001-4158-BEA4-40C21F863BBF}.Release|iPhone.Build.0 = Release|Any CPU
		{004EB46A-7001-4158-BEA4-40C21F863BBF}.Release|iPhoneSimulator.ActiveCfg = Release|Any CPU
		{004EB46A-7001-4158-BEA4-40C21F863BBF}.Release|iPhoneSimulator.Build.0 = Release|Any CPU
		{004EB46A-7001-4158-BEA4-40C21F863BBF}.Release|x64.ActiveCfg = Release|Any CPU
		{004EB46A-7001-4158-BEA4-40C21F863BBF}.Release|x64.Build.0 = Release|Any CPU
		{004EB46A-7001-4158-BEA4-40C21F863BBF}.Release|x86.ActiveCfg = Release|Any CPU
		{004EB46A-7001-4158-BEA4-40C21F863BBF}.Release|x86.Build.0 = Release|Any CPU
		{B5885356-0EA1-4E6F-864F-1625E29A658F}.Ad-Hoc|Any CPU.ActiveCfg = Release|Any CPU
		{B5885356-0EA1-4E6F-864F-1625E29A658F}.Ad-Hoc|Any CPU.Build.0 = Release|Any CPU
		{B5885356-0EA1-4E6F-864F-1625E29A658F}.Ad-Hoc|ARM.ActiveCfg = Release|ARM
		{B5885356-0EA1-4E6F-864F-1625E29A658F}.Ad-Hoc|ARM.Build.0 = Release|ARM
		{B5885356-0EA1-4E6F-864F-1625E29A658F}.Ad-Hoc|iPhone.ActiveCfg = Release|Any CPU
		{B5885356-0EA1-4E6F-864F-1625E29A658F}.Ad-Hoc|iPhone.Build.0 = Release|Any CPU
		{B5885356-0EA1-4E6F-864F-1625E29A658F}.Ad-Hoc|iPhoneSimulator.ActiveCfg = Release|Any CPU
		{B5885356-0EA1-4E6F-864F-1625E29A658F}.Ad-Hoc|iPhoneSimulator.Build.0 = Release|Any CPU
		{B5885356-0EA1-4E6F-864F-1625E29A658F}.Ad-Hoc|x64.ActiveCfg = Release|x64
		{B5885356-0EA1-4E6F-864F-1625E29A658F}.Ad-Hoc|x64.Build.0 = Release|x64
		{B5885356-0EA1-4E6F-864F-1625E29A658F}.Ad-Hoc|x86.ActiveCfg = Release|x86
		{B5885356-0EA1-4E6F-864F-1625E29A658F}.Ad-Hoc|x86.Build.0 = Release|x86
		{B5885356-0EA1-4E6F-864F-1625E29A658F}.AppStore|Any CPU.ActiveCfg = Release|Any CPU
		{B5885356-0EA1-4E6F-864F-1625E29A658F}.AppStore|Any CPU.Build.0 = Release|Any CPU
		{B5885356-0EA1-4E6F-864F-1625E29A658F}.AppStore|ARM.ActiveCfg = Release|ARM
		{B5885356-0EA1-4E6F-864F-1625E29A658F}.AppStore|ARM.Build.0 = Release|ARM
		{B5885356-0EA1-4E6F-864F-1625E29A658F}.AppStore|iPhone.ActiveCfg = Release|Any CPU
		{B5885356-0EA1-4E6F-864F-1625E29A658F}.AppStore|iPhone.Build.0 = Release|Any CPU
		{B5885356-0EA1-4E6F-864F-1625E29A658F}.AppStore|iPhoneSimulator.ActiveCfg = Release|Any CPU
		{B5885356-0EA1-4E6F-864F-1625E29A658F}.AppStore|iPhoneSimulator.Build.0 = Release|Any CPU
		{B5885356-0EA1-4E6F-864F-1625E29A658F}.AppStore|x64.ActiveCfg = Release|x64
		{B5885356-0EA1-4E6F-864F-1625E29A658F}.AppStore|x64.Build.0 = Release|x64
		{B5885356-0EA1-4E6F-864F-1625E29A658F}.AppStore|x86.ActiveCfg = Release|x86
		{B5885356-0EA1-4E6F-864F-1625E29A658F}.AppStore|x86.Build.0 = Release|x86
		{B5885356-0EA1-4E6F-864F-1625E29A658F}.Debug|Any CPU.ActiveCfg = Debug|Any CPU
		{B5885356-0EA1-4E6F-864F-1625E29A658F}.Debug|Any CPU.Build.0 = Debug|Any CPU
		{B5885356-0EA1-4E6F-864F-1625E29A658F}.Debug|ARM.ActiveCfg = Debug|ARM
		{B5885356-0EA1-4E6F-864F-1625E29A658F}.Debug|ARM.Build.0 = Debug|ARM
		{B5885356-0EA1-4E6F-864F-1625E29A658F}.Debug|iPhone.ActiveCfg = Debug|Any CPU
		{B5885356-0EA1-4E6F-864F-1625E29A658F}.Debug|iPhone.Build.0 = Debug|Any CPU
		{B5885356-0EA1-4E6F-864F-1625E29A658F}.Debug|iPhoneSimulator.ActiveCfg = Debug|Any CPU
		{B5885356-0EA1-4E6F-864F-1625E29A658F}.Debug|iPhoneSimulator.Build.0 = Debug|Any CPU
		{B5885356-0EA1-4E6F-864F-1625E29A658F}.Debug|x64.ActiveCfg = Debug|x64
		{B5885356-0EA1-4E6F-864F-1625E29A658F}.Debug|x64.Build.0 = Debug|x64
		{B5885356-0EA1-4E6F-864F-1625E29A658F}.Debug|x86.ActiveCfg = Debug|x86
		{B5885356-0EA1-4E6F-864F-1625E29A658F}.Debug|x86.Build.0 = Debug|x86
		{B5885356-0EA1-4E6F-864F-1625E29A658F}.Release|Any CPU.ActiveCfg = Release|Any CPU
		{B5885356-0EA1-4E6F-864F-1625E29A658F}.Release|Any CPU.Build.0 = Release|Any CPU
		{B5885356-0EA1-4E6F-864F-1625E29A658F}.Release|ARM.ActiveCfg = Release|ARM
		{B5885356-0EA1-4E6F-864F-1625E29A658F}.Release|ARM.Build.0 = Release|ARM
		{B5885356-0EA1-4E6F-864F-1625E29A658F}.Release|iPhone.ActiveCfg = Release|Any CPU
		{B5885356-0EA1-4E6F-864F-1625E29A658F}.Release|iPhone.Build.0 = Release|Any CPU
		{B5885356-0EA1-4E6F-864F-1625E29A658F}.Release|iPhoneSimulator.ActiveCfg = Release|Any CPU
		{B5885356-0EA1-4E6F-864F-1625E29A658F}.Release|iPhoneSimulator.Build.0 = Release|Any CPU
		{B5885356-0EA1-4E6F-864F-1625E29A658F}.Release|x64.ActiveCfg = Release|x64
		{B5885356-0EA1-4E6F-864F-1625E29A658F}.Release|x64.Build.0 = Release|x64
		{B5885356-0EA1-4E6F-864F-1625E29A658F}.Release|x86.ActiveCfg = Release|Any CPU
		{B5885356-0EA1-4E6F-864F-1625E29A658F}.Release|x86.Build.0 = Release|Any CPU
		{C3EB229E-14FB-4004-AD7C-480EDFAFD843}.Ad-Hoc|Any CPU.ActiveCfg = Release|Any CPU
		{C3EB229E-14FB-4004-AD7C-480EDFAFD843}.Ad-Hoc|Any CPU.Build.0 = Release|Any CPU
		{C3EB229E-14FB-4004-AD7C-480EDFAFD843}.Ad-Hoc|ARM.ActiveCfg = Release|Any CPU
		{C3EB229E-14FB-4004-AD7C-480EDFAFD843}.Ad-Hoc|ARM.Build.0 = Release|Any CPU
		{C3EB229E-14FB-4004-AD7C-480EDFAFD843}.Ad-Hoc|iPhone.ActiveCfg = Release|Any CPU
		{C3EB229E-14FB-4004-AD7C-480EDFAFD843}.Ad-Hoc|iPhone.Build.0 = Release|Any CPU
		{C3EB229E-14FB-4004-AD7C-480EDFAFD843}.Ad-Hoc|iPhoneSimulator.ActiveCfg = Release|Any CPU
		{C3EB229E-14FB-4004-AD7C-480EDFAFD843}.Ad-Hoc|iPhoneSimulator.Build.0 = Release|Any CPU
		{C3EB229E-14FB-4004-AD7C-480EDFAFD843}.Ad-Hoc|x64.ActiveCfg = Release|Any CPU
		{C3EB229E-14FB-4004-AD7C-480EDFAFD843}.Ad-Hoc|x64.Build.0 = Release|Any CPU
		{C3EB229E-14FB-4004-AD7C-480EDFAFD843}.Ad-Hoc|x86.ActiveCfg = Release|Any CPU
		{C3EB229E-14FB-4004-AD7C-480EDFAFD843}.Ad-Hoc|x86.Build.0 = Release|Any CPU
		{C3EB229E-14FB-4004-AD7C-480EDFAFD843}.AppStore|Any CPU.ActiveCfg = Release|Any CPU
		{C3EB229E-14FB-4004-AD7C-480EDFAFD843}.AppStore|Any CPU.Build.0 = Release|Any CPU
		{C3EB229E-14FB-4004-AD7C-480EDFAFD843}.AppStore|ARM.ActiveCfg = Release|Any CPU
		{C3EB229E-14FB-4004-AD7C-480EDFAFD843}.AppStore|ARM.Build.0 = Release|Any CPU
		{C3EB229E-14FB-4004-AD7C-480EDFAFD843}.AppStore|iPhone.ActiveCfg = Release|Any CPU
		{C3EB229E-14FB-4004-AD7C-480EDFAFD843}.AppStore|iPhone.Build.0 = Release|Any CPU
		{C3EB229E-14FB-4004-AD7C-480EDFAFD843}.AppStore|iPhoneSimulator.ActiveCfg = Release|Any CPU
		{C3EB229E-14FB-4004-AD7C-480EDFAFD843}.AppStore|iPhoneSimulator.Build.0 = Release|Any CPU
		{C3EB229E-14FB-4004-AD7C-480EDFAFD843}.AppStore|x64.ActiveCfg = Release|Any CPU
		{C3EB229E-14FB-4004-AD7C-480EDFAFD843}.AppStore|x64.Build.0 = Release|Any CPU
		{C3EB229E-14FB-4004-AD7C-480EDFAFD843}.AppStore|x86.ActiveCfg = Release|Any CPU
		{C3EB229E-14FB-4004-AD7C-480EDFAFD843}.AppStore|x86.Build.0 = Release|Any CPU
		{C3EB229E-14FB-4004-AD7C-480EDFAFD843}.Debug|Any CPU.ActiveCfg = Debug|Any CPU
		{C3EB229E-14FB-4004-AD7C-480EDFAFD843}.Debug|Any CPU.Build.0 = Debug|Any CPU
		{C3EB229E-14FB-4004-AD7C-480EDFAFD843}.Debug|ARM.ActiveCfg = Debug|Any CPU
		{C3EB229E-14FB-4004-AD7C-480EDFAFD843}.Debug|ARM.Build.0 = Debug|Any CPU
		{C3EB229E-14FB-4004-AD7C-480EDFAFD843}.Debug|iPhone.ActiveCfg = Debug|Any CPU
		{C3EB229E-14FB-4004-AD7C-480EDFAFD843}.Debug|iPhone.Build.0 = Debug|Any CPU
		{C3EB229E-14FB-4004-AD7C-480EDFAFD843}.Debug|iPhoneSimulator.ActiveCfg = Debug|Any CPU
		{C3EB229E-14FB-4004-AD7C-480EDFAFD843}.Debug|iPhoneSimulator.Build.0 = Debug|Any CPU
		{C3EB229E-14FB-4004-AD7C-480EDFAFD843}.Debug|x64.ActiveCfg = Debug|Any CPU
		{C3EB229E-14FB-4004-AD7C-480EDFAFD843}.Debug|x64.Build.0 = Debug|Any CPU
		{C3EB229E-14FB-4004-AD7C-480EDFAFD843}.Debug|x86.ActiveCfg = Debug|Any CPU
		{C3EB229E-14FB-4004-AD7C-480EDFAFD843}.Debug|x86.Build.0 = Debug|Any CPU
		{C3EB229E-14FB-4004-AD7C-480EDFAFD843}.Release|Any CPU.ActiveCfg = Release|Any CPU
		{C3EB229E-14FB-4004-AD7C-480EDFAFD843}.Release|Any CPU.Build.0 = Release|Any CPU
		{C3EB229E-14FB-4004-AD7C-480EDFAFD843}.Release|ARM.ActiveCfg = Release|Any CPU
		{C3EB229E-14FB-4004-AD7C-480EDFAFD843}.Release|ARM.Build.0 = Release|Any CPU
		{C3EB229E-14FB-4004-AD7C-480EDFAFD843}.Release|iPhone.ActiveCfg = Release|Any CPU
		{C3EB229E-14FB-4004-AD7C-480EDFAFD843}.Release|iPhone.Build.0 = Release|Any CPU
		{C3EB229E-14FB-4004-AD7C-480EDFAFD843}.Release|iPhoneSimulator.ActiveCfg = Release|Any CPU
		{C3EB229E-14FB-4004-AD7C-480EDFAFD843}.Release|iPhoneSimulator.Build.0 = Release|Any CPU
		{C3EB229E-14FB-4004-AD7C-480EDFAFD843}.Release|x64.ActiveCfg = Release|Any CPU
		{C3EB229E-14FB-4004-AD7C-480EDFAFD843}.Release|x64.Build.0 = Release|Any CPU
		{C3EB229E-14FB-4004-AD7C-480EDFAFD843}.Release|x86.ActiveCfg = Release|Any CPU
		{C3EB229E-14FB-4004-AD7C-480EDFAFD843}.Release|x86.Build.0 = Release|Any CPU
		{C3030559-6BD9-408C-BB21-6637D9883188}.Ad-Hoc|Any CPU.ActiveCfg = Release|Any CPU
		{C3030559-6BD9-408C-BB21-6637D9883188}.Ad-Hoc|Any CPU.Build.0 = Release|Any CPU
		{C3030559-6BD9-408C-BB21-6637D9883188}.Ad-Hoc|ARM.ActiveCfg = Release|Any CPU
		{C3030559-6BD9-408C-BB21-6637D9883188}.Ad-Hoc|ARM.Build.0 = Release|Any CPU
		{C3030559-6BD9-408C-BB21-6637D9883188}.Ad-Hoc|iPhone.ActiveCfg = Release|Any CPU
		{C3030559-6BD9-408C-BB21-6637D9883188}.Ad-Hoc|iPhone.Build.0 = Release|Any CPU
		{C3030559-6BD9-408C-BB21-6637D9883188}.Ad-Hoc|iPhoneSimulator.ActiveCfg = Release|Any CPU
		{C3030559-6BD9-408C-BB21-6637D9883188}.Ad-Hoc|iPhoneSimulator.Build.0 = Release|Any CPU
		{C3030559-6BD9-408C-BB21-6637D9883188}.Ad-Hoc|x64.ActiveCfg = Release|Any CPU
		{C3030559-6BD9-408C-BB21-6637D9883188}.Ad-Hoc|x64.Build.0 = Release|Any CPU
		{C3030559-6BD9-408C-BB21-6637D9883188}.Ad-Hoc|x86.ActiveCfg = Release|Any CPU
		{C3030559-6BD9-408C-BB21-6637D9883188}.Ad-Hoc|x86.Build.0 = Release|Any CPU
		{C3030559-6BD9-408C-BB21-6637D9883188}.AppStore|Any CPU.ActiveCfg = Release|Any CPU
		{C3030559-6BD9-408C-BB21-6637D9883188}.AppStore|Any CPU.Build.0 = Release|Any CPU
		{C3030559-6BD9-408C-BB21-6637D9883188}.AppStore|ARM.ActiveCfg = Release|Any CPU
		{C3030559-6BD9-408C-BB21-6637D9883188}.AppStore|ARM.Build.0 = Release|Any CPU
		{C3030559-6BD9-408C-BB21-6637D9883188}.AppStore|iPhone.ActiveCfg = Release|Any CPU
		{C3030559-6BD9-408C-BB21-6637D9883188}.AppStore|iPhone.Build.0 = Release|Any CPU
		{C3030559-6BD9-408C-BB21-6637D9883188}.AppStore|iPhoneSimulator.ActiveCfg = Release|Any CPU
		{C3030559-6BD9-408C-BB21-6637D9883188}.AppStore|iPhoneSimulator.Build.0 = Release|Any CPU
		{C3030559-6BD9-408C-BB21-6637D9883188}.AppStore|x64.ActiveCfg = Release|Any CPU
		{C3030559-6BD9-408C-BB21-6637D9883188}.AppStore|x64.Build.0 = Release|Any CPU
		{C3030559-6BD9-408C-BB21-6637D9883188}.AppStore|x86.ActiveCfg = Release|Any CPU
		{C3030559-6BD9-408C-BB21-6637D9883188}.AppStore|x86.Build.0 = Release|Any CPU
		{C3030559-6BD9-408C-BB21-6637D9883188}.Debug|Any CPU.ActiveCfg = Debug|Any CPU
		{C3030559-6BD9-408C-BB21-6637D9883188}.Debug|Any CPU.Build.0 = Debug|Any CPU
		{C3030559-6BD9-408C-BB21-6637D9883188}.Debug|ARM.ActiveCfg = Debug|Any CPU
		{C3030559-6BD9-408C-BB21-6637D9883188}.Debug|ARM.Build.0 = Debug|Any CPU
		{C3030559-6BD9-408C-BB21-6637D9883188}.Debug|iPhone.ActiveCfg = Debug|Any CPU
		{C3030559-6BD9-408C-BB21-6637D9883188}.Debug|iPhone.Build.0 = Debug|Any CPU
		{C3030559-6BD9-408C-BB21-6637D9883188}.Debug|iPhoneSimulator.ActiveCfg = Debug|Any CPU
		{C3030559-6BD9-408C-BB21-6637D9883188}.Debug|iPhoneSimulator.Build.0 = Debug|Any CPU
		{C3030559-6BD9-408C-BB21-6637D9883188}.Debug|x64.ActiveCfg = Debug|Any CPU
		{C3030559-6BD9-408C-BB21-6637D9883188}.Debug|x64.Build.0 = Debug|Any CPU
		{C3030559-6BD9-408C-BB21-6637D9883188}.Debug|x86.ActiveCfg = Debug|Any CPU
		{C3030559-6BD9-408C-BB21-6637D9883188}.Debug|x86.Build.0 = Debug|Any CPU
		{C3030559-6BD9-408C-BB21-6637D9883188}.Release|Any CPU.ActiveCfg = Release|Any CPU
		{C3030559-6BD9-408C-BB21-6637D9883188}.Release|Any CPU.Build.0 = Release|Any CPU
		{C3030559-6BD9-408C-BB21-6637D9883188}.Release|ARM.ActiveCfg = Release|Any CPU
		{C3030559-6BD9-408C-BB21-6637D9883188}.Release|ARM.Build.0 = Release|Any CPU
		{C3030559-6BD9-408C-BB21-6637D9883188}.Release|iPhone.ActiveCfg = Release|Any CPU
		{C3030559-6BD9-408C-BB21-6637D9883188}.Release|iPhone.Build.0 = Release|Any CPU
		{C3030559-6BD9-408C-BB21-6637D9883188}.Release|iPhoneSimulator.ActiveCfg = Release|Any CPU
		{C3030559-6BD9-408C-BB21-6637D9883188}.Release|iPhoneSimulator.Build.0 = Release|Any CPU
		{C3030559-6BD9-408C-BB21-6637D9883188}.Release|x64.ActiveCfg = Release|Any CPU
		{C3030559-6BD9-408C-BB21-6637D9883188}.Release|x64.Build.0 = Release|Any CPU
		{C3030559-6BD9-408C-BB21-6637D9883188}.Release|x86.ActiveCfg = Release|Any CPU
		{C3030559-6BD9-408C-BB21-6637D9883188}.Release|x86.Build.0 = Release|Any CPU
		{5DB6D1AB-3252-4833-B97F-1194502F01BF}.Ad-Hoc|Any CPU.ActiveCfg = Debug|Any CPU
		{5DB6D1AB-3252-4833-B97F-1194502F01BF}.Ad-Hoc|Any CPU.Build.0 = Debug|Any CPU
		{5DB6D1AB-3252-4833-B97F-1194502F01BF}.Ad-Hoc|ARM.ActiveCfg = Debug|Any CPU
		{5DB6D1AB-3252-4833-B97F-1194502F01BF}.Ad-Hoc|ARM.Build.0 = Debug|Any CPU
		{5DB6D1AB-3252-4833-B97F-1194502F01BF}.Ad-Hoc|iPhone.ActiveCfg = Debug|Any CPU
		{5DB6D1AB-3252-4833-B97F-1194502F01BF}.Ad-Hoc|iPhone.Build.0 = Debug|Any CPU
		{5DB6D1AB-3252-4833-B97F-1194502F01BF}.Ad-Hoc|iPhoneSimulator.ActiveCfg = Debug|Any CPU
		{5DB6D1AB-3252-4833-B97F-1194502F01BF}.Ad-Hoc|iPhoneSimulator.Build.0 = Debug|Any CPU
		{5DB6D1AB-3252-4833-B97F-1194502F01BF}.Ad-Hoc|x64.ActiveCfg = Debug|Any CPU
		{5DB6D1AB-3252-4833-B97F-1194502F01BF}.Ad-Hoc|x64.Build.0 = Debug|Any CPU
		{5DB6D1AB-3252-4833-B97F-1194502F01BF}.Ad-Hoc|x86.ActiveCfg = Debug|Any CPU
		{5DB6D1AB-3252-4833-B97F-1194502F01BF}.Ad-Hoc|x86.Build.0 = Debug|Any CPU
		{5DB6D1AB-3252-4833-B97F-1194502F01BF}.AppStore|Any CPU.ActiveCfg = Debug|Any CPU
		{5DB6D1AB-3252-4833-B97F-1194502F01BF}.AppStore|Any CPU.Build.0 = Debug|Any CPU
		{5DB6D1AB-3252-4833-B97F-1194502F01BF}.AppStore|ARM.ActiveCfg = Debug|Any CPU
		{5DB6D1AB-3252-4833-B97F-1194502F01BF}.AppStore|ARM.Build.0 = Debug|Any CPU
		{5DB6D1AB-3252-4833-B97F-1194502F01BF}.AppStore|iPhone.ActiveCfg = Debug|Any CPU
		{5DB6D1AB-3252-4833-B97F-1194502F01BF}.AppStore|iPhone.Build.0 = Debug|Any CPU
		{5DB6D1AB-3252-4833-B97F-1194502F01BF}.AppStore|iPhoneSimulator.ActiveCfg = Debug|Any CPU
		{5DB6D1AB-3252-4833-B97F-1194502F01BF}.AppStore|iPhoneSimulator.Build.0 = Debug|Any CPU
		{5DB6D1AB-3252-4833-B97F-1194502F01BF}.AppStore|x64.ActiveCfg = Debug|Any CPU
		{5DB6D1AB-3252-4833-B97F-1194502F01BF}.AppStore|x64.Build.0 = Debug|Any CPU
		{5DB6D1AB-3252-4833-B97F-1194502F01BF}.AppStore|x86.ActiveCfg = Debug|Any CPU
		{5DB6D1AB-3252-4833-B97F-1194502F01BF}.AppStore|x86.Build.0 = Debug|Any CPU
		{5DB6D1AB-3252-4833-B97F-1194502F01BF}.Debug|Any CPU.ActiveCfg = Debug|Any CPU
		{5DB6D1AB-3252-4833-B97F-1194502F01BF}.Debug|Any CPU.Build.0 = Debug|Any CPU
		{5DB6D1AB-3252-4833-B97F-1194502F01BF}.Debug|ARM.ActiveCfg = Debug|Any CPU
		{5DB6D1AB-3252-4833-B97F-1194502F01BF}.Debug|ARM.Build.0 = Debug|Any CPU
		{5DB6D1AB-3252-4833-B97F-1194502F01BF}.Debug|iPhone.ActiveCfg = Debug|Any CPU
		{5DB6D1AB-3252-4833-B97F-1194502F01BF}.Debug|iPhone.Build.0 = Debug|Any CPU
		{5DB6D1AB-3252-4833-B97F-1194502F01BF}.Debug|iPhoneSimulator.ActiveCfg = Debug|Any CPU
		{5DB6D1AB-3252-4833-B97F-1194502F01BF}.Debug|iPhoneSimulator.Build.0 = Debug|Any CPU
		{5DB6D1AB-3252-4833-B97F-1194502F01BF}.Debug|x64.ActiveCfg = Debug|Any CPU
		{5DB6D1AB-3252-4833-B97F-1194502F01BF}.Debug|x64.Build.0 = Debug|Any CPU
		{5DB6D1AB-3252-4833-B97F-1194502F01BF}.Debug|x86.ActiveCfg = Debug|Any CPU
		{5DB6D1AB-3252-4833-B97F-1194502F01BF}.Debug|x86.Build.0 = Debug|Any CPU
		{5DB6D1AB-3252-4833-B97F-1194502F01BF}.Release|Any CPU.ActiveCfg = Release|Any CPU
		{5DB6D1AB-3252-4833-B97F-1194502F01BF}.Release|Any CPU.Build.0 = Release|Any CPU
		{5DB6D1AB-3252-4833-B97F-1194502F01BF}.Release|ARM.ActiveCfg = Release|Any CPU
		{5DB6D1AB-3252-4833-B97F-1194502F01BF}.Release|ARM.Build.0 = Release|Any CPU
		{5DB6D1AB-3252-4833-B97F-1194502F01BF}.Release|iPhone.ActiveCfg = Release|Any CPU
		{5DB6D1AB-3252-4833-B97F-1194502F01BF}.Release|iPhone.Build.0 = Release|Any CPU
		{5DB6D1AB-3252-4833-B97F-1194502F01BF}.Release|iPhoneSimulator.ActiveCfg = Release|Any CPU
		{5DB6D1AB-3252-4833-B97F-1194502F01BF}.Release|iPhoneSimulator.Build.0 = Release|Any CPU
		{5DB6D1AB-3252-4833-B97F-1194502F01BF}.Release|x64.ActiveCfg = Release|Any CPU
		{5DB6D1AB-3252-4833-B97F-1194502F01BF}.Release|x64.Build.0 = Release|Any CPU
		{5DB6D1AB-3252-4833-B97F-1194502F01BF}.Release|x86.ActiveCfg = Release|Any CPU
		{5DB6D1AB-3252-4833-B97F-1194502F01BF}.Release|x86.Build.0 = Release|Any CPU
		{5B9F23A7-E4B7-4FB7-B7DC-F208176799D1}.Ad-Hoc|Any CPU.ActiveCfg = Debug|Any CPU
		{5B9F23A7-E4B7-4FB7-B7DC-F208176799D1}.Ad-Hoc|Any CPU.Build.0 = Debug|Any CPU
		{5B9F23A7-E4B7-4FB7-B7DC-F208176799D1}.Ad-Hoc|ARM.ActiveCfg = Debug|Any CPU
		{5B9F23A7-E4B7-4FB7-B7DC-F208176799D1}.Ad-Hoc|ARM.Build.0 = Debug|Any CPU
		{5B9F23A7-E4B7-4FB7-B7DC-F208176799D1}.Ad-Hoc|iPhone.ActiveCfg = Debug|Any CPU
		{5B9F23A7-E4B7-4FB7-B7DC-F208176799D1}.Ad-Hoc|iPhone.Build.0 = Debug|Any CPU
		{5B9F23A7-E4B7-4FB7-B7DC-F208176799D1}.Ad-Hoc|iPhoneSimulator.ActiveCfg = Debug|Any CPU
		{5B9F23A7-E4B7-4FB7-B7DC-F208176799D1}.Ad-Hoc|iPhoneSimulator.Build.0 = Debug|Any CPU
		{5B9F23A7-E4B7-4FB7-B7DC-F208176799D1}.Ad-Hoc|x64.ActiveCfg = Debug|Any CPU
		{5B9F23A7-E4B7-4FB7-B7DC-F208176799D1}.Ad-Hoc|x64.Build.0 = Debug|Any CPU
		{5B9F23A7-E4B7-4FB7-B7DC-F208176799D1}.Ad-Hoc|x86.ActiveCfg = Debug|Any CPU
		{5B9F23A7-E4B7-4FB7-B7DC-F208176799D1}.Ad-Hoc|x86.Build.0 = Debug|Any CPU
		{5B9F23A7-E4B7-4FB7-B7DC-F208176799D1}.AppStore|Any CPU.ActiveCfg = Debug|Any CPU
		{5B9F23A7-E4B7-4FB7-B7DC-F208176799D1}.AppStore|Any CPU.Build.0 = Debug|Any CPU
		{5B9F23A7-E4B7-4FB7-B7DC-F208176799D1}.AppStore|ARM.ActiveCfg = Debug|Any CPU
		{5B9F23A7-E4B7-4FB7-B7DC-F208176799D1}.AppStore|ARM.Build.0 = Debug|Any CPU
		{5B9F23A7-E4B7-4FB7-B7DC-F208176799D1}.AppStore|iPhone.ActiveCfg = Debug|Any CPU
		{5B9F23A7-E4B7-4FB7-B7DC-F208176799D1}.AppStore|iPhone.Build.0 = Debug|Any CPU
		{5B9F23A7-E4B7-4FB7-B7DC-F208176799D1}.AppStore|iPhoneSimulator.ActiveCfg = Debug|Any CPU
		{5B9F23A7-E4B7-4FB7-B7DC-F208176799D1}.AppStore|iPhoneSimulator.Build.0 = Debug|Any CPU
		{5B9F23A7-E4B7-4FB7-B7DC-F208176799D1}.AppStore|x64.ActiveCfg = Debug|Any CPU
		{5B9F23A7-E4B7-4FB7-B7DC-F208176799D1}.AppStore|x64.Build.0 = Debug|Any CPU
		{5B9F23A7-E4B7-4FB7-B7DC-F208176799D1}.AppStore|x86.ActiveCfg = Debug|Any CPU
		{5B9F23A7-E4B7-4FB7-B7DC-F208176799D1}.AppStore|x86.Build.0 = Debug|Any CPU
		{5B9F23A7-E4B7-4FB7-B7DC-F208176799D1}.Debug|Any CPU.ActiveCfg = Debug|Any CPU
		{5B9F23A7-E4B7-4FB7-B7DC-F208176799D1}.Debug|Any CPU.Build.0 = Debug|Any CPU
		{5B9F23A7-E4B7-4FB7-B7DC-F208176799D1}.Debug|ARM.ActiveCfg = Debug|Any CPU
		{5B9F23A7-E4B7-4FB7-B7DC-F208176799D1}.Debug|ARM.Build.0 = Debug|Any CPU
		{5B9F23A7-E4B7-4FB7-B7DC-F208176799D1}.Debug|iPhone.ActiveCfg = Debug|Any CPU
		{5B9F23A7-E4B7-4FB7-B7DC-F208176799D1}.Debug|iPhone.Build.0 = Debug|Any CPU
		{5B9F23A7-E4B7-4FB7-B7DC-F208176799D1}.Debug|iPhoneSimulator.ActiveCfg = Debug|Any CPU
		{5B9F23A7-E4B7-4FB7-B7DC-F208176799D1}.Debug|iPhoneSimulator.Build.0 = Debug|Any CPU
		{5B9F23A7-E4B7-4FB7-B7DC-F208176799D1}.Debug|x64.ActiveCfg = Debug|Any CPU
		{5B9F23A7-E4B7-4FB7-B7DC-F208176799D1}.Debug|x64.Build.0 = Debug|Any CPU
		{5B9F23A7-E4B7-4FB7-B7DC-F208176799D1}.Debug|x86.ActiveCfg = Debug|Any CPU
		{5B9F23A7-E4B7-4FB7-B7DC-F208176799D1}.Debug|x86.Build.0 = Debug|Any CPU
		{5B9F23A7-E4B7-4FB7-B7DC-F208176799D1}.Release|Any CPU.ActiveCfg = Release|Any CPU
		{5B9F23A7-E4B7-4FB7-B7DC-F208176799D1}.Release|Any CPU.Build.0 = Release|Any CPU
		{5B9F23A7-E4B7-4FB7-B7DC-F208176799D1}.Release|ARM.ActiveCfg = Release|Any CPU
		{5B9F23A7-E4B7-4FB7-B7DC-F208176799D1}.Release|ARM.Build.0 = Release|Any CPU
		{5B9F23A7-E4B7-4FB7-B7DC-F208176799D1}.Release|iPhone.ActiveCfg = Release|Any CPU
		{5B9F23A7-E4B7-4FB7-B7DC-F208176799D1}.Release|iPhone.Build.0 = Release|Any CPU
		{5B9F23A7-E4B7-4FB7-B7DC-F208176799D1}.Release|iPhoneSimulator.ActiveCfg = Release|Any CPU
		{5B9F23A7-E4B7-4FB7-B7DC-F208176799D1}.Release|iPhoneSimulator.Build.0 = Release|Any CPU
		{5B9F23A7-E4B7-4FB7-B7DC-F208176799D1}.Release|x64.ActiveCfg = Release|Any CPU
		{5B9F23A7-E4B7-4FB7-B7DC-F208176799D1}.Release|x64.Build.0 = Release|Any CPU
		{5B9F23A7-E4B7-4FB7-B7DC-F208176799D1}.Release|x86.ActiveCfg = Release|Any CPU
		{5B9F23A7-E4B7-4FB7-B7DC-F208176799D1}.Release|x86.Build.0 = Release|Any CPU
	EndGlobalSection
	GlobalSection(SolutionProperties) = preSolution
		HideSolutionNode = FALSE
	EndGlobalSection
	GlobalSection(NestedProjects) = preSolution
		{59F6811C-4F4F-4EFD-B46D-F1434830200C} = {F4F201D8-5C51-4060-8D16-D4515DB497F8}
		{4AC8498B-95D0-45AD-96E9-EB4388FA7582} = {2C45E37C-F5A4-4A65-A3C9-BC03AAE66527}
		{A47E458A-DF25-4FAC-9B80-5AA2B1870F22} = {F4F201D8-5C51-4060-8D16-D4515DB497F8}
		{E5110B30-EEBA-4514-9E55-EB0C2F00BA12} = {F4F201D8-5C51-4060-8D16-D4515DB497F8}
		{A800695B-C5D8-4331-A80F-CE1CE8D842B3} = {F4F201D8-5C51-4060-8D16-D4515DB497F8}
		{004EB46A-7001-4158-BEA4-40C21F863BBF} = {F4F201D8-5C51-4060-8D16-D4515DB497F8}
		{5DB6D1AB-3252-4833-B97F-1194502F01BF} = {2C45E37C-F5A4-4A65-A3C9-BC03AAE66527}
	EndGlobalSection
	GlobalSection(ExtensibilityGlobals) = postSolution
		SolutionGuid = {12B26EAA-80AA-4E1B-8C76-A4747C72C804}
	EndGlobalSection
EndGlobal
