
Microsoft Visual Studio Solution File, Format Version 12.00
# Visual Studio 15
VisualStudioVersion = 15.0.26127.3
MinimumVisualStudioVersion = 10.0.40219.1
Project("{FAE04EC0-301F-11D3-BF4B-00C04F79EFBC}") = "Auth0.OidcClient.WinForms", "src\Auth0.OidcClient.WinForms\Auth0.OidcClient.WinForms.csproj", "{C6C57B31-81B4-45FF-88E9-429E37F10839}"
EndProject
Project("{D954291E-2A0B-460D-934E-DC6B0785DB48}") = "Auth0.OidcClient.Shared", "src\Auth0.OidcClient.Shared\Auth0.OidcClient.Shared.shproj", "{5D8121D2-4ED5-41B9-8B89-8A5CA8E851BA}"
EndProject
Project("{2150E333-8FDC-42A3-9474-1A3956D46DE8}") = "test", "test", "{F4F201D8-5C51-4060-8D16-D4515DB497F8}"
EndProject
Project("{FAE04EC0-301F-11D3-BF4B-00C04F79EFBC}") = "WindowsFormsTestApp", "test\WindowsFormsTestApp\WindowsFormsTestApp.csproj", "{A10B642C-5313-496E-BA1E-9CC126C2184E}"
EndProject
Global
	GlobalSection(SharedMSBuildProjectFiles) = preSolution
		src\Auth0.OidcClient.Shared\Auth0.OidcClient.Shared.projitems*{5d8121d2-4ed5-41b9-8b89-8a5ca8e851ba}*SharedItemsImports = 13
		src\Auth0.OidcClient.Shared\Auth0.OidcClient.Shared.projitems*{c6c57b31-81b4-45ff-88e9-429e37f10839}*SharedItemsImports = 4
	EndGlobalSection
	GlobalSection(SolutionConfigurationPlatforms) = preSolution
		Debug|Any CPU = Debug|Any CPU
		Debug|x64 = Debug|x64
		Debug|x86 = Debug|x86
		Release|Any CPU = Release|Any CPU
		Release|x64 = Release|x64
		Release|x86 = Release|x86
	EndGlobalSection
	GlobalSection(ProjectConfigurationPlatforms) = postSolution
		{C6C57B31-81B4-45FF-88E9-429E37F10839}.Debug|Any CPU.ActiveCfg = Debug|Any CPU
		{C6C57B31-81B4-45FF-88E9-429E37F10839}.Debug|Any CPU.Build.0 = Debug|Any CPU
		{C6C57B31-81B4-45FF-88E9-429E37F10839}.Debug|x64.ActiveCfg = Debug|Any CPU
		{C6C57B31-81B4-45FF-88E9-429E37F10839}.Debug|x64.Build.0 = Debug|Any CPU
		{C6C57B31-81B4-45FF-88E9-429E37F10839}.Debug|x86.ActiveCfg = Debug|Any CPU
		{C6C57B31-81B4-45FF-88E9-429E37F10839}.Debug|x86.Build.0 = Debug|Any CPU
		{C6C57B31-81B4-45FF-88E9-429E37F10839}.Release|Any CPU.ActiveCfg = Release|Any CPU
		{C6C57B31-81B4-45FF-88E9-429E37F10839}.Release|Any CPU.Build.0 = Release|Any CPU
		{C6C57B31-81B4-45FF-88E9-429E37F10839}.Release|x64.ActiveCfg = Release|Any CPU
		{C6C57B31-81B4-45FF-88E9-429E37F10839}.Release|x64.Build.0 = Release|Any CPU
		{C6C57B31-81B4-45FF-88E9-429E37F10839}.Release|x86.ActiveCfg = Release|Any CPU
		{C6C57B31-81B4-45FF-88E9-429E37F10839}.Release|x86.Build.0 = Release|Any CPU
		{A10B642C-5313-496E-BA1E-9CC126C2184E}.Debug|Any CPU.ActiveCfg = Debug|Any CPU
		{A10B642C-5313-496E-BA1E-9CC126C2184E}.Debug|Any CPU.Build.0 = Debug|Any CPU
		{A10B642C-5313-496E-BA1E-9CC126C2184E}.Debug|x64.ActiveCfg = Debug|Any CPU
		{A10B642C-5313-496E-BA1E-9CC126C2184E}.Debug|x64.Build.0 = Debug|Any CPU
		{A10B642C-5313-496E-BA1E-9CC126C2184E}.Debug|x86.ActiveCfg = Debug|Any CPU
		{A10B642C-5313-496E-BA1E-9CC126C2184E}.Debug|x86.Build.0 = Debug|Any CPU
		{A10B642C-5313-496E-BA1E-9CC126C2184E}.Release|Any CPU.ActiveCfg = Release|Any CPU
		{A10B642C-5313-496E-BA1E-9CC126C2184E}.Release|Any CPU.Build.0 = Release|Any CPU
		{A10B642C-5313-496E-BA1E-9CC126C2184E}.Release|x64.ActiveCfg = Release|Any CPU
		{A10B642C-5313-496E-BA1E-9CC126C2184E}.Release|x64.Build.0 = Release|Any CPU
		{A10B642C-5313-496E-BA1E-9CC126C2184E}.Release|x86.ActiveCfg = Release|Any CPU
		{A10B642C-5313-496E-BA1E-9CC126C2184E}.Release|x86.Build.0 = Release|Any CPU
	EndGlobalSection
	GlobalSection(SolutionProperties) = preSolution
		HideSolutionNode = FALSE
	EndGlobalSection
	GlobalSection(NestedProjects) = preSolution
		{A10B642C-5313-496E-BA1E-9CC126C2184E} = {F4F201D8-5C51-4060-8D16-D4515DB497F8}
	EndGlobalSection
EndGlobal
